// !$*UTF8*$!
{
	archiveVersion = 1;
	classes = {
	};
	objectVersion = 46;
	objects = {

/* Begin PBXBuildFile section */
		9F067AC3178402160063A289 /* BobRootViewController.m in Sources */ = {isa = PBXBuildFile; fileRef = 9F067AC1178402160063A289 /* BobRootViewController.m */; };
		9F067AC4178402160063A289 /* BobRootViewController.xib in Resources */ = {isa = PBXBuildFile; fileRef = 9F067AC2178402160063A289 /* BobRootViewController.xib */; };
		9F067AC8178403C30063A289 /* BobFolderDetailViewController.m in Sources */ = {isa = PBXBuildFile; fileRef = 9F067AC6178403C30063A289 /* BobFolderDetailViewController.m */; };
		9F067AC9178403C30063A289 /* BobFolderDetailViewController.xib in Resources */ = {isa = PBXBuildFile; fileRef = 9F067AC7178403C30063A289 /* BobFolderDetailViewController.xib */; };
		9F067B21178406FD0063A289 /* add_tag.png in Resources */ = {isa = PBXBuildFile; fileRef = 9F067ACB178406FD0063A289 /* add_tag.png */; };
		9F067B22178406FD0063A289 /* arrow_icon.png in Resources */ = {isa = PBXBuildFile; fileRef = 9F067ACC178406FD0063A289 /* arrow_icon.png */; };
		9F067B23178406FD0063A289 /* arrow_with_circle.png in Resources */ = {isa = PBXBuildFile; fileRef = 9F067ACD178406FD0063A289 /* arrow_with_circle.png */; };
		9F067B24178406FD0063A289 /* audio_on_icon.png in Resources */ = {isa = PBXBuildFile; fileRef = 9F067ACE178406FD0063A289 /* audio_on_icon.png */; };
		9F067B25178406FD0063A289 /* audioplaylist_icon.png in Resources */ = {isa = PBXBuildFile; fileRef = 9F067ACF178406FD0063A289 /* audioplaylist_icon.png */; };
		9F067B26178406FD0063A289 /* bckgd.png in Resources */ = {isa = PBXBuildFile; fileRef = 9F067AD0178406FD0063A289 /* bckgd.png */; };
		9F067B27178406FD0063A289 /* blueplayer.png in Resources */ = {isa = PBXBuildFile; fileRef = 9F067AD1178406FD0063A289 /* blueplayer.png */; };
		9F067B28178406FD0063A289 /* camera_btn.png in Resources */ = {isa = PBXBuildFile; fileRef = 9F067AD2178406FD0063A289 /* camera_btn.png */; };
		9F067B29178406FD0063A289 /* camera_btn_background.png in Resources */ = {isa = PBXBuildFile; fileRef = 9F067AD3178406FD0063A289 /* camera_btn_background.png */; };
		9F067B2A178406FD0063A289 /* camera_settings_btnbckgd.png in Resources */ = {isa = PBXBuildFile; fileRef = 9F067AD4178406FD0063A289 /* camera_settings_btnbckgd.png */; };
		9F067B2B178406FD0063A289 /* cancel_btn.png in Resources */ = {isa = PBXBuildFile; fileRef = 9F067AD5178406FD0063A289 /* cancel_btn.png */; };
		9F067B2C178406FD0063A289 /* cancel_btn_bckgd.png in Resources */ = {isa = PBXBuildFile; fileRef = 9F067AD6178406FD0063A289 /* cancel_btn_bckgd.png */; };
		9F067B2D178406FD0063A289 /* clean_icon.png in Resources */ = {isa = PBXBuildFile; fileRef = 9F067AD7178406FD0063A289 /* clean_icon.png */; };
		9F067B2E178406FD0063A289 /* clip_background.png in Resources */ = {isa = PBXBuildFile; fileRef = 9F067AD8178406FD0063A289 /* clip_background.png */; };
		9F067B2F178406FD0063A289 /* clip_sepector.png in Resources */ = {isa = PBXBuildFile; fileRef = 9F067AD9178406FD0063A289 /* clip_sepector.png */; };
		9F067B30178406FD0063A289 /* dark_bckgd.png in Resources */ = {isa = PBXBuildFile; fileRef = 9F067ADA178406FD0063A289 /* dark_bckgd.png */; };
		9F067B31178406FD0063A289 /* dashboard_cell_bckgd.png in Resources */ = {isa = PBXBuildFile; fileRef = 9F067ADB178406FD0063A289 /* dashboard_cell_bckgd.png */; };
		9F067B32178406FD0063A289 /* dashboard_gray_bckgd.png in Resources */ = {isa = PBXBuildFile; fileRef = 9F067ADC178406FD0063A289 /* dashboard_gray_bckgd.png */; };
		9F067B33178406FD0063A289 /* Default-568h@2x.png in Resources */ = {isa = PBXBuildFile; fileRef = 9F067ADD178406FD0063A289 /* Default-568h@2x.png */; };
		9F067B34178406FD0063A289 /* Default.png in Resources */ = {isa = PBXBuildFile; fileRef = 9F067ADE178406FD0063A289 /* Default.png */; };
		9F067B35178406FD0063A289 /* Default@2x.png in Resources */ = {isa = PBXBuildFile; fileRef = 9F067ADF178406FD0063A289 /* Default@2x.png */; };
		9F067B36178406FD0063A289 /* delete_icon.png in Resources */ = {isa = PBXBuildFile; fileRef = 9F067AE0178406FD0063A289 /* delete_icon.png */; };
		9F067B37178406FD0063A289 /* edit_btn.png in Resources */ = {isa = PBXBuildFile; fileRef = 9F067AE1178406FD0063A289 /* edit_btn.png */; };
		9F067B38178406FD0063A289 /* folder_background.png in Resources */ = {isa = PBXBuildFile; fileRef = 9F067AE2178406FD0063A289 /* folder_background.png */; };
		9F067B39178406FD0063A289 /* folder_icon.png in Resources */ = {isa = PBXBuildFile; fileRef = 9F067AE3178406FD0063A289 /* folder_icon.png */; };
		9F067B3A178406FD0063A289 /* forward_btn.png in Resources */ = {isa = PBXBuildFile; fileRef = 9F067AE4178406FD0063A289 /* forward_btn.png */; };
		9F067B3B178406FD0063A289 /* green_light.png in Resources */ = {isa = PBXBuildFile; fileRef = 9F067AE5178406FD0063A289 /* green_light.png */; };
		9F067B3C178406FD0063A289 /* green_play_btn.png in Resources */ = {isa = PBXBuildFile; fileRef = 9F067AE6178406FD0063A289 /* green_play_btn.png */; };
		9F067B3D178406FD0063A289 /* ligne.png in Resources */ = {isa = PBXBuildFile; fileRef = 9F067AE7178406FD0063A289 /* ligne.png */; };
		9F067B3E178406FD0063A289 /* list_btn.png in Resources */ = {isa = PBXBuildFile; fileRef = 9F067AE8178406FD0063A289 /* list_btn.png */; };
		9F067B3F178406FD0063A289 /* loupe_icon.png in Resources */ = {isa = PBXBuildFile; fileRef = 9F067AE9178406FD0063A289 /* loupe_icon.png */; };
		9F067B40178406FD0063A289 /* navigation_bar_background.png in Resources */ = {isa = PBXBuildFile; fileRef = 9F067AEA178406FD0063A289 /* navigation_bar_background.png */; };
		9F067B41178406FD0063A289 /* number_bckgd.png in Resources */ = {isa = PBXBuildFile; fileRef = 9F067AEB178406FD0063A289 /* number_bckgd.png */; };
		9F067B42178406FD0063A289 /* pause_btn.png in Resources */ = {isa = PBXBuildFile; fileRef = 9F067AEC178406FD0063A289 /* pause_btn.png */; };
		9F067B43178406FD0063A289 /* pause_btn_background.png in Resources */ = {isa = PBXBuildFile; fileRef = 9F067AED178406FD0063A289 /* pause_btn_background.png */; };
		9F067B44178406FD0063A289 /* pause_btn_background2.png in Resources */ = {isa = PBXBuildFile; fileRef = 9F067AEE178406FD0063A289 /* pause_btn_background2.png */; };
		9F067B45178406FD0063A289 /* picture_cirle_counter.png in Resources */ = {isa = PBXBuildFile; fileRef = 9F067AEF178406FD0063A289 /* picture_cirle_counter.png */; };
		9F067B46178406FD0063A289 /* play_btn_bckgd.png in Resources */ = {isa = PBXBuildFile; fileRef = 9F067AF0178406FD0063A289 /* play_btn_bckgd.png */; };
		9F067B47178406FD0063A289 /* playlist_roundicon.png in Resources */ = {isa = PBXBuildFile; fileRef = 9F067AF1178406FD0063A289 /* playlist_roundicon.png */; };
		9F067B48178406FD0063A289 /* plus_btn.png in Resources */ = {isa = PBXBuildFile; fileRef = 9F067AF2178406FD0063A289 /* plus_btn.png */; };
		9F067B49178406FD0063A289 /* progressbar_bluebar.png in Resources */ = {isa = PBXBuildFile; fileRef = 9F067AF3178406FD0063A289 /* progressbar_bluebar.png */; };
		9F067B4A178406FD0063A289 /* progressbar_btn.png in Resources */ = {isa = PBXBuildFile; fileRef = 9F067AF4178406FD0063A289 /* progressbar_btn.png */; };
		9F067B4B178406FD0063A289 /* progressbar_graybar.png in Resources */ = {isa = PBXBuildFile; fileRef = 9F067AF5178406FD0063A289 /* progressbar_graybar.png */; };
		9F067B4C178406FD0063A289 /* recording_background.png in Resources */ = {isa = PBXBuildFile; fileRef = 9F067AF6178406FD0063A289 /* recording_background.png */; };
		9F067B4D178406FD0063A289 /* recording_btn.png in Resources */ = {isa = PBXBuildFile; fileRef = 9F067AF7178406FD0063A289 /* recording_btn.png */; };
		9F067B4E178406FD0063A289 /* recording_btn_background.png in Resources */ = {isa = PBXBuildFile; fileRef = 9F067AF8178406FD0063A289 /* recording_btn_background.png */; };
		9F067B4F178406FD0063A289 /* recording_icon.png in Resources */ = {isa = PBXBuildFile; fileRef = 9F067AF9178406FD0063A289 /* recording_icon.png */; };
		9F067B50178406FD0063A289 /* recording_mark.png in Resources */ = {isa = PBXBuildFile; fileRef = 9F067AFA178406FD0063A289 /* recording_mark.png */; };
		9F067B51178406FD0063A289 /* red_light.png in Resources */ = {isa = PBXBuildFile; fileRef = 9F067AFB178406FD0063A289 /* red_light.png */; };
		9F067B52178406FD0063A289 /* refresh_icon.png in Resources */ = {isa = PBXBuildFile; fileRef = 9F067AFC178406FD0063A289 /* refresh_icon.png */; };
		9F067B53178406FD0063A289 /* rewind_btn.png in Resources */ = {isa = PBXBuildFile; fileRef = 9F067AFD178406FD0063A289 /* rewind_btn.png */; };
		9F067B54178406FD0063A289 /* settings_icon.png in Resources */ = {isa = PBXBuildFile; fileRef = 9F067AFE178406FD0063A289 /* settings_icon.png */; };
		9F067B55178406FD0063A289 /* slideshow_bckgd.png in Resources */ = {isa = PBXBuildFile; fileRef = 9F067AFF178406FD0063A289 /* slideshow_bckgd.png */; };
		9F067B56178406FD0063A289 /* sound_icon.png in Resources */ = {isa = PBXBuildFile; fileRef = 9F067B00178406FD0063A289 /* sound_icon.png */; };
		9F067B57178406FD0063A289 /* spectrum_bckgd.png in Resources */ = {isa = PBXBuildFile; fileRef = 9F067B01178406FD0063A289 /* spectrum_bckgd.png */; };
		9F067B58178406FD0063A289 /* stop_btn.png in Resources */ = {isa = PBXBuildFile; fileRef = 9F067B02178406FD0063A289 /* stop_btn.png */; };
		9F067B59178406FD0063A289 /* stop_btn_background.png in Resources */ = {isa = PBXBuildFile; fileRef = 9F067B03178406FD0063A289 /* stop_btn_background.png */; };
		9F067B5A178406FD0063A289 /* tag_bckgd.png in Resources */ = {isa = PBXBuildFile; fileRef = 9F067B04178406FD0063A289 /* tag_bckgd.png */; };
		9F067B5B178406FD0063A289 /* tag_box.png in Resources */ = {isa = PBXBuildFile; fileRef = 9F067B05178406FD0063A289 /* tag_box.png */; };
		9F067B5C178406FD0063A289 /* tag_cell_bckgd.png in Resources */ = {isa = PBXBuildFile; fileRef = 9F067B06178406FD0063A289 /* tag_cell_bckgd.png */; };
		9F067B5D178406FD0063A289 /* tag_edit_bckgd.png in Resources */ = {isa = PBXBuildFile; fileRef = 9F067B07178406FD0063A289 /* tag_edit_bckgd.png */; };
		9F067B5E178406FD0063A289 /* tag_icon.png in Resources */ = {isa = PBXBuildFile; fileRef = 9F067B08178406FD0063A289 /* tag_icon.png */; };
		9F067B5F178406FD0063A289 /* thumb_bckgd.png in Resources */ = {isa = PBXBuildFile; fileRef = 9F067B09178406FD0063A289 /* thumb_bckgd.png */; };
		9F067B60178406FD0063A289 /* thumbnail_background.png in Resources */ = {isa = PBXBuildFile; fileRef = 9F067B0A178406FD0063A289 /* thumbnail_background.png */; };
		9F067B61178406FD0063A289 /* thumbnail_bckgd.png in Resources */ = {isa = PBXBuildFile; fileRef = 9F067B0B178406FD0063A289 /* thumbnail_bckgd.png */; };
		9F067B62178406FD0063A289 /* thumbnail_linearbckgd.png in Resources */ = {isa = PBXBuildFile; fileRef = 9F067B0C178406FD0063A289 /* thumbnail_linearbckgd.png */; };
		9F067B63178406FD0063A289 /* toolset_background.png in Resources */ = {isa = PBXBuildFile; fileRef = 9F067B0D178406FD0063A289 /* toolset_background.png */; };
		9F067B64178406FD0063A289 /* toolset_folder.png in Resources */ = {isa = PBXBuildFile; fileRef = 9F067B0E178406FD0063A289 /* toolset_folder.png */; };
		9F067B65178406FD0063A289 /* toolset_note.png in Resources */ = {isa = PBXBuildFile; fileRef = 9F067B0F178406FD0063A289 /* toolset_note.png */; };
		9F067B66178406FD0063A289 /* toolset_picture.png in Resources */ = {isa = PBXBuildFile; fileRef = 9F067B10178406FD0063A289 /* toolset_picture.png */; };
		9F067B67178406FD0063A289 /* toolset_settings.png in Resources */ = {isa = PBXBuildFile; fileRef = 9F067B11178406FD0063A289 /* toolset_settings.png */; };
		9F067B68178406FD0063A289 /* toolset_share.png in Resources */ = {isa = PBXBuildFile; fileRef = 9F067B12178406FD0063A289 /* toolset_share.png */; };
		9F067B69178406FD0063A289 /* toolset_slideshow.png in Resources */ = {isa = PBXBuildFile; fileRef = 9F067B13178406FD0063A289 /* toolset_slideshow.png */; };
		9F067B6A178406FD0063A289 /* toolset_tag.png in Resources */ = {isa = PBXBuildFile; fileRef = 9F067B14178406FD0063A289 /* toolset_tag.png */; };
		9F067B6B178406FD0063A289 /* toolset_tag_medium.png in Resources */ = {isa = PBXBuildFile; fileRef = 9F067B15178406FD0063A289 /* toolset_tag_medium.png */; };
		9F067B6C178406FD0063A289 /* toolset_trim.png in Resources */ = {isa = PBXBuildFile; fileRef = 9F067B16178406FD0063A289 /* toolset_trim.png */; };
		9F067B6D178406FD0063A289 /* Trim.png in Resources */ = {isa = PBXBuildFile; fileRef = 9F067B17178406FD0063A289 /* Trim.png */; };
		9F067B6E178406FD0063A289 /* Trim_btn_bckgd.png in Resources */ = {isa = PBXBuildFile; fileRef = 9F067B18178406FD0063A289 /* Trim_btn_bckgd.png */; };
		9F067B6F178406FD0063A289 /* trim_drag_left.png in Resources */ = {isa = PBXBuildFile; fileRef = 9F067B19178406FD0063A289 /* trim_drag_left.png */; };
		9F067B70178406FD0063A289 /* trim_drag_right.png in Resources */ = {isa = PBXBuildFile; fileRef = 9F067B1A178406FD0063A289 /* trim_drag_right.png */; };
		9F067B71178406FD0063A289 /* Trim_orange_btn.png in Resources */ = {isa = PBXBuildFile; fileRef = 9F067B1B178406FD0063A289 /* Trim_orange_btn.png */; };
		9F067B72178406FD0063A289 /* voice_main_ctl_background.png in Resources */ = {isa = PBXBuildFile; fileRef = 9F067B1C178406FD0063A289 /* voice_main_ctl_background.png */; };
		9F067B73178406FD0063A289 /* white_arrow.png in Resources */ = {isa = PBXBuildFile; fileRef = 9F067B1D178406FD0063A289 /* white_arrow.png */; };
		9F067B74178406FD0063A289 /* whitearrow_bckg_icon.png in Resources */ = {isa = PBXBuildFile; fileRef = 9F067B1E178406FD0063A289 /* whitearrow_bckg_icon.png */; };
		9F067B75178406FD0063A289 /* whitearrow_icon.png in Resources */ = {isa = PBXBuildFile; fileRef = 9F067B1F178406FD0063A289 /* whitearrow_icon.png */; };
		9F067B76178406FD0063A289 /* yellow_light.png in Resources */ = {isa = PBXBuildFile; fileRef = 9F067B20178406FD0063A289 /* yellow_light.png */; };
		9F1ECF7D1783F67700801CB5 /* UIKit.framework in Frameworks */ = {isa = PBXBuildFile; fileRef = 9F1ECF7C1783F67700801CB5 /* UIKit.framework */; };
		9F1ECF7F1783F67700801CB5 /* Foundation.framework in Frameworks */ = {isa = PBXBuildFile; fileRef = 9F1ECF7E1783F67700801CB5 /* Foundation.framework */; };
		9F1ECF811783F67700801CB5 /* CoreGraphics.framework in Frameworks */ = {isa = PBXBuildFile; fileRef = 9F1ECF801783F67700801CB5 /* CoreGraphics.framework */; };
		9F1ECF871783F67700801CB5 /* InfoPlist.strings in Resources */ = {isa = PBXBuildFile; fileRef = 9F1ECF851783F67700801CB5 /* InfoPlist.strings */; };
		9F1ECF891783F67700801CB5 /* main.m in Sources */ = {isa = PBXBuildFile; fileRef = 9F1ECF881783F67700801CB5 /* main.m */; };
		9F1ECF8D1783F67700801CB5 /* BobAppDelegate.m in Sources */ = {isa = PBXBuildFile; fileRef = 9F1ECF8C1783F67700801CB5 /* BobAppDelegate.m */; };
		9F1ECF8F1783F67700801CB5 /* Default.png in Resources */ = {isa = PBXBuildFile; fileRef = 9F1ECF8E1783F67700801CB5 /* Default.png */; };
		9F1ECF911783F67700801CB5 /* Default@2x.png in Resources */ = {isa = PBXBuildFile; fileRef = 9F1ECF901783F67700801CB5 /* Default@2x.png */; };
		9F1ECF931783F67700801CB5 /* Default-568h@2x.png in Resources */ = {isa = PBXBuildFile; fileRef = 9F1ECF921783F67700801CB5 /* Default-568h@2x.png */; };
		9F1ECF9A1783F86700801CB5 /* MainWindow.xib in Resources */ = {isa = PBXBuildFile; fileRef = 9F1ECF991783F86700801CB5 /* MainWindow.xib */; };
/* End PBXBuildFile section */

/* Begin PBXFileReference section */
		9F067AC0178402150063A289 /* BobRootViewController.h */ = {isa = PBXFileReference; fileEncoding = 4; lastKnownFileType = sourcecode.c.h; path = BobRootViewController.h; sourceTree = "<group>"; };
		9F067AC1178402160063A289 /* BobRootViewController.m */ = {isa = PBXFileReference; fileEncoding = 4; lastKnownFileType = sourcecode.c.objc; path = BobRootViewController.m; sourceTree = "<group>"; };
		9F067AC2178402160063A289 /* BobRootViewController.xib */ = {isa = PBXFileReference; fileEncoding = 4; lastKnownFileType = file.xib; path = BobRootViewController.xib; sourceTree = "<group>"; };
		9F067AC5178403C30063A289 /* BobFolderDetailViewController.h */ = {isa = PBXFileReference; fileEncoding = 4; lastKnownFileType = sourcecode.c.h; path = BobFolderDetailViewController.h; sourceTree = "<group>"; };
		9F067AC6178403C30063A289 /* BobFolderDetailViewController.m */ = {isa = PBXFileReference; fileEncoding = 4; lastKnownFileType = sourcecode.c.objc; path = BobFolderDetailViewController.m; sourceTree = "<group>"; };
		9F067AC7178403C30063A289 /* BobFolderDetailViewController.xib */ = {isa = PBXFileReference; fileEncoding = 4; lastKnownFileType = file.xib; path = BobFolderDetailViewController.xib; sourceTree = "<group>"; };
		9F067ACB178406FD0063A289 /* add_tag.png */ = {isa = PBXFileReference; lastKnownFileType = image.png; path = add_tag.png; sourceTree = "<group>"; };
		9F067ACC178406FD0063A289 /* arrow_icon.png */ = {isa = PBXFileReference; lastKnownFileType = image.png; path = arrow_icon.png; sourceTree = "<group>"; };
		9F067ACD178406FD0063A289 /* arrow_with_circle.png */ = {isa = PBXFileReference; lastKnownFileType = image.png; path = arrow_with_circle.png; sourceTree = "<group>"; };
		9F067ACE178406FD0063A289 /* audio_on_icon.png */ = {isa = PBXFileReference; lastKnownFileType = image.png; path = audio_on_icon.png; sourceTree = "<group>"; };
		9F067ACF178406FD0063A289 /* audioplaylist_icon.png */ = {isa = PBXFileReference; lastKnownFileType = image.png; path = audioplaylist_icon.png; sourceTree = "<group>"; };
		9F067AD0178406FD0063A289 /* bckgd.png */ = {isa = PBXFileReference; lastKnownFileType = image.png; path = bckgd.png; sourceTree = "<group>"; };
		9F067AD1178406FD0063A289 /* blueplayer.png */ = {isa = PBXFileReference; lastKnownFileType = image.png; path = blueplayer.png; sourceTree = "<group>"; };
		9F067AD2178406FD0063A289 /* camera_btn.png */ = {isa = PBXFileReference; lastKnownFileType = image.png; path = camera_btn.png; sourceTree = "<group>"; };
		9F067AD3178406FD0063A289 /* camera_btn_background.png */ = {isa = PBXFileReference; lastKnownFileType = image.png; path = camera_btn_background.png; sourceTree = "<group>"; };
		9F067AD4178406FD0063A289 /* camera_settings_btnbckgd.png */ = {isa = PBXFileReference; lastKnownFileType = image.png; path = camera_settings_btnbckgd.png; sourceTree = "<group>"; };
		9F067AD5178406FD0063A289 /* cancel_btn.png */ = {isa = PBXFileReference; lastKnownFileType = image.png; path = cancel_btn.png; sourceTree = "<group>"; };
		9F067AD6178406FD0063A289 /* cancel_btn_bckgd.png */ = {isa = PBXFileReference; lastKnownFileType = image.png; path = cancel_btn_bckgd.png; sourceTree = "<group>"; };
		9F067AD7178406FD0063A289 /* clean_icon.png */ = {isa = PBXFileReference; lastKnownFileType = image.png; path = clean_icon.png; sourceTree = "<group>"; };
		9F067AD8178406FD0063A289 /* clip_background.png */ = {isa = PBXFileReference; lastKnownFileType = image.png; path = clip_background.png; sourceTree = "<group>"; };
		9F067AD9178406FD0063A289 /* clip_sepector.png */ = {isa = PBXFileReference; lastKnownFileType = image.png; path = clip_sepector.png; sourceTree = "<group>"; };
		9F067ADA178406FD0063A289 /* dark_bckgd.png */ = {isa = PBXFileReference; lastKnownFileType = image.png; path = dark_bckgd.png; sourceTree = "<group>"; };
		9F067ADB178406FD0063A289 /* dashboard_cell_bckgd.png */ = {isa = PBXFileReference; lastKnownFileType = image.png; path = dashboard_cell_bckgd.png; sourceTree = "<group>"; };
		9F067ADC178406FD0063A289 /* dashboard_gray_bckgd.png */ = {isa = PBXFileReference; lastKnownFileType = image.png; path = dashboard_gray_bckgd.png; sourceTree = "<group>"; };
		9F067ADD178406FD0063A289 /* Default-568h@2x.png */ = {isa = PBXFileReference; lastKnownFileType = image.png; path = "Default-568h@2x.png"; sourceTree = "<group>"; };
		9F067ADE178406FD0063A289 /* Default.png */ = {isa = PBXFileReference; lastKnownFileType = image.png; path = Default.png; sourceTree = "<group>"; };
		9F067ADF178406FD0063A289 /* Default@2x.png */ = {isa = PBXFileReference; lastKnownFileType = image.png; path = "Default@2x.png"; sourceTree = "<group>"; };
		9F067AE0178406FD0063A289 /* delete_icon.png */ = {isa = PBXFileReference; lastKnownFileType = image.png; path = delete_icon.png; sourceTree = "<group>"; };
		9F067AE1178406FD0063A289 /* edit_btn.png */ = {isa = PBXFileReference; lastKnownFileType = image.png; path = edit_btn.png; sourceTree = "<group>"; };
		9F067AE2178406FD0063A289 /* folder_background.png */ = {isa = PBXFileReference; lastKnownFileType = image.png; path = folder_background.png; sourceTree = "<group>"; };
		9F067AE3178406FD0063A289 /* folder_icon.png */ = {isa = PBXFileReference; lastKnownFileType = image.png; path = folder_icon.png; sourceTree = "<group>"; };
		9F067AE4178406FD0063A289 /* forward_btn.png */ = {isa = PBXFileReference; lastKnownFileType = image.png; path = forward_btn.png; sourceTree = "<group>"; };
		9F067AE5178406FD0063A289 /* green_light.png */ = {isa = PBXFileReference; lastKnownFileType = image.png; path = green_light.png; sourceTree = "<group>"; };
		9F067AE6178406FD0063A289 /* green_play_btn.png */ = {isa = PBXFileReference; lastKnownFileType = image.png; path = green_play_btn.png; sourceTree = "<group>"; };
		9F067AE7178406FD0063A289 /* ligne.png */ = {isa = PBXFileReference; lastKnownFileType = image.png; path = ligne.png; sourceTree = "<group>"; };
		9F067AE8178406FD0063A289 /* list_btn.png */ = {isa = PBXFileReference; lastKnownFileType = image.png; path = list_btn.png; sourceTree = "<group>"; };
		9F067AE9178406FD0063A289 /* loupe_icon.png */ = {isa = PBXFileReference; lastKnownFileType = image.png; path = loupe_icon.png; sourceTree = "<group>"; };
		9F067AEA178406FD0063A289 /* navigation_bar_background.png */ = {isa = PBXFileReference; lastKnownFileType = image.png; path = navigation_bar_background.png; sourceTree = "<group>"; };
		9F067AEB178406FD0063A289 /* number_bckgd.png */ = {isa = PBXFileReference; lastKnownFileType = image.png; path = number_bckgd.png; sourceTree = "<group>"; };
		9F067AEC178406FD0063A289 /* pause_btn.png */ = {isa = PBXFileReference; lastKnownFileType = image.png; path = pause_btn.png; sourceTree = "<group>"; };
		9F067AED178406FD0063A289 /* pause_btn_background.png */ = {isa = PBXFileReference; lastKnownFileType = image.png; path = pause_btn_background.png; sourceTree = "<group>"; };
		9F067AEE178406FD0063A289 /* pause_btn_background2.png */ = {isa = PBXFileReference; lastKnownFileType = image.png; path = pause_btn_background2.png; sourceTree = "<group>"; };
		9F067AEF178406FD0063A289 /* picture_cirle_counter.png */ = {isa = PBXFileReference; lastKnownFileType = image.png; path = picture_cirle_counter.png; sourceTree = "<group>"; };
		9F067AF0178406FD0063A289 /* play_btn_bckgd.png */ = {isa = PBXFileReference; lastKnownFileType = image.png; path = play_btn_bckgd.png; sourceTree = "<group>"; };
		9F067AF1178406FD0063A289 /* playlist_roundicon.png */ = {isa = PBXFileReference; lastKnownFileType = image.png; path = playlist_roundicon.png; sourceTree = "<group>"; };
		9F067AF2178406FD0063A289 /* plus_btn.png */ = {isa = PBXFileReference; lastKnownFileType = image.png; path = plus_btn.png; sourceTree = "<group>"; };
		9F067AF3178406FD0063A289 /* progressbar_bluebar.png */ = {isa = PBXFileReference; lastKnownFileType = image.png; path = progressbar_bluebar.png; sourceTree = "<group>"; };
		9F067AF4178406FD0063A289 /* progressbar_btn.png */ = {isa = PBXFileReference; lastKnownFileType = image.png; path = progressbar_btn.png; sourceTree = "<group>"; };
		9F067AF5178406FD0063A289 /* progressbar_graybar.png */ = {isa = PBXFileReference; lastKnownFileType = image.png; path = progressbar_graybar.png; sourceTree = "<group>"; };
		9F067AF6178406FD0063A289 /* recording_background.png */ = {isa = PBXFileReference; lastKnownFileType = image.png; path = recording_background.png; sourceTree = "<group>"; };
		9F067AF7178406FD0063A289 /* recording_btn.png */ = {isa = PBXFileReference; lastKnownFileType = image.png; path = recording_btn.png; sourceTree = "<group>"; };
		9F067AF8178406FD0063A289 /* recording_btn_background.png */ = {isa = PBXFileReference; lastKnownFileType = image.png; path = recording_btn_background.png; sourceTree = "<group>"; };
		9F067AF9178406FD0063A289 /* recording_icon.png */ = {isa = PBXFileReference; lastKnownFileType = image.png; path = recording_icon.png; sourceTree = "<group>"; };
		9F067AFA178406FD0063A289 /* recording_mark.png */ = {isa = PBXFileReference; lastKnownFileType = image.png; path = recording_mark.png; sourceTree = "<group>"; };
		9F067AFB178406FD0063A289 /* red_light.png */ = {isa = PBXFileReference; lastKnownFileType = image.png; path = red_light.png; sourceTree = "<group>"; };
		9F067AFC178406FD0063A289 /* refresh_icon.png */ = {isa = PBXFileReference; lastKnownFileType = image.png; path = refresh_icon.png; sourceTree = "<group>"; };
		9F067AFD178406FD0063A289 /* rewind_btn.png */ = {isa = PBXFileReference; lastKnownFileType = image.png; path = rewind_btn.png; sourceTree = "<group>"; };
		9F067AFE178406FD0063A289 /* settings_icon.png */ = {isa = PBXFileReference; lastKnownFileType = image.png; path = settings_icon.png; sourceTree = "<group>"; };
		9F067AFF178406FD0063A289 /* slideshow_bckgd.png */ = {isa = PBXFileReference; lastKnownFileType = image.png; path = slideshow_bckgd.png; sourceTree = "<group>"; };
		9F067B00178406FD0063A289 /* sound_icon.png */ = {isa = PBXFileReference; lastKnownFileType = image.png; path = sound_icon.png; sourceTree = "<group>"; };
		9F067B01178406FD0063A289 /* spectrum_bckgd.png */ = {isa = PBXFileReference; lastKnownFileType = image.png; path = spectrum_bckgd.png; sourceTree = "<group>"; };
		9F067B02178406FD0063A289 /* stop_btn.png */ = {isa = PBXFileReference; lastKnownFileType = image.png; path = stop_btn.png; sourceTree = "<group>"; };
		9F067B03178406FD0063A289 /* stop_btn_background.png */ = {isa = PBXFileReference; lastKnownFileType = image.png; path = stop_btn_background.png; sourceTree = "<group>"; };
		9F067B04178406FD0063A289 /* tag_bckgd.png */ = {isa = PBXFileReference; lastKnownFileType = image.png; path = tag_bckgd.png; sourceTree = "<group>"; };
		9F067B05178406FD0063A289 /* tag_box.png */ = {isa = PBXFileReference; lastKnownFileType = image.png; path = tag_box.png; sourceTree = "<group>"; };
		9F067B06178406FD0063A289 /* tag_cell_bckgd.png */ = {isa = PBXFileReference; lastKnownFileType = image.png; path = tag_cell_bckgd.png; sourceTree = "<group>"; };
		9F067B07178406FD0063A289 /* tag_edit_bckgd.png */ = {isa = PBXFileReference; lastKnownFileType = image.png; path = tag_edit_bckgd.png; sourceTree = "<group>"; };
		9F067B08178406FD0063A289 /* tag_icon.png */ = {isa = PBXFileReference; lastKnownFileType = image.png; path = tag_icon.png; sourceTree = "<group>"; };
		9F067B09178406FD0063A289 /* thumb_bckgd.png */ = {isa = PBXFileReference; lastKnownFileType = image.png; path = thumb_bckgd.png; sourceTree = "<group>"; };
		9F067B0A178406FD0063A289 /* thumbnail_background.png */ = {isa = PBXFileReference; lastKnownFileType = image.png; path = thumbnail_background.png; sourceTree = "<group>"; };
		9F067B0B178406FD0063A289 /* thumbnail_bckgd.png */ = {isa = PBXFileReference; lastKnownFileType = image.png; path = thumbnail_bckgd.png; sourceTree = "<group>"; };
		9F067B0C178406FD0063A289 /* thumbnail_linearbckgd.png */ = {isa = PBXFileReference; lastKnownFileType = image.png; path = thumbnail_linearbckgd.png; sourceTree = "<group>"; };
		9F067B0D178406FD0063A289 /* toolset_background.png */ = {isa = PBXFileReference; lastKnownFileType = image.png; path = toolset_background.png; sourceTree = "<group>"; };
		9F067B0E178406FD0063A289 /* toolset_folder.png */ = {isa = PBXFileReference; lastKnownFileType = image.png; path = toolset_folder.png; sourceTree = "<group>"; };
		9F067B0F178406FD0063A289 /* toolset_note.png */ = {isa = PBXFileReference; lastKnownFileType = image.png; path = toolset_note.png; sourceTree = "<group>"; };
		9F067B10178406FD0063A289 /* toolset_picture.png */ = {isa = PBXFileReference; lastKnownFileType = image.png; path = toolset_picture.png; sourceTree = "<group>"; };
		9F067B11178406FD0063A289 /* toolset_settings.png */ = {isa = PBXFileReference; lastKnownFileType = image.png; path = toolset_settings.png; sourceTree = "<group>"; };
		9F067B12178406FD0063A289 /* toolset_share.png */ = {isa = PBXFileReference; lastKnownFileType = image.png; path = toolset_share.png; sourceTree = "<group>"; };
		9F067B13178406FD0063A289 /* toolset_slideshow.png */ = {isa = PBXFileReference; lastKnownFileType = image.png; path = toolset_slideshow.png; sourceTree = "<group>"; };
		9F067B14178406FD0063A289 /* toolset_tag.png */ = {isa = PBXFileReference; lastKnownFileType = image.png; path = toolset_tag.png; sourceTree = "<group>"; };
		9F067B15178406FD0063A289 /* toolset_tag_medium.png */ = {isa = PBXFileReference; lastKnownFileType = image.png; path = toolset_tag_medium.png; sourceTree = "<group>"; };
		9F067B16178406FD0063A289 /* toolset_trim.png */ = {isa = PBXFileReference; lastKnownFileType = image.png; path = toolset_trim.png; sourceTree = "<group>"; };
		9F067B17178406FD0063A289 /* Trim.png */ = {isa = PBXFileReference; lastKnownFileType = image.png; path = Trim.png; sourceTree = "<group>"; };
		9F067B18178406FD0063A289 /* Trim_btn_bckgd.png */ = {isa = PBXFileReference; lastKnownFileType = image.png; path = Trim_btn_bckgd.png; sourceTree = "<group>"; };
		9F067B19178406FD0063A289 /* trim_drag_left.png */ = {isa = PBXFileReference; lastKnownFileType = image.png; path = trim_drag_left.png; sourceTree = "<group>"; };
		9F067B1A178406FD0063A289 /* trim_drag_right.png */ = {isa = PBXFileReference; lastKnownFileType = image.png; path = trim_drag_right.png; sourceTree = "<group>"; };
		9F067B1B178406FD0063A289 /* Trim_orange_btn.png */ = {isa = PBXFileReference; lastKnownFileType = image.png; path = Trim_orange_btn.png; sourceTree = "<group>"; };
		9F067B1C178406FD0063A289 /* voice_main_ctl_background.png */ = {isa = PBXFileReference; lastKnownFileType = image.png; path = voice_main_ctl_background.png; sourceTree = "<group>"; };
		9F067B1D178406FD0063A289 /* white_arrow.png */ = {isa = PBXFileReference; lastKnownFileType = image.png; path = white_arrow.png; sourceTree = "<group>"; };
		9F067B1E178406FD0063A289 /* whitearrow_bckg_icon.png */ = {isa = PBXFileReference; lastKnownFileType = image.png; path = whitearrow_bckg_icon.png; sourceTree = "<group>"; };
		9F067B1F178406FD0063A289 /* whitearrow_icon.png */ = {isa = PBXFileReference; lastKnownFileType = image.png; path = whitearrow_icon.png; sourceTree = "<group>"; };
		9F067B20178406FD0063A289 /* yellow_light.png */ = {isa = PBXFileReference; lastKnownFileType = image.png; path = yellow_light.png; sourceTree = "<group>"; };
		9F1ECF791783F67700801CB5 /* DashBoard1.app */ = {isa = PBXFileReference; explicitFileType = wrapper.application; includeInIndex = 0; path = DashBoard1.app; sourceTree = BUILT_PRODUCTS_DIR; };
		9F1ECF7C1783F67700801CB5 /* UIKit.framework */ = {isa = PBXFileReference; lastKnownFileType = wrapper.framework; name = UIKit.framework; path = System/Library/Frameworks/UIKit.framework; sourceTree = SDKROOT; };
		9F1ECF7E1783F67700801CB5 /* Foundation.framework */ = {isa = PBXFileReference; lastKnownFileType = wrapper.framework; name = Foundation.framework; path = System/Library/Frameworks/Foundation.framework; sourceTree = SDKROOT; };
		9F1ECF801783F67700801CB5 /* CoreGraphics.framework */ = {isa = PBXFileReference; lastKnownFileType = wrapper.framework; name = CoreGraphics.framework; path = System/Library/Frameworks/CoreGraphics.framework; sourceTree = SDKROOT; };
		9F1ECF841783F67700801CB5 /* DashBoard1-Info.plist */ = {isa = PBXFileReference; lastKnownFileType = text.plist.xml; path = "DashBoard1-Info.plist"; sourceTree = "<group>"; };
		9F1ECF861783F67700801CB5 /* en */ = {isa = PBXFileReference; lastKnownFileType = text.plist.strings; name = en; path = en.lproj/InfoPlist.strings; sourceTree = "<group>"; };
		9F1ECF881783F67700801CB5 /* main.m */ = {isa = PBXFileReference; lastKnownFileType = sourcecode.c.objc; path = main.m; sourceTree = "<group>"; };
		9F1ECF8A1783F67700801CB5 /* DashBoard1-Prefix.pch */ = {isa = PBXFileReference; lastKnownFileType = sourcecode.c.h; path = "DashBoard1-Prefix.pch"; sourceTree = "<group>"; };
		9F1ECF8B1783F67700801CB5 /* BobAppDelegate.h */ = {isa = PBXFileReference; lastKnownFileType = sourcecode.c.h; path = BobAppDelegate.h; sourceTree = "<group>"; };
		9F1ECF8C1783F67700801CB5 /* BobAppDelegate.m */ = {isa = PBXFileReference; lastKnownFileType = sourcecode.c.objc; path = BobAppDelegate.m; sourceTree = "<group>"; };
		9F1ECF8E1783F67700801CB5 /* Default.png */ = {isa = PBXFileReference; lastKnownFileType = image.png; path = Default.png; sourceTree = "<group>"; };
		9F1ECF901783F67700801CB5 /* Default@2x.png */ = {isa = PBXFileReference; lastKnownFileType = image.png; path = "Default@2x.png"; sourceTree = "<group>"; };
		9F1ECF921783F67700801CB5 /* Default-568h@2x.png */ = {isa = PBXFileReference; lastKnownFileType = image.png; path = "Default-568h@2x.png"; sourceTree = "<group>"; };
		9F1ECF991783F86700801CB5 /* MainWindow.xib */ = {isa = PBXFileReference; fileEncoding = 4; lastKnownFileType = file.xib; path = MainWindow.xib; sourceTree = "<group>"; };
/* End PBXFileReference section */

/* Begin PBXFrameworksBuildPhase section */
		9F1ECF761783F67700801CB5 /* Frameworks */ = {
			isa = PBXFrameworksBuildPhase;
			buildActionMask = 2147483647;
			files = (
				9F1ECF7D1783F67700801CB5 /* UIKit.framework in Frameworks */,
				9F1ECF7F1783F67700801CB5 /* Foundation.framework in Frameworks */,
				9F1ECF811783F67700801CB5 /* CoreGraphics.framework in Frameworks */,
			);
			runOnlyForDeploymentPostprocessing = 0;
		};
/* End PBXFrameworksBuildPhase section */

/* Begin PBXGroup section */
		9F067ACA178406FD0063A289 /* image */ = {
			isa = PBXGroup;
			children = (
				9F067ACB178406FD0063A289 /* add_tag.png */,
				9F067ACC178406FD0063A289 /* arrow_icon.png */,
				9F067ACD178406FD0063A289 /* arrow_with_circle.png */,
				9F067ACE178406FD0063A289 /* audio_on_icon.png */,
				9F067ACF178406FD0063A289 /* audioplaylist_icon.png */,
				9F067AD0178406FD0063A289 /* bckgd.png */,
				9F067AD1178406FD0063A289 /* blueplayer.png */,
				9F067AD2178406FD0063A289 /* camera_btn.png */,
				9F067AD3178406FD0063A289 /* camera_btn_background.png */,
				9F067AD4178406FD0063A289 /* camera_settings_btnbckgd.png */,
				9F067AD5178406FD0063A289 /* cancel_btn.png */,
				9F067AD6178406FD0063A289 /* cancel_btn_bckgd.png */,
				9F067AD7178406FD0063A289 /* clean_icon.png */,
				9F067AD8178406FD0063A289 /* clip_background.png */,
				9F067AD9178406FD0063A289 /* clip_sepector.png */,
				9F067ADA178406FD0063A289 /* dark_bckgd.png */,
				9F067ADB178406FD0063A289 /* dashboard_cell_bckgd.png */,
				9F067ADC178406FD0063A289 /* dashboard_gray_bckgd.png */,
				9F067ADD178406FD0063A289 /* Default-568h@2x.png */,
				9F067ADE178406FD0063A289 /* Default.png */,
				9F067ADF178406FD0063A289 /* Default@2x.png */,
				9F067AE0178406FD0063A289 /* delete_icon.png */,
				9F067AE1178406FD0063A289 /* edit_btn.png */,
				9F067AE2178406FD0063A289 /* folder_background.png */,
				9F067AE3178406FD0063A289 /* folder_icon.png */,
				9F067AE4178406FD0063A289 /* forward_btn.png */,
				9F067AE5178406FD0063A289 /* green_light.png */,
				9F067AE6178406FD0063A289 /* green_play_btn.png */,
				9F067AE7178406FD0063A289 /* ligne.png */,
				9F067AE8178406FD0063A289 /* list_btn.png */,
				9F067AE9178406FD0063A289 /* loupe_icon.png */,
				9F067AEA178406FD0063A289 /* navigation_bar_background.png */,
				9F067AEB178406FD0063A289 /* number_bckgd.png */,
				9F067AEC178406FD0063A289 /* pause_btn.png */,
				9F067AED178406FD0063A289 /* pause_btn_background.png */,
				9F067AEE178406FD0063A289 /* pause_btn_background2.png */,
				9F067AEF178406FD0063A289 /* picture_cirle_counter.png */,
				9F067AF0178406FD0063A289 /* play_btn_bckgd.png */,
				9F067AF1178406FD0063A289 /* playlist_roundicon.png */,
				9F067AF2178406FD0063A289 /* plus_btn.png */,
				9F067AF3178406FD0063A289 /* progressbar_bluebar.png */,
				9F067AF4178406FD0063A289 /* progressbar_btn.png */,
				9F067AF5178406FD0063A289 /* progressbar_graybar.png */,
				9F067AF6178406FD0063A289 /* recording_background.png */,
				9F067AF7178406FD0063A289 /* recording_btn.png */,
				9F067AF8178406FD0063A289 /* recording_btn_background.png */,
				9F067AF9178406FD0063A289 /* recording_icon.png */,
				9F067AFA178406FD0063A289 /* recording_mark.png */,
				9F067AFB178406FD0063A289 /* red_light.png */,
				9F067AFC178406FD0063A289 /* refresh_icon.png */,
				9F067AFD178406FD0063A289 /* rewind_btn.png */,
				9F067AFE178406FD0063A289 /* settings_icon.png */,
				9F067AFF178406FD0063A289 /* slideshow_bckgd.png */,
				9F067B00178406FD0063A289 /* sound_icon.png */,
				9F067B01178406FD0063A289 /* spectrum_bckgd.png */,
				9F067B02178406FD0063A289 /* stop_btn.png */,
				9F067B03178406FD0063A289 /* stop_btn_background.png */,
				9F067B04178406FD0063A289 /* tag_bckgd.png */,
				9F067B05178406FD0063A289 /* tag_box.png */,
				9F067B06178406FD0063A289 /* tag_cell_bckgd.png */,
				9F067B07178406FD0063A289 /* tag_edit_bckgd.png */,
				9F067B08178406FD0063A289 /* tag_icon.png */,
				9F067B09178406FD0063A289 /* thumb_bckgd.png */,
				9F067B0A178406FD0063A289 /* thumbnail_background.png */,
				9F067B0B178406FD0063A289 /* thumbnail_bckgd.png */,
				9F067B0C178406FD0063A289 /* thumbnail_linearbckgd.png */,
				9F067B0D178406FD0063A289 /* toolset_background.png */,
				9F067B0E178406FD0063A289 /* toolset_folder.png */,
				9F067B0F178406FD0063A289 /* toolset_note.png */,
				9F067B10178406FD0063A289 /* toolset_picture.png */,
				9F067B11178406FD0063A289 /* toolset_settings.png */,
				9F067B12178406FD0063A289 /* toolset_share.png */,
				9F067B13178406FD0063A289 /* toolset_slideshow.png */,
				9F067B14178406FD0063A289 /* toolset_tag.png */,
				9F067B15178406FD0063A289 /* toolset_tag_medium.png */,
				9F067B16178406FD0063A289 /* toolset_trim.png */,
				9F067B17178406FD0063A289 /* Trim.png */,
				9F067B18178406FD0063A289 /* Trim_btn_bckgd.png */,
				9F067B19178406FD0063A289 /* trim_drag_left.png */,
				9F067B1A178406FD0063A289 /* trim_drag_right.png */,
				9F067B1B178406FD0063A289 /* Trim_orange_btn.png */,
				9F067B1C178406FD0063A289 /* voice_main_ctl_background.png */,
				9F067B1D178406FD0063A289 /* white_arrow.png */,
				9F067B1E178406FD0063A289 /* whitearrow_bckg_icon.png */,
				9F067B1F178406FD0063A289 /* whitearrow_icon.png */,
				9F067B20178406FD0063A289 /* yellow_light.png */,
			);
			path = image;
			sourceTree = "<group>";
		};
		9F1ECF701783F67700801CB5 = {
			isa = PBXGroup;
			children = (
				9F1ECF821783F67700801CB5 /* DashBoard1 */,
				9F1ECF7B1783F67700801CB5 /* Frameworks */,
				9F1ECF7A1783F67700801CB5 /* Products */,
			);
			sourceTree = "<group>";
		};
		9F1ECF7A1783F67700801CB5 /* Products */ = {
			isa = PBXGroup;
			children = (
				9F1ECF791783F67700801CB5 /* DashBoard1.app */,
			);
			name = Products;
			sourceTree = "<group>";
		};
		9F1ECF7B1783F67700801CB5 /* Frameworks */ = {
			isa = PBXGroup;
			children = (
				9F1ECF7C1783F67700801CB5 /* UIKit.framework */,
				9F1ECF7E1783F67700801CB5 /* Foundation.framework */,
				9F1ECF801783F67700801CB5 /* CoreGraphics.framework */,
			);
			name = Frameworks;
			sourceTree = "<group>";
		};
		9F1ECF821783F67700801CB5 /* DashBoard1 */ = {
			isa = PBXGroup;
			children = (
				9F1ECF8B1783F67700801CB5 /* BobAppDelegate.h */,
				9F1ECF8C1783F67700801CB5 /* BobAppDelegate.m */,
				9F1ECF991783F86700801CB5 /* MainWindow.xib */,
				9F067AC0178402150063A289 /* BobRootViewController.h */,
				9F067AC1178402160063A289 /* BobRootViewController.m */,
				9F067AC2178402160063A289 /* BobRootViewController.xib */,
				9F067AC5178403C30063A289 /* BobFolderDetailViewController.h */,
				9F067AC6178403C30063A289 /* BobFolderDetailViewController.m */,
				9F067AC7178403C30063A289 /* BobFolderDetailViewController.xib */,
				9F1ECF831783F67700801CB5 /* Supporting Files */,
			);
			path = DashBoard1;
			sourceTree = "<group>";
		};
		9F1ECF831783F67700801CB5 /* Supporting Files */ = {
			isa = PBXGroup;
			children = (
				9F067ACA178406FD0063A289 /* image */,
				9F1ECF841783F67700801CB5 /* DashBoard1-Info.plist */,
				9F1ECF851783F67700801CB5 /* InfoPlist.strings */,
				9F1ECF881783F67700801CB5 /* main.m */,
				9F1ECF8A1783F67700801CB5 /* DashBoard1-Prefix.pch */,
				9F1ECF8E1783F67700801CB5 /* Default.png */,
				9F1ECF901783F67700801CB5 /* Default@2x.png */,
				9F1ECF921783F67700801CB5 /* Default-568h@2x.png */,
			);
			name = "Supporting Files";
			sourceTree = "<group>";
		};
/* End PBXGroup section */

/* Begin PBXNativeTarget section */
		9F1ECF781783F67700801CB5 /* DashBoard1 */ = {
			isa = PBXNativeTarget;
			buildConfigurationList = 9F1ECF961783F67700801CB5 /* Build configuration list for PBXNativeTarget "DashBoard1" */;
			buildPhases = (
				9F1ECF751783F67700801CB5 /* Sources */,
				9F1ECF761783F67700801CB5 /* Frameworks */,
				9F1ECF771783F67700801CB5 /* Resources */,
			);
			buildRules = (
			);
			dependencies = (
			);
			name = DashBoard1;
			productName = DashBoard1;
			productReference = 9F1ECF791783F67700801CB5 /* DashBoard1.app */;
			productType = "com.apple.product-type.application";
		};
/* End PBXNativeTarget section */

/* Begin PBXProject section */
		9F1ECF711783F67700801CB5 /* Project object */ = {
			isa = PBXProject;
			attributes = {
				CLASSPREFIX = Bob;
				LastUpgradeCheck = 0460;
				ORGANIZATIONNAME = Dilun;
			};
			buildConfigurationList = 9F1ECF741783F67700801CB5 /* Build configuration list for PBXProject "DashBoard1" */;
			compatibilityVersion = "Xcode 3.2";
			developmentRegion = English;
			hasScannedForEncodings = 0;
			knownRegions = (
				en,
			);
			mainGroup = 9F1ECF701783F67700801CB5;
			productRefGroup = 9F1ECF7A1783F67700801CB5 /* Products */;
			projectDirPath = "";
			projectRoot = "";
			targets = (
				9F1ECF781783F67700801CB5 /* DashBoard1 */,
			);
		};
/* End PBXProject section */

/* Begin PBXResourcesBuildPhase section */
		9F1ECF771783F67700801CB5 /* Resources */ = {
			isa = PBXResourcesBuildPhase;
			buildActionMask = 2147483647;
			files = (
				9F1ECF871783F67700801CB5 /* InfoPlist.strings in Resources */,
				9F1ECF8F1783F67700801CB5 /* Default.png in Resources */,
				9F1ECF911783F67700801CB5 /* Default@2x.png in Resources */,
				9F1ECF931783F67700801CB5 /* Default-568h@2x.png in Resources */,
				9F1ECF9A1783F86700801CB5 /* MainWindow.xib in Resources */,
				9F067AC4178402160063A289 /* BobRootViewController.xib in Resources */,
				9F067AC9178403C30063A289 /* BobFolderDetailViewController.xib in Resources */,
				9F067B21178406FD0063A289 /* add_tag.png in Resources */,
				9F067B22178406FD0063A289 /* arrow_icon.png in Resources */,
				9F067B23178406FD0063A289 /* arrow_with_circle.png in Resources */,
				9F067B24178406FD0063A289 /* audio_on_icon.png in Resources */,
				9F067B25178406FD0063A289 /* audioplaylist_icon.png in Resources */,
				9F067B26178406FD0063A289 /* bckgd.png in Resources */,
				9F067B27178406FD0063A289 /* blueplayer.png in Resources */,
				9F067B28178406FD0063A289 /* camera_btn.png in Resources */,
				9F067B29178406FD0063A289 /* camera_btn_background.png in Resources */,
				9F067B2A178406FD0063A289 /* camera_settings_btnbckgd.png in Resources */,
				9F067B2B178406FD0063A289 /* cancel_btn.png in Resources */,
				9F067B2C178406FD0063A289 /* cancel_btn_bckgd.png in Resources */,
				9F067B2D178406FD0063A289 /* clean_icon.png in Resources */,
				9F067B2E178406FD0063A289 /* clip_background.png in Resources */,
				9F067B2F178406FD0063A289 /* clip_sepector.png in Resources */,
				9F067B30178406FD0063A289 /* dark_bckgd.png in Resources */,
				9F067B31178406FD0063A289 /* dashboard_cell_bckgd.png in Resources */,
				9F067B32178406FD0063A289 /* dashboard_gray_bckgd.png in Resources */,
				9F067B33178406FD0063A289 /* Default-568h@2x.png in Resources */,
				9F067B34178406FD0063A289 /* Default.png in Resources */,
				9F067B35178406FD0063A289 /* Default@2x.png in Resources */,
				9F067B36178406FD0063A289 /* delete_icon.png in Resources */,
				9F067B37178406FD0063A289 /* edit_btn.png in Resources */,
				9F067B38178406FD0063A289 /* folder_background.png in Resources */,
				9F067B39178406FD0063A289 /* folder_icon.png in Resources */,
				9F067B3A178406FD0063A289 /* forward_btn.png in Resources */,
				9F067B3B178406FD0063A289 /* green_light.png in Resources */,
				9F067B3C178406FD0063A289 /* green_play_btn.png in Resources */,
				9F067B3D178406FD0063A289 /* ligne.png in Resources */,
				9F067B3E178406FD0063A289 /* list_btn.png in Resources */,
				9F067B3F178406FD0063A289 /* loupe_icon.png in Resources */,
				9F067B40178406FD0063A289 /* navigation_bar_background.png in Resources */,
				9F067B41178406FD0063A289 /* number_bckgd.png in Resources */,
				9F067B42178406FD0063A289 /* pause_btn.png in Resources */,
				9F067B43178406FD0063A289 /* pause_btn_background.png in Resources */,
				9F067B44178406FD0063A289 /* pause_btn_background2.png in Resources */,
				9F067B45178406FD0063A289 /* picture_cirle_counter.png in Resources */,
				9F067B46178406FD0063A289 /* play_btn_bckgd.png in Resources */,
				9F067B47178406FD0063A289 /* playlist_roundicon.png in Resources */,
				9F067B48178406FD0063A289 /* plus_btn.png in Resources */,
				9F067B49178406FD0063A289 /* progressbar_bluebar.png in Resources */,
				9F067B4A178406FD0063A289 /* progressbar_btn.png in Resources */,
				9F067B4B178406FD0063A289 /* progressbar_graybar.png in Resources */,
				9F067B4C178406FD0063A289 /* recording_background.png in Resources */,
				9F067B4D178406FD0063A289 /* recording_btn.png in Resources */,
				9F067B4E178406FD0063A289 /* recording_btn_background.png in Resources */,
				9F067B4F178406FD0063A289 /* recording_icon.png in Resources */,
				9F067B50178406FD0063A289 /* recording_mark.png in Resources */,
				9F067B51178406FD0063A289 /* red_light.png in Resources */,
				9F067B52178406FD0063A289 /* refresh_icon.png in Resources */,
				9F067B53178406FD0063A289 /* rewind_btn.png in Resources */,
				9F067B54178406FD0063A289 /* settings_icon.png in Resources */,
				9F067B55178406FD0063A289 /* slideshow_bckgd.png in Resources */,
				9F067B56178406FD0063A289 /* sound_icon.png in Resources */,
				9F067B57178406FD0063A289 /* spectrum_bckgd.png in Resources */,
				9F067B58178406FD0063A289 /* stop_btn.png in Resources */,
				9F067B59178406FD0063A289 /* stop_btn_background.png in Resources */,
				9F067B5A178406FD0063A289 /* tag_bckgd.png in Resources */,
				9F067B5B178406FD0063A289 /* tag_box.png in Resources */,
				9F067B5C178406FD0063A289 /* tag_cell_bckgd.png in Resources */,
				9F067B5D178406FD0063A289 /* tag_edit_bckgd.png in Resources */,
				9F067B5E178406FD0063A289 /* tag_icon.png in Resources */,
				9F067B5F178406FD0063A289 /* thumb_bckgd.png in Resources */,
				9F067B60178406FD0063A289 /* thumbnail_background.png in Resources */,
				9F067B61178406FD0063A289 /* thumbnail_bckgd.png in Resources */,
				9F067B62178406FD0063A289 /* thumbnail_linearbckgd.png in Resources */,
				9F067B63178406FD0063A289 /* toolset_background.png in Resources */,
				9F067B64178406FD0063A289 /* toolset_folder.png in Resources */,
				9F067B65178406FD0063A289 /* toolset_note.png in Resources */,
				9F067B66178406FD0063A289 /* toolset_picture.png in Resources */,
				9F067B67178406FD0063A289 /* toolset_settings.png in Resources */,
				9F067B68178406FD0063A289 /* toolset_share.png in Resources */,
				9F067B69178406FD0063A289 /* toolset_slideshow.png in Resources */,
				9F067B6A178406FD0063A289 /* toolset_tag.png in Resources */,
				9F067B6B178406FD0063A289 /* toolset_tag_medium.png in Resources */,
				9F067B6C178406FD0063A289 /* toolset_trim.png in Resources */,
				9F067B6D178406FD0063A289 /* Trim.png in Resources */,
				9F067B6E178406FD0063A289 /* Trim_btn_bckgd.png in Resources */,
				9F067B6F178406FD0063A289 /* trim_drag_left.png in Resources */,
				9F067B70178406FD0063A289 /* trim_drag_right.png in Resources */,
				9F067B71178406FD0063A289 /* Trim_orange_btn.png in Resources */,
				9F067B72178406FD0063A289 /* voice_main_ctl_background.png in Resources */,
				9F067B73178406FD0063A289 /* white_arrow.png in Resources */,
				9F067B74178406FD0063A289 /* whitearrow_bckg_icon.png in Resources */,
				9F067B75178406FD0063A289 /* whitearrow_icon.png in Resources */,
				9F067B76178406FD0063A289 /* yellow_light.png in Resources */,
			);
			runOnlyForDeploymentPostprocessing = 0;
		};
/* End PBXResourcesBuildPhase section */

/* Begin PBXSourcesBuildPhase section */
		9F1ECF751783F67700801CB5 /* Sources */ = {
			isa = PBXSourcesBuildPhase;
			buildActionMask = 2147483647;
			files = (
				9F1ECF891783F67700801CB5 /* main.m in Sources */,
				9F1ECF8D1783F67700801CB5 /* BobAppDelegate.m in Sources */,
				9F067AC3178402160063A289 /* BobRootViewController.m in Sources */,
				9F067AC8178403C30063A289 /* BobFolderDetailViewController.m in Sources */,
			);
			runOnlyForDeploymentPostprocessing = 0;
		};
/* End PBXSourcesBuildPhase section */

/* Begin PBXVariantGroup section */
		9F1ECF851783F67700801CB5 /* InfoPlist.strings */ = {
			isa = PBXVariantGroup;
			children = (
				9F1ECF861783F67700801CB5 /* en */,
			);
			name = InfoPlist.strings;
			sourceTree = "<group>";
		};
/* End PBXVariantGroup section */

/* Begin XCBuildConfiguration section */
		9F1ECF941783F67700801CB5 /* Debug */ = {
			isa = XCBuildConfiguration;
			buildSettings = {
				ALWAYS_SEARCH_USER_PATHS = NO;
				CLANG_CXX_LANGUAGE_STANDARD = "gnu++0x";
				CLANG_CXX_LIBRARY = "libc++";
				CLANG_ENABLE_OBJC_ARC = YES;
				CLANG_WARN_CONSTANT_CONVERSION = YES;
				CLANG_WARN_EMPTY_BODY = YES;
				CLANG_WARN_ENUM_CONVERSION = YES;
				CLANG_WARN_INT_CONVERSION = YES;
				CLANG_WARN__DUPLICATE_METHOD_MATCH = YES;
				"CODE_SIGN_IDENTITY[sdk=iphoneos*]" = "iPhone Developer";
				COPY_PHASE_STRIP = NO;
				GCC_C_LANGUAGE_STANDARD = gnu99;
				GCC_DYNAMIC_NO_PIC = NO;
				GCC_OPTIMIZATION_LEVEL = 0;
				GCC_PREPROCESSOR_DEFINITIONS = (
					"DEBUG=1",
					"$(inherited)",
				);
				GCC_SYMBOLS_PRIVATE_EXTERN = NO;
				GCC_WARN_ABOUT_RETURN_TYPE = YES;
				GCC_WARN_UNINITIALIZED_AUTOS = YES;
				GCC_WARN_UNUSED_VARIABLE = YES;
				IPHONEOS_DEPLOYMENT_TARGET = 6.1;
				ONLY_ACTIVE_ARCH = YES;
				SDKROOT = iphoneos;
			};
			name = Debug;
		};
		9F1ECF951783F67700801CB5 /* Release */ = {
			isa = XCBuildConfiguration;
			buildSettings = {
				ALWAYS_SEARCH_USER_PATHS = NO;
				CLANG_CXX_LANGUAGE_STANDARD = "gnu++0x";
				CLANG_CXX_LIBRARY = "libc++";
				CLANG_ENABLE_OBJC_ARC = YES;
				CLANG_WARN_CONSTANT_CONVERSION = YES;
				CLANG_WARN_EMPTY_BODY = YES;
				CLANG_WARN_ENUM_CONVERSION = YES;
				CLANG_WARN_INT_CONVERSION = YES;
				CLANG_WARN__DUPLICATE_METHOD_MATCH = YES;
				"CODE_SIGN_IDENTITY[sdk=iphoneos*]" = "iPhone Developer";
				COPY_PHASE_STRIP = YES;
				GCC_C_LANGUAGE_STANDARD = gnu99;
				GCC_WARN_ABOUT_RETURN_TYPE = YES;
				GCC_WARN_UNINITIALIZED_AUTOS = YES;
				GCC_WARN_UNUSED_VARIABLE = YES;
				IPHONEOS_DEPLOYMENT_TARGET = 6.1;
				OTHER_CFLAGS = "-DNS_BLOCK_ASSERTIONS=1";
				SDKROOT = iphoneos;
				VALIDATE_PRODUCT = YES;
			};
			name = Release;
		};
		9F1ECF971783F67700801CB5 /* Debug */ = {
			isa = XCBuildConfiguration;
			buildSettings = {
				CLANG_ENABLE_OBJC_ARC = YES;
				GCC_PRECOMPILE_PREFIX_HEADER = YES;
				GCC_PREFIX_HEADER = "DashBoard1/DashBoard1-Prefix.pch";
				INFOPLIST_FILE = "DashBoard1/DashBoard1-Info.plist";
				PRODUCT_NAME = "$(TARGET_NAME)";
				WRAPPER_EXTENSION = app;
			};
			name = Debug;
		};
		9F1ECF981783F67700801CB5 /* Release */ = {
			isa = XCBuildConfiguration;
			buildSettings = {
				CLANG_ENABLE_OBJC_ARC = YES;
				GCC_PRECOMPILE_PREFIX_HEADER = YES;
				GCC_PREFIX_HEADER = "DashBoard1/DashBoard1-Prefix.pch";
				INFOPLIST_FILE = "DashBoard1/DashBoard1-Info.plist";
				PRODUCT_NAME = "$(TARGET_NAME)";
				WRAPPER_EXTENSION = app;
			};
			name = Release;
		};
/* End XCBuildConfiguration section */

/* Begin XCConfigurationList section */
		9F1ECF741783F67700801CB5 /* Build configuration list for PBXProject "DashBoard1" */ = {
			isa = XCConfigurationList;
			buildConfigurations = (
				9F1ECF941783F67700801CB5 /* Debug */,
				9F1ECF951783F67700801CB5 /* Release */,
			);
			defaultConfigurationIsVisible = 0;
			defaultConfigurationName = Release;
		};
		9F1ECF961783F67700801CB5 /* Build configuration list for PBXNativeTarget "DashBoard1" */ = {
			isa = XCConfigurationList;
			buildConfigurations = (
				9F1ECF971783F67700801CB5 /* Debug */,
				9F1ECF981783F67700801CB5 /* Release */,
			);
			defaultConfigurationIsVisible = 0;
			defaultConfigurationName = Release;
		};
/* End XCConfigurationList section */
	};
	rootObject = 9F1ECF711783F67700801CB5 /* Project object */;
}
