// !$*UTF8*$!
{
	archiveVersion = 1;
	classes = {
	};
	objectVersion = 46;
	objects = {

/* Begin PBXBuildFile section */
		1C0D533717B0E00000581747 /* Persistence.m in Sources */ = {isa = PBXBuildFile; fileRef = 1C0D533617B0E00000581747 /* Persistence.m */; };
		1C1896EC17B1D769006402CF /* RecordInfo.m in Sources */ = {isa = PBXBuildFile; fileRef = 1C1896EB17B1D769006402CF /* RecordInfo.m */; };
		1C32B92B17AF5B09005EE345 /* AVFoundation.framework in Frameworks */ = {isa = PBXBuildFile; fileRef = 1C32B92A17AF5B09005EE345 /* AVFoundation.framework */; };
		1C51CDC917AF710400E451C2 /* SliderCell.xib in Resources */ = {isa = PBXBuildFile; fileRef = 1C51CDC817AF710400E451C2 /* SliderCell.xib */; };
		9F2082A917ADE239009BF64E /* FoldersViewController.m in Sources */ = {isa = PBXBuildFile; fileRef = 9F2082A717ADE239009BF64E /* FoldersViewController.m */; };
		9F2082AA17ADE239009BF64E /* FoldersViewController.xib in Resources */ = {isa = PBXBuildFile; fileRef = 9F2082A817ADE239009BF64E /* FoldersViewController.xib */; };
		9F2082AC17AE361E009BF64E /* QuartzCore.framework in Frameworks */ = {isa = PBXBuildFile; fileRef = 9F2082AB17AE361E009BF64E /* QuartzCore.framework */; };
		9F2082AF17AE5823009BF64E /* FolderCell.xib in Resources */ = {isa = PBXBuildFile; fileRef = 9F2082AE17AE5823009BF64E /* FolderCell.xib */; };
		9F2082B217AE761C009BF64E /* FolderCell.m in Sources */ = {isa = PBXBuildFile; fileRef = 9F2082B117AE761C009BF64E /* FolderCell.m */; };
		9F2DCD6017AC99340042547A /* RootViewController.m in Sources */ = {isa = PBXBuildFile; fileRef = 9F2DCD5E17AC99340042547A /* RootViewController.m */; };
		9F2DCD6117AC99340042547A /* RootViewController.xib in Resources */ = {isa = PBXBuildFile; fileRef = 9F2DCD5F17AC99340042547A /* RootViewController.xib */; };
		9F2DCD6517ACDCA80042547A /* RecordingViewController.m in Sources */ = {isa = PBXBuildFile; fileRef = 9F2DCD6317ACDCA80042547A /* RecordingViewController.m */; };
		9F2DCD6617ACDCA80042547A /* RecordingViewController.xib in Resources */ = {isa = PBXBuildFile; fileRef = 9F2DCD6417ACDCA80042547A /* RecordingViewController.xib */; };
		9F2DCD7417ACFBB00042547A /* DashBoardCell.xib in Resources */ = {isa = PBXBuildFile; fileRef = 9F2DCD7317ACFBB00042547A /* DashBoardCell.xib */; };
		9F2DCDCC17ACFCC90042547A /* add_tag.png in Resources */ = {isa = PBXBuildFile; fileRef = 9F2DCD7617ACFCC80042547A /* add_tag.png */; };
		9F2DCDCD17ACFCC90042547A /* arrow_icon.png in Resources */ = {isa = PBXBuildFile; fileRef = 9F2DCD7717ACFCC80042547A /* arrow_icon.png */; };
		9F2DCDCE17ACFCC90042547A /* arrow_with_circle.png in Resources */ = {isa = PBXBuildFile; fileRef = 9F2DCD7817ACFCC80042547A /* arrow_with_circle.png */; };
		9F2DCDCF17ACFCC90042547A /* audio_on_icon.png in Resources */ = {isa = PBXBuildFile; fileRef = 9F2DCD7917ACFCC80042547A /* audio_on_icon.png */; };
		9F2DCDD017ACFCC90042547A /* audioplaylist_icon.png in Resources */ = {isa = PBXBuildFile; fileRef = 9F2DCD7A17ACFCC80042547A /* audioplaylist_icon.png */; };
		9F2DCDD117ACFCC90042547A /* bckgd.png in Resources */ = {isa = PBXBuildFile; fileRef = 9F2DCD7B17ACFCC80042547A /* bckgd.png */; };
		9F2DCDD217ACFCC90042547A /* blueplayer.png in Resources */ = {isa = PBXBuildFile; fileRef = 9F2DCD7C17ACFCC80042547A /* blueplayer.png */; };
		9F2DCDD317ACFCC90042547A /* camera_btn.png in Resources */ = {isa = PBXBuildFile; fileRef = 9F2DCD7D17ACFCC80042547A /* camera_btn.png */; };
		9F2DCDD417ACFCC90042547A /* camera_btn_background.png in Resources */ = {isa = PBXBuildFile; fileRef = 9F2DCD7E17ACFCC80042547A /* camera_btn_background.png */; };
		9F2DCDD517ACFCC90042547A /* camera_settings_btnbckgd.png in Resources */ = {isa = PBXBuildFile; fileRef = 9F2DCD7F17ACFCC80042547A /* camera_settings_btnbckgd.png */; };
		9F2DCDD617ACFCC90042547A /* cancel_btn.png in Resources */ = {isa = PBXBuildFile; fileRef = 9F2DCD8017ACFCC80042547A /* cancel_btn.png */; };
		9F2DCDD717ACFCC90042547A /* cancel_btn_bckgd.png in Resources */ = {isa = PBXBuildFile; fileRef = 9F2DCD8117ACFCC80042547A /* cancel_btn_bckgd.png */; };
		9F2DCDD817ACFCC90042547A /* clean_icon.png in Resources */ = {isa = PBXBuildFile; fileRef = 9F2DCD8217ACFCC80042547A /* clean_icon.png */; };
		9F2DCDD917ACFCC90042547A /* clip_background.png in Resources */ = {isa = PBXBuildFile; fileRef = 9F2DCD8317ACFCC80042547A /* clip_background.png */; };
		9F2DCDDA17ACFCC90042547A /* clip_sepector.png in Resources */ = {isa = PBXBuildFile; fileRef = 9F2DCD8417ACFCC80042547A /* clip_sepector.png */; };
		9F2DCDDB17ACFCC90042547A /* dark_bckgd.png in Resources */ = {isa = PBXBuildFile; fileRef = 9F2DCD8517ACFCC80042547A /* dark_bckgd.png */; };
		9F2DCDDC17ACFCC90042547A /* dashboard_cell_bckgd.png in Resources */ = {isa = PBXBuildFile; fileRef = 9F2DCD8617ACFCC80042547A /* dashboard_cell_bckgd.png */; };
		9F2DCDDD17ACFCC90042547A /* dashboard_gray_bckgd.png in Resources */ = {isa = PBXBuildFile; fileRef = 9F2DCD8717ACFCC80042547A /* dashboard_gray_bckgd.png */; };
		9F2DCDDE17ACFCC90042547A /* Default-568h@2x.png in Resources */ = {isa = PBXBuildFile; fileRef = 9F2DCD8817ACFCC80042547A /* Default-568h@2x.png */; };
		9F2DCDDF17ACFCC90042547A /* Default.png in Resources */ = {isa = PBXBuildFile; fileRef = 9F2DCD8917ACFCC80042547A /* Default.png */; };
		9F2DCDE017ACFCC90042547A /* Default@2x.png in Resources */ = {isa = PBXBuildFile; fileRef = 9F2DCD8A17ACFCC80042547A /* Default@2x.png */; };
		9F2DCDE117ACFCC90042547A /* delete_icon.png in Resources */ = {isa = PBXBuildFile; fileRef = 9F2DCD8B17ACFCC80042547A /* delete_icon.png */; };
		9F2DCDE217ACFCC90042547A /* edit_btn.png in Resources */ = {isa = PBXBuildFile; fileRef = 9F2DCD8C17ACFCC80042547A /* edit_btn.png */; };
		9F2DCDE317ACFCC90042547A /* folder_background.png in Resources */ = {isa = PBXBuildFile; fileRef = 9F2DCD8D17ACFCC80042547A /* folder_background.png */; };
		9F2DCDE417ACFCC90042547A /* folder_icon.png in Resources */ = {isa = PBXBuildFile; fileRef = 9F2DCD8E17ACFCC80042547A /* folder_icon.png */; };
		9F2DCDE517ACFCC90042547A /* forward_btn.png in Resources */ = {isa = PBXBuildFile; fileRef = 9F2DCD8F17ACFCC80042547A /* forward_btn.png */; };
		9F2DCDE617ACFCC90042547A /* green_light.png in Resources */ = {isa = PBXBuildFile; fileRef = 9F2DCD9017ACFCC80042547A /* green_light.png */; };
		9F2DCDE717ACFCC90042547A /* green_play_btn.png in Resources */ = {isa = PBXBuildFile; fileRef = 9F2DCD9117ACFCC80042547A /* green_play_btn.png */; };
		9F2DCDE817ACFCC90042547A /* ligne.png in Resources */ = {isa = PBXBuildFile; fileRef = 9F2DCD9217ACFCC80042547A /* ligne.png */; };
		9F2DCDE917ACFCC90042547A /* list_btn.png in Resources */ = {isa = PBXBuildFile; fileRef = 9F2DCD9317ACFCC80042547A /* list_btn.png */; };
		9F2DCDEA17ACFCC90042547A /* loupe_icon.png in Resources */ = {isa = PBXBuildFile; fileRef = 9F2DCD9417ACFCC80042547A /* loupe_icon.png */; };
		9F2DCDEB17ACFCC90042547A /* navigation_bar_background.png in Resources */ = {isa = PBXBuildFile; fileRef = 9F2DCD9517ACFCC80042547A /* navigation_bar_background.png */; };
		9F2DCDEC17ACFCC90042547A /* number_bckgd.png in Resources */ = {isa = PBXBuildFile; fileRef = 9F2DCD9617ACFCC80042547A /* number_bckgd.png */; };
		9F2DCDED17ACFCC90042547A /* pause_btn.png in Resources */ = {isa = PBXBuildFile; fileRef = 9F2DCD9717ACFCC80042547A /* pause_btn.png */; };
		9F2DCDEE17ACFCC90042547A /* pause_btn_background.png in Resources */ = {isa = PBXBuildFile; fileRef = 9F2DCD9817ACFCC80042547A /* pause_btn_background.png */; };
		9F2DCDEF17ACFCC90042547A /* pause_btn_background2.png in Resources */ = {isa = PBXBuildFile; fileRef = 9F2DCD9917ACFCC80042547A /* pause_btn_background2.png */; };
		9F2DCDF017ACFCC90042547A /* picture_cirle_counter.png in Resources */ = {isa = PBXBuildFile; fileRef = 9F2DCD9A17ACFCC80042547A /* picture_cirle_counter.png */; };
		9F2DCDF117ACFCC90042547A /* play_btn_bckgd.png in Resources */ = {isa = PBXBuildFile; fileRef = 9F2DCD9B17ACFCC80042547A /* play_btn_bckgd.png */; };
		9F2DCDF217ACFCC90042547A /* playlist_roundicon.png in Resources */ = {isa = PBXBuildFile; fileRef = 9F2DCD9C17ACFCC80042547A /* playlist_roundicon.png */; };
		9F2DCDF317ACFCC90042547A /* plus_btn.png in Resources */ = {isa = PBXBuildFile; fileRef = 9F2DCD9D17ACFCC80042547A /* plus_btn.png */; };
		9F2DCDF417ACFCC90042547A /* progressbar_bluebar.png in Resources */ = {isa = PBXBuildFile; fileRef = 9F2DCD9E17ACFCC80042547A /* progressbar_bluebar.png */; };
		9F2DCDF517ACFCC90042547A /* progressbar_btn.png in Resources */ = {isa = PBXBuildFile; fileRef = 9F2DCD9F17ACFCC80042547A /* progressbar_btn.png */; };
		9F2DCDF617ACFCC90042547A /* progressbar_graybar.png in Resources */ = {isa = PBXBuildFile; fileRef = 9F2DCDA017ACFCC80042547A /* progressbar_graybar.png */; };
		9F2DCDF717ACFCC90042547A /* recording_background.png in Resources */ = {isa = PBXBuildFile; fileRef = 9F2DCDA117ACFCC80042547A /* recording_background.png */; };
		9F2DCDF817ACFCC90042547A /* recording_btn.png in Resources */ = {isa = PBXBuildFile; fileRef = 9F2DCDA217ACFCC80042547A /* recording_btn.png */; };
		9F2DCDF917ACFCC90042547A /* recording_btn_background.png in Resources */ = {isa = PBXBuildFile; fileRef = 9F2DCDA317ACFCC80042547A /* recording_btn_background.png */; };
		9F2DCDFA17ACFCC90042547A /* recording_icon.png in Resources */ = {isa = PBXBuildFile; fileRef = 9F2DCDA417ACFCC80042547A /* recording_icon.png */; };
		9F2DCDFB17ACFCC90042547A /* recording_mark.png in Resources */ = {isa = PBXBuildFile; fileRef = 9F2DCDA517ACFCC80042547A /* recording_mark.png */; };
		9F2DCDFC17ACFCC90042547A /* red_light.png in Resources */ = {isa = PBXBuildFile; fileRef = 9F2DCDA617ACFCC80042547A /* red_light.png */; };
		9F2DCDFD17ACFCC90042547A /* refresh_icon.png in Resources */ = {isa = PBXBuildFile; fileRef = 9F2DCDA717ACFCC80042547A /* refresh_icon.png */; };
		9F2DCDFE17ACFCC90042547A /* rewind_btn.png in Resources */ = {isa = PBXBuildFile; fileRef = 9F2DCDA817ACFCC80042547A /* rewind_btn.png */; };
		9F2DCDFF17ACFCC90042547A /* settings_icon.png in Resources */ = {isa = PBXBuildFile; fileRef = 9F2DCDA917ACFCC80042547A /* settings_icon.png */; };
		9F2DCE0017ACFCC90042547A /* slideshow_bckgd.png in Resources */ = {isa = PBXBuildFile; fileRef = 9F2DCDAA17ACFCC80042547A /* slideshow_bckgd.png */; };
		9F2DCE0117ACFCC90042547A /* sound_icon.png in Resources */ = {isa = PBXBuildFile; fileRef = 9F2DCDAB17ACFCC80042547A /* sound_icon.png */; };
		9F2DCE0217ACFCC90042547A /* spectrum_bckgd.png in Resources */ = {isa = PBXBuildFile; fileRef = 9F2DCDAC17ACFCC80042547A /* spectrum_bckgd.png */; };
		9F2DCE0317ACFCC90042547A /* stop_btn.png in Resources */ = {isa = PBXBuildFile; fileRef = 9F2DCDAD17ACFCC80042547A /* stop_btn.png */; };
		9F2DCE0417ACFCC90042547A /* stop_btn_background.png in Resources */ = {isa = PBXBuildFile; fileRef = 9F2DCDAE17ACFCC80042547A /* stop_btn_background.png */; };
		9F2DCE0517ACFCC90042547A /* tag_bckgd.png in Resources */ = {isa = PBXBuildFile; fileRef = 9F2DCDAF17ACFCC80042547A /* tag_bckgd.png */; };
		9F2DCE0617ACFCC90042547A /* tag_box.png in Resources */ = {isa = PBXBuildFile; fileRef = 9F2DCDB017ACFCC80042547A /* tag_box.png */; };
		9F2DCE0717ACFCC90042547A /* tag_cell_bckgd.png in Resources */ = {isa = PBXBuildFile; fileRef = 9F2DCDB117ACFCC80042547A /* tag_cell_bckgd.png */; };
		9F2DCE0817ACFCC90042547A /* tag_edit_bckgd.png in Resources */ = {isa = PBXBuildFile; fileRef = 9F2DCDB217ACFCC80042547A /* tag_edit_bckgd.png */; };
		9F2DCE0917ACFCC90042547A /* tag_icon.png in Resources */ = {isa = PBXBuildFile; fileRef = 9F2DCDB317ACFCC80042547A /* tag_icon.png */; };
		9F2DCE0A17ACFCC90042547A /* thumb_bckgd.png in Resources */ = {isa = PBXBuildFile; fileRef = 9F2DCDB417ACFCC80042547A /* thumb_bckgd.png */; };
		9F2DCE0B17ACFCC90042547A /* thumbnail_background.png in Resources */ = {isa = PBXBuildFile; fileRef = 9F2DCDB517ACFCC80042547A /* thumbnail_background.png */; };
		9F2DCE0C17ACFCC90042547A /* thumbnail_bckgd.png in Resources */ = {isa = PBXBuildFile; fileRef = 9F2DCDB617ACFCC80042547A /* thumbnail_bckgd.png */; };
		9F2DCE0D17ACFCC90042547A /* thumbnail_linearbckgd.png in Resources */ = {isa = PBXBuildFile; fileRef = 9F2DCDB717ACFCC80042547A /* thumbnail_linearbckgd.png */; };
		9F2DCE0E17ACFCC90042547A /* toolset_background.png in Resources */ = {isa = PBXBuildFile; fileRef = 9F2DCDB817ACFCC80042547A /* toolset_background.png */; };
		9F2DCE0F17ACFCC90042547A /* toolset_folder.png in Resources */ = {isa = PBXBuildFile; fileRef = 9F2DCDB917ACFCC90042547A /* toolset_folder.png */; };
		9F2DCE1017ACFCC90042547A /* toolset_note.png in Resources */ = {isa = PBXBuildFile; fileRef = 9F2DCDBA17ACFCC90042547A /* toolset_note.png */; };
		9F2DCE1117ACFCC90042547A /* toolset_picture.png in Resources */ = {isa = PBXBuildFile; fileRef = 9F2DCDBB17ACFCC90042547A /* toolset_picture.png */; };
		9F2DCE1217ACFCC90042547A /* toolset_settings.png in Resources */ = {isa = PBXBuildFile; fileRef = 9F2DCDBC17ACFCC90042547A /* toolset_settings.png */; };
		9F2DCE1317ACFCC90042547A /* toolset_share.png in Resources */ = {isa = PBXBuildFile; fileRef = 9F2DCDBD17ACFCC90042547A /* toolset_share.png */; };
		9F2DCE1417ACFCC90042547A /* toolset_slideshow.png in Resources */ = {isa = PBXBuildFile; fileRef = 9F2DCDBE17ACFCC90042547A /* toolset_slideshow.png */; };
		9F2DCE1517ACFCC90042547A /* toolset_tag.png in Resources */ = {isa = PBXBuildFile; fileRef = 9F2DCDBF17ACFCC90042547A /* toolset_tag.png */; };
		9F2DCE1617ACFCC90042547A /* toolset_tag_medium.png in Resources */ = {isa = PBXBuildFile; fileRef = 9F2DCDC017ACFCC90042547A /* toolset_tag_medium.png */; };
		9F2DCE1717ACFCC90042547A /* toolset_trim.png in Resources */ = {isa = PBXBuildFile; fileRef = 9F2DCDC117ACFCC90042547A /* toolset_trim.png */; };
		9F2DCE1817ACFCC90042547A /* Trim.png in Resources */ = {isa = PBXBuildFile; fileRef = 9F2DCDC217ACFCC90042547A /* Trim.png */; };
		9F2DCE1917ACFCC90042547A /* Trim_btn_bckgd.png in Resources */ = {isa = PBXBuildFile; fileRef = 9F2DCDC317ACFCC90042547A /* Trim_btn_bckgd.png */; };
		9F2DCE1A17ACFCC90042547A /* trim_drag_left.png in Resources */ = {isa = PBXBuildFile; fileRef = 9F2DCDC417ACFCC90042547A /* trim_drag_left.png */; };
		9F2DCE1B17ACFCC90042547A /* trim_drag_right.png in Resources */ = {isa = PBXBuildFile; fileRef = 9F2DCDC517ACFCC90042547A /* trim_drag_right.png */; };
		9F2DCE1C17ACFCC90042547A /* Trim_orange_btn.png in Resources */ = {isa = PBXBuildFile; fileRef = 9F2DCDC617ACFCC90042547A /* Trim_orange_btn.png */; };
		9F2DCE1D17ACFCC90042547A /* voice_main_ctl_background.png in Resources */ = {isa = PBXBuildFile; fileRef = 9F2DCDC717ACFCC90042547A /* voice_main_ctl_background.png */; };
		9F2DCE1E17ACFCC90042547A /* white_arrow.png in Resources */ = {isa = PBXBuildFile; fileRef = 9F2DCDC817ACFCC90042547A /* white_arrow.png */; };
		9F2DCE1F17ACFCC90042547A /* whitearrow_bckg_icon.png in Resources */ = {isa = PBXBuildFile; fileRef = 9F2DCDC917ACFCC90042547A /* whitearrow_bckg_icon.png */; };
		9F2DCE2017ACFCC90042547A /* whitearrow_icon.png in Resources */ = {isa = PBXBuildFile; fileRef = 9F2DCDCA17ACFCC90042547A /* whitearrow_icon.png */; };
		9F2DCE2117ACFCC90042547A /* yellow_light.png in Resources */ = {isa = PBXBuildFile; fileRef = 9F2DCDCB17ACFCC90042547A /* yellow_light.png */; };
		9F2DCE2417AD1A360042547A /* DashBoardCell.m in Sources */ = {isa = PBXBuildFile; fileRef = 9F2DCE2317AD1A350042547A /* DashBoardCell.m */; };
		9F5D899217ABF23D00546FBB /* UIKit.framework in Frameworks */ = {isa = PBXBuildFile; fileRef = 9F5D899117ABF23D00546FBB /* UIKit.framework */; };
		9F5D899417ABF23D00546FBB /* Foundation.framework in Frameworks */ = {isa = PBXBuildFile; fileRef = 9F5D899317ABF23D00546FBB /* Foundation.framework */; };
		9F5D899617ABF23D00546FBB /* CoreGraphics.framework in Frameworks */ = {isa = PBXBuildFile; fileRef = 9F5D899517ABF23D00546FBB /* CoreGraphics.framework */; };
		9F5D899C17ABF23D00546FBB /* InfoPlist.strings in Resources */ = {isa = PBXBuildFile; fileRef = 9F5D899A17ABF23D00546FBB /* InfoPlist.strings */; };
		9F5D899E17ABF23D00546FBB /* main.m in Sources */ = {isa = PBXBuildFile; fileRef = 9F5D899D17ABF23D00546FBB /* main.m */; };
		9F5D89A217ABF23D00546FBB /* AppDelegate.m in Sources */ = {isa = PBXBuildFile; fileRef = 9F5D89A117ABF23D00546FBB /* AppDelegate.m */; };
		9F5D89A417ABF23D00546FBB /* Default.png in Resources */ = {isa = PBXBuildFile; fileRef = 9F5D89A317ABF23D00546FBB /* Default.png */; };
		9F5D89A617ABF23D00546FBB /* Default@2x.png in Resources */ = {isa = PBXBuildFile; fileRef = 9F5D89A517ABF23D00546FBB /* Default@2x.png */; };
		9F5D89A817ABF23D00546FBB /* Default-568h@2x.png in Resources */ = {isa = PBXBuildFile; fileRef = 9F5D89A717ABF23D00546FBB /* Default-568h@2x.png */; };
/* End PBXBuildFile section */

/* Begin PBXFileReference section */
		1C0D533517B0E00000581747 /* Persistence.h */ = {isa = PBXFileReference; fileEncoding = 4; lastKnownFileType = sourcecode.c.h; path = Persistence.h; sourceTree = "<group>"; };
		1C0D533617B0E00000581747 /* Persistence.m */ = {isa = PBXFileReference; fileEncoding = 4; lastKnownFileType = sourcecode.c.objc; path = Persistence.m; sourceTree = "<group>"; };
		1C1896EA17B1D769006402CF /* RecordInfo.h */ = {isa = PBXFileReference; fileEncoding = 4; lastKnownFileType = sourcecode.c.h; path = RecordInfo.h; sourceTree = "<group>"; };
		1C1896EB17B1D769006402CF /* RecordInfo.m */ = {isa = PBXFileReference; fileEncoding = 4; lastKnownFileType = sourcecode.c.objc; path = RecordInfo.m; sourceTree = "<group>"; };
		1C32B92A17AF5B09005EE345 /* AVFoundation.framework */ = {isa = PBXFileReference; lastKnownFileType = wrapper.framework; name = AVFoundation.framework; path = System/Library/Frameworks/AVFoundation.framework; sourceTree = SDKROOT; };
		1C51CDC817AF710400E451C2 /* SliderCell.xib */ = {isa = PBXFileReference; fileEncoding = 4; lastKnownFileType = file.xib; path = SliderCell.xib; sourceTree = "<group>"; };
		9F2082A617ADE239009BF64E /* FoldersViewController.h */ = {isa = PBXFileReference; fileEncoding = 4; lastKnownFileType = sourcecode.c.h; path = FoldersViewController.h; sourceTree = "<group>"; };
		9F2082A717ADE239009BF64E /* FoldersViewController.m */ = {isa = PBXFileReference; fileEncoding = 4; lastKnownFileType = sourcecode.c.objc; path = FoldersViewController.m; sourceTree = "<group>"; };
		9F2082A817ADE239009BF64E /* FoldersViewController.xib */ = {isa = PBXFileReference; fileEncoding = 4; lastKnownFileType = file.xib; path = FoldersViewController.xib; sourceTree = "<group>"; };
		9F2082AB17AE361E009BF64E /* QuartzCore.framework */ = {isa = PBXFileReference; lastKnownFileType = wrapper.framework; name = QuartzCore.framework; path = System/Library/Frameworks/QuartzCore.framework; sourceTree = SDKROOT; };
		9F2082AE17AE5823009BF64E /* FolderCell.xib */ = {isa = PBXFileReference; fileEncoding = 4; lastKnownFileType = file.xib; path = FolderCell.xib; sourceTree = "<group>"; };
		9F2082B017AE761C009BF64E /* FolderCell.h */ = {isa = PBXFileReference; fileEncoding = 4; lastKnownFileType = sourcecode.c.h; path = FolderCell.h; sourceTree = "<group>"; };
		9F2082B117AE761C009BF64E /* FolderCell.m */ = {isa = PBXFileReference; fileEncoding = 4; lastKnownFileType = sourcecode.c.objc; path = FolderCell.m; sourceTree = "<group>"; };
		9F2DCD5D17AC99340042547A /* RootViewController.h */ = {isa = PBXFileReference; fileEncoding = 4; lastKnownFileType = sourcecode.c.h; path = RootViewController.h; sourceTree = "<group>"; };
		9F2DCD5E17AC99340042547A /* RootViewController.m */ = {isa = PBXFileReference; fileEncoding = 4; lastKnownFileType = sourcecode.c.objc; path = RootViewController.m; sourceTree = "<group>"; };
		9F2DCD5F17AC99340042547A /* RootViewController.xib */ = {isa = PBXFileReference; fileEncoding = 4; lastKnownFileType = file.xib; path = RootViewController.xib; sourceTree = "<group>"; };
		9F2DCD6217ACDCA80042547A /* RecordingViewController.h */ = {isa = PBXFileReference; fileEncoding = 4; lastKnownFileType = sourcecode.c.h; name = RecordingViewController.h; path = Recording/RecordingViewController.h; sourceTree = "<group>"; };
		9F2DCD6317ACDCA80042547A /* RecordingViewController.m */ = {isa = PBXFileReference; fileEncoding = 4; lastKnownFileType = sourcecode.c.objc; name = RecordingViewController.m; path = Recording/RecordingViewController.m; sourceTree = "<group>"; };
		9F2DCD6417ACDCA80042547A /* RecordingViewController.xib */ = {isa = PBXFileReference; fileEncoding = 4; lastKnownFileType = file.xib; name = RecordingViewController.xib; path = Recording/RecordingViewController.xib; sourceTree = "<group>"; };
		9F2DCD7317ACFBB00042547A /* DashBoardCell.xib */ = {isa = PBXFileReference; fileEncoding = 4; lastKnownFileType = file.xib; path = DashBoardCell.xib; sourceTree = "<group>"; };
		9F2DCD7617ACFCC80042547A /* add_tag.png */ = {isa = PBXFileReference; lastKnownFileType = image.png; path = add_tag.png; sourceTree = "<group>"; };
		9F2DCD7717ACFCC80042547A /* arrow_icon.png */ = {isa = PBXFileReference; lastKnownFileType = image.png; path = arrow_icon.png; sourceTree = "<group>"; };
		9F2DCD7817ACFCC80042547A /* arrow_with_circle.png */ = {isa = PBXFileReference; lastKnownFileType = image.png; path = arrow_with_circle.png; sourceTree = "<group>"; };
		9F2DCD7917ACFCC80042547A /* audio_on_icon.png */ = {isa = PBXFileReference; lastKnownFileType = image.png; path = audio_on_icon.png; sourceTree = "<group>"; };
		9F2DCD7A17ACFCC80042547A /* audioplaylist_icon.png */ = {isa = PBXFileReference; lastKnownFileType = image.png; path = audioplaylist_icon.png; sourceTree = "<group>"; };
		9F2DCD7B17ACFCC80042547A /* bckgd.png */ = {isa = PBXFileReference; lastKnownFileType = image.png; path = bckgd.png; sourceTree = "<group>"; };
		9F2DCD7C17ACFCC80042547A /* blueplayer.png */ = {isa = PBXFileReference; lastKnownFileType = image.png; path = blueplayer.png; sourceTree = "<group>"; };
		9F2DCD7D17ACFCC80042547A /* camera_btn.png */ = {isa = PBXFileReference; lastKnownFileType = image.png; path = camera_btn.png; sourceTree = "<group>"; };
		9F2DCD7E17ACFCC80042547A /* camera_btn_background.png */ = {isa = PBXFileReference; lastKnownFileType = image.png; path = camera_btn_background.png; sourceTree = "<group>"; };
		9F2DCD7F17ACFCC80042547A /* camera_settings_btnbckgd.png */ = {isa = PBXFileReference; lastKnownFileType = image.png; path = camera_settings_btnbckgd.png; sourceTree = "<group>"; };
		9F2DCD8017ACFCC80042547A /* cancel_btn.png */ = {isa = PBXFileReference; lastKnownFileType = image.png; path = cancel_btn.png; sourceTree = "<group>"; };
		9F2DCD8117ACFCC80042547A /* cancel_btn_bckgd.png */ = {isa = PBXFileReference; lastKnownFileType = image.png; path = cancel_btn_bckgd.png; sourceTree = "<group>"; };
		9F2DCD8217ACFCC80042547A /* clean_icon.png */ = {isa = PBXFileReference; lastKnownFileType = image.png; path = clean_icon.png; sourceTree = "<group>"; };
		9F2DCD8317ACFCC80042547A /* clip_background.png */ = {isa = PBXFileReference; lastKnownFileType = image.png; path = clip_background.png; sourceTree = "<group>"; };
		9F2DCD8417ACFCC80042547A /* clip_sepector.png */ = {isa = PBXFileReference; lastKnownFileType = image.png; path = clip_sepector.png; sourceTree = "<group>"; };
		9F2DCD8517ACFCC80042547A /* dark_bckgd.png */ = {isa = PBXFileReference; lastKnownFileType = image.png; path = dark_bckgd.png; sourceTree = "<group>"; };
		9F2DCD8617ACFCC80042547A /* dashboard_cell_bckgd.png */ = {isa = PBXFileReference; lastKnownFileType = image.png; path = dashboard_cell_bckgd.png; sourceTree = "<group>"; };
		9F2DCD8717ACFCC80042547A /* dashboard_gray_bckgd.png */ = {isa = PBXFileReference; lastKnownFileType = image.png; path = dashboard_gray_bckgd.png; sourceTree = "<group>"; };
		9F2DCD8817ACFCC80042547A /* Default-568h@2x.png */ = {isa = PBXFileReference; lastKnownFileType = image.png; path = "Default-568h@2x.png"; sourceTree = "<group>"; };
		9F2DCD8917ACFCC80042547A /* Default.png */ = {isa = PBXFileReference; lastKnownFileType = image.png; path = Default.png; sourceTree = "<group>"; };
		9F2DCD8A17ACFCC80042547A /* Default@2x.png */ = {isa = PBXFileReference; lastKnownFileType = image.png; path = "Default@2x.png"; sourceTree = "<group>"; };
		9F2DCD8B17ACFCC80042547A /* delete_icon.png */ = {isa = PBXFileReference; lastKnownFileType = image.png; path = delete_icon.png; sourceTree = "<group>"; };
		9F2DCD8C17ACFCC80042547A /* edit_btn.png */ = {isa = PBXFileReference; lastKnownFileType = image.png; path = edit_btn.png; sourceTree = "<group>"; };
		9F2DCD8D17ACFCC80042547A /* folder_background.png */ = {isa = PBXFileReference; lastKnownFileType = image.png; path = folder_background.png; sourceTree = "<group>"; };
		9F2DCD8E17ACFCC80042547A /* folder_icon.png */ = {isa = PBXFileReference; lastKnownFileType = image.png; path = folder_icon.png; sourceTree = "<group>"; };
		9F2DCD8F17ACFCC80042547A /* forward_btn.png */ = {isa = PBXFileReference; lastKnownFileType = image.png; path = forward_btn.png; sourceTree = "<group>"; };
		9F2DCD9017ACFCC80042547A /* green_light.png */ = {isa = PBXFileReference; lastKnownFileType = image.png; path = green_light.png; sourceTree = "<group>"; };
		9F2DCD9117ACFCC80042547A /* green_play_btn.png */ = {isa = PBXFileReference; lastKnownFileType = image.png; path = green_play_btn.png; sourceTree = "<group>"; };
		9F2DCD9217ACFCC80042547A /* ligne.png */ = {isa = PBXFileReference; lastKnownFileType = image.png; path = ligne.png; sourceTree = "<group>"; };
		9F2DCD9317ACFCC80042547A /* list_btn.png */ = {isa = PBXFileReference; lastKnownFileType = image.png; path = list_btn.png; sourceTree = "<group>"; };
		9F2DCD9417ACFCC80042547A /* loupe_icon.png */ = {isa = PBXFileReference; lastKnownFileType = image.png; path = loupe_icon.png; sourceTree = "<group>"; };
		9F2DCD9517ACFCC80042547A /* navigation_bar_background.png */ = {isa = PBXFileReference; lastKnownFileType = image.png; path = navigation_bar_background.png; sourceTree = "<group>"; };
		9F2DCD9617ACFCC80042547A /* number_bckgd.png */ = {isa = PBXFileReference; lastKnownFileType = image.png; path = number_bckgd.png; sourceTree = "<group>"; };
		9F2DCD9717ACFCC80042547A /* pause_btn.png */ = {isa = PBXFileReference; lastKnownFileType = image.png; path = pause_btn.png; sourceTree = "<group>"; };
		9F2DCD9817ACFCC80042547A /* pause_btn_background.png */ = {isa = PBXFileReference; lastKnownFileType = image.png; path = pause_btn_background.png; sourceTree = "<group>"; };
		9F2DCD9917ACFCC80042547A /* pause_btn_background2.png */ = {isa = PBXFileReference; lastKnownFileType = image.png; path = pause_btn_background2.png; sourceTree = "<group>"; };
		9F2DCD9A17ACFCC80042547A /* picture_cirle_counter.png */ = {isa = PBXFileReference; lastKnownFileType = image.png; path = picture_cirle_counter.png; sourceTree = "<group>"; };
		9F2DCD9B17ACFCC80042547A /* play_btn_bckgd.png */ = {isa = PBXFileReference; lastKnownFileType = image.png; path = play_btn_bckgd.png; sourceTree = "<group>"; };
		9F2DCD9C17ACFCC80042547A /* playlist_roundicon.png */ = {isa = PBXFileReference; lastKnownFileType = image.png; path = playlist_roundicon.png; sourceTree = "<group>"; };
		9F2DCD9D17ACFCC80042547A /* plus_btn.png */ = {isa = PBXFileReference; lastKnownFileType = image.png; path = plus_btn.png; sourceTree = "<group>"; };
		9F2DCD9E17ACFCC80042547A /* progressbar_bluebar.png */ = {isa = PBXFileReference; lastKnownFileType = image.png; path = progressbar_bluebar.png; sourceTree = "<group>"; };
		9F2DCD9F17ACFCC80042547A /* progressbar_btn.png */ = {isa = PBXFileReference; lastKnownFileType = image.png; path = progressbar_btn.png; sourceTree = "<group>"; };
		9F2DCDA017ACFCC80042547A /* progressbar_graybar.png */ = {isa = PBXFileReference; lastKnownFileType = image.png; path = progressbar_graybar.png; sourceTree = "<group>"; };
		9F2DCDA117ACFCC80042547A /* recording_background.png */ = {isa = PBXFileReference; lastKnownFileType = image.png; path = recording_background.png; sourceTree = "<group>"; };
		9F2DCDA217ACFCC80042547A /* recording_btn.png */ = {isa = PBXFileReference; lastKnownFileType = image.png; path = recording_btn.png; sourceTree = "<group>"; };
		9F2DCDA317ACFCC80042547A /* recording_btn_background.png */ = {isa = PBXFileReference; lastKnownFileType = image.png; path = recording_btn_background.png; sourceTree = "<group>"; };
		9F2DCDA417ACFCC80042547A /* recording_icon.png */ = {isa = PBXFileReference; lastKnownFileType = image.png; path = recording_icon.png; sourceTree = "<group>"; };
		9F2DCDA517ACFCC80042547A /* recording_mark.png */ = {isa = PBXFileReference; lastKnownFileType = image.png; path = recording_mark.png; sourceTree = "<group>"; };
		9F2DCDA617ACFCC80042547A /* red_light.png */ = {isa = PBXFileReference; lastKnownFileType = image.png; path = red_light.png; sourceTree = "<group>"; };
		9F2DCDA717ACFCC80042547A /* refresh_icon.png */ = {isa = PBXFileReference; lastKnownFileType = image.png; path = refresh_icon.png; sourceTree = "<group>"; };
		9F2DCDA817ACFCC80042547A /* rewind_btn.png */ = {isa = PBXFileReference; lastKnownFileType = image.png; path = rewind_btn.png; sourceTree = "<group>"; };
		9F2DCDA917ACFCC80042547A /* settings_icon.png */ = {isa = PBXFileReference; lastKnownFileType = image.png; path = settings_icon.png; sourceTree = "<group>"; };
		9F2DCDAA17ACFCC80042547A /* slideshow_bckgd.png */ = {isa = PBXFileReference; lastKnownFileType = image.png; path = slideshow_bckgd.png; sourceTree = "<group>"; };
		9F2DCDAB17ACFCC80042547A /* sound_icon.png */ = {isa = PBXFileReference; lastKnownFileType = image.png; path = sound_icon.png; sourceTree = "<group>"; };
		9F2DCDAC17ACFCC80042547A /* spectrum_bckgd.png */ = {isa = PBXFileReference; lastKnownFileType = image.png; path = spectrum_bckgd.png; sourceTree = "<group>"; };
		9F2DCDAD17ACFCC80042547A /* stop_btn.png */ = {isa = PBXFileReference; lastKnownFileType = image.png; path = stop_btn.png; sourceTree = "<group>"; };
		9F2DCDAE17ACFCC80042547A /* stop_btn_background.png */ = {isa = PBXFileReference; lastKnownFileType = image.png; path = stop_btn_background.png; sourceTree = "<group>"; };
		9F2DCDAF17ACFCC80042547A /* tag_bckgd.png */ = {isa = PBXFileReference; lastKnownFileType = image.png; path = tag_bckgd.png; sourceTree = "<group>"; };
		9F2DCDB017ACFCC80042547A /* tag_box.png */ = {isa = PBXFileReference; lastKnownFileType = image.png; path = tag_box.png; sourceTree = "<group>"; };
		9F2DCDB117ACFCC80042547A /* tag_cell_bckgd.png */ = {isa = PBXFileReference; lastKnownFileType = image.png; path = tag_cell_bckgd.png; sourceTree = "<group>"; };
		9F2DCDB217ACFCC80042547A /* tag_edit_bckgd.png */ = {isa = PBXFileReference; lastKnownFileType = image.png; path = tag_edit_bckgd.png; sourceTree = "<group>"; };
		9F2DCDB317ACFCC80042547A /* tag_icon.png */ = {isa = PBXFileReference; lastKnownFileType = image.png; path = tag_icon.png; sourceTree = "<group>"; };
		9F2DCDB417ACFCC80042547A /* thumb_bckgd.png */ = {isa = PBXFileReference; lastKnownFileType = image.png; path = thumb_bckgd.png; sourceTree = "<group>"; };
		9F2DCDB517ACFCC80042547A /* thumbnail_background.png */ = {isa = PBXFileReference; lastKnownFileType = image.png; path = thumbnail_background.png; sourceTree = "<group>"; };
		9F2DCDB617ACFCC80042547A /* thumbnail_bckgd.png */ = {isa = PBXFileReference; lastKnownFileType = image.png; path = thumbnail_bckgd.png; sourceTree = "<group>"; };
		9F2DCDB717ACFCC80042547A /* thumbnail_linearbckgd.png */ = {isa = PBXFileReference; lastKnownFileType = image.png; path = thumbnail_linearbckgd.png; sourceTree = "<group>"; };
		9F2DCDB817ACFCC80042547A /* toolset_background.png */ = {isa = PBXFileReference; lastKnownFileType = image.png; path = toolset_background.png; sourceTree = "<group>"; };
		9F2DCDB917ACFCC90042547A /* toolset_folder.png */ = {isa = PBXFileReference; lastKnownFileType = image.png; path = toolset_folder.png; sourceTree = "<group>"; };
		9F2DCDBA17ACFCC90042547A /* toolset_note.png */ = {isa = PBXFileReference; lastKnownFileType = image.png; path = toolset_note.png; sourceTree = "<group>"; };
		9F2DCDBB17ACFCC90042547A /* toolset_picture.png */ = {isa = PBXFileReference; lastKnownFileType = image.png; path = toolset_picture.png; sourceTree = "<group>"; };
		9F2DCDBC17ACFCC90042547A /* toolset_settings.png */ = {isa = PBXFileReference; lastKnownFileType = image.png; path = toolset_settings.png; sourceTree = "<group>"; };
		9F2DCDBD17ACFCC90042547A /* toolset_share.png */ = {isa = PBXFileReference; lastKnownFileType = image.png; path = toolset_share.png; sourceTree = "<group>"; };
		9F2DCDBE17ACFCC90042547A /* toolset_slideshow.png */ = {isa = PBXFileReference; lastKnownFileType = image.png; path = toolset_slideshow.png; sourceTree = "<group>"; };
		9F2DCDBF17ACFCC90042547A /* toolset_tag.png */ = {isa = PBXFileReference; lastKnownFileType = image.png; path = toolset_tag.png; sourceTree = "<group>"; };
		9F2DCDC017ACFCC90042547A /* toolset_tag_medium.png */ = {isa = PBXFileReference; lastKnownFileType = image.png; path = toolset_tag_medium.png; sourceTree = "<group>"; };
		9F2DCDC117ACFCC90042547A /* toolset_trim.png */ = {isa = PBXFileReference; lastKnownFileType = image.png; path = toolset_trim.png; sourceTree = "<group>"; };
		9F2DCDC217ACFCC90042547A /* Trim.png */ = {isa = PBXFileReference; lastKnownFileType = image.png; path = Trim.png; sourceTree = "<group>"; };
		9F2DCDC317ACFCC90042547A /* Trim_btn_bckgd.png */ = {isa = PBXFileReference; lastKnownFileType = image.png; path = Trim_btn_bckgd.png; sourceTree = "<group>"; };
		9F2DCDC417ACFCC90042547A /* trim_drag_left.png */ = {isa = PBXFileReference; lastKnownFileType = image.png; path = trim_drag_left.png; sourceTree = "<group>"; };
		9F2DCDC517ACFCC90042547A /* trim_drag_right.png */ = {isa = PBXFileReference; lastKnownFileType = image.png; path = trim_drag_right.png; sourceTree = "<group>"; };
		9F2DCDC617ACFCC90042547A /* Trim_orange_btn.png */ = {isa = PBXFileReference; lastKnownFileType = image.png; path = Trim_orange_btn.png; sourceTree = "<group>"; };
		9F2DCDC717ACFCC90042547A /* voice_main_ctl_background.png */ = {isa = PBXFileReference; lastKnownFileType = image.png; path = voice_main_ctl_background.png; sourceTree = "<group>"; };
		9F2DCDC817ACFCC90042547A /* white_arrow.png */ = {isa = PBXFileReference; lastKnownFileType = image.png; path = white_arrow.png; sourceTree = "<group>"; };
		9F2DCDC917ACFCC90042547A /* whitearrow_bckg_icon.png */ = {isa = PBXFileReference; lastKnownFileType = image.png; path = whitearrow_bckg_icon.png; sourceTree = "<group>"; };
		9F2DCDCA17ACFCC90042547A /* whitearrow_icon.png */ = {isa = PBXFileReference; lastKnownFileType = image.png; path = whitearrow_icon.png; sourceTree = "<group>"; };
		9F2DCDCB17ACFCC90042547A /* yellow_light.png */ = {isa = PBXFileReference; lastKnownFileType = image.png; path = yellow_light.png; sourceTree = "<group>"; };
		9F2DCE2217AD1A350042547A /* DashBoardCell.h */ = {isa = PBXFileReference; fileEncoding = 4; lastKnownFileType = sourcecode.c.h; path = DashBoardCell.h; sourceTree = "<group>"; };
		9F2DCE2317AD1A350042547A /* DashBoardCell.m */ = {isa = PBXFileReference; fileEncoding = 4; lastKnownFileType = sourcecode.c.objc; path = DashBoardCell.m; sourceTree = "<group>"; };
		9F5D898E17ABF23D00546FBB /* DashBoard.app */ = {isa = PBXFileReference; explicitFileType = wrapper.application; includeInIndex = 0; path = DashBoard.app; sourceTree = BUILT_PRODUCTS_DIR; };
		9F5D899117ABF23D00546FBB /* UIKit.framework */ = {isa = PBXFileReference; lastKnownFileType = wrapper.framework; name = UIKit.framework; path = System/Library/Frameworks/UIKit.framework; sourceTree = SDKROOT; };
		9F5D899317ABF23D00546FBB /* Foundation.framework */ = {isa = PBXFileReference; lastKnownFileType = wrapper.framework; name = Foundation.framework; path = System/Library/Frameworks/Foundation.framework; sourceTree = SDKROOT; };
		9F5D899517ABF23D00546FBB /* CoreGraphics.framework */ = {isa = PBXFileReference; lastKnownFileType = wrapper.framework; name = CoreGraphics.framework; path = System/Library/Frameworks/CoreGraphics.framework; sourceTree = SDKROOT; };
		9F5D899917ABF23D00546FBB /* DashBoard-Info.plist */ = {isa = PBXFileReference; lastKnownFileType = text.plist.xml; path = "DashBoard-Info.plist"; sourceTree = "<group>"; };
		9F5D899B17ABF23D00546FBB /* en */ = {isa = PBXFileReference; lastKnownFileType = text.plist.strings; name = en; path = en.lproj/InfoPlist.strings; sourceTree = "<group>"; };
		9F5D899D17ABF23D00546FBB /* main.m */ = {isa = PBXFileReference; lastKnownFileType = sourcecode.c.objc; path = main.m; sourceTree = "<group>"; };
		9F5D899F17ABF23D00546FBB /* DashBoard-Prefix.pch */ = {isa = PBXFileReference; lastKnownFileType = sourcecode.c.h; path = "DashBoard-Prefix.pch"; sourceTree = "<group>"; };
		9F5D89A017ABF23D00546FBB /* AppDelegate.h */ = {isa = PBXFileReference; lastKnownFileType = sourcecode.c.h; path = AppDelegate.h; sourceTree = "<group>"; };
		9F5D89A117ABF23D00546FBB /* AppDelegate.m */ = {isa = PBXFileReference; lastKnownFileType = sourcecode.c.objc; path = AppDelegate.m; sourceTree = "<group>"; };
		9F5D89A317ABF23D00546FBB /* Default.png */ = {isa = PBXFileReference; lastKnownFileType = image.png; path = Default.png; sourceTree = "<group>"; };
		9F5D89A517ABF23D00546FBB /* Default@2x.png */ = {isa = PBXFileReference; lastKnownFileType = image.png; path = "Default@2x.png"; sourceTree = "<group>"; };
		9F5D89A717ABF23D00546FBB /* Default-568h@2x.png */ = {isa = PBXFileReference; lastKnownFileType = image.png; path = "Default-568h@2x.png"; sourceTree = "<group>"; };
/* End PBXFileReference section */

/* Begin PBXFrameworksBuildPhase section */
		9F5D898B17ABF23D00546FBB /* Frameworks */ = {
			isa = PBXFrameworksBuildPhase;
			buildActionMask = 2147483647;
			files = (
				1C32B92B17AF5B09005EE345 /* AVFoundation.framework in Frameworks */,
				9F2082AC17AE361E009BF64E /* QuartzCore.framework in Frameworks */,
				9F5D899217ABF23D00546FBB /* UIKit.framework in Frameworks */,
				9F5D899417ABF23D00546FBB /* Foundation.framework in Frameworks */,
				9F5D899617ABF23D00546FBB /* CoreGraphics.framework in Frameworks */,
			);
			runOnlyForDeploymentPostprocessing = 0;
		};
/* End PBXFrameworksBuildPhase section */

/* Begin PBXGroup section */
		1C32B92617AF4440005EE345 /* Global */ = {
			isa = PBXGroup;
			children = (
				1C0D533517B0E00000581747 /* Persistence.h */,
				1C0D533617B0E00000581747 /* Persistence.m */,
			);
			name = Global;
			sourceTree = "<group>";
		};
		9F2082A517ADE1E8009BF64E /* Folders */ = {
			isa = PBXGroup;
			children = (
				9F2082AD17AE57C9009BF64E /* Cell */,
				9F2082A617ADE239009BF64E /* FoldersViewController.h */,
				9F2082A717ADE239009BF64E /* FoldersViewController.m */,
				9F2082A817ADE239009BF64E /* FoldersViewController.xib */,
				1C1896EA17B1D769006402CF /* RecordInfo.h */,
				1C1896EB17B1D769006402CF /* RecordInfo.m */,
			);
			name = Folders;
			sourceTree = "<group>";
		};
		9F2082AD17AE57C9009BF64E /* Cell */ = {
			isa = PBXGroup;
			children = (
				9F2082AE17AE5823009BF64E /* FolderCell.xib */,
				1C51CDC817AF710400E451C2 /* SliderCell.xib */,
				9F2082B017AE761C009BF64E /* FolderCell.h */,
				9F2082B117AE761C009BF64E /* FolderCell.m */,
			);
			name = Cell;
			sourceTree = "<group>";
		};
		9F2DCD6717ACDCB40042547A /* Recording */ = {
			isa = PBXGroup;
			children = (
				9F2DCD6217ACDCA80042547A /* RecordingViewController.h */,
				9F2DCD6317ACDCA80042547A /* RecordingViewController.m */,
				9F2DCD6417ACDCA80042547A /* RecordingViewController.xib */,
			);
			name = Recording;
			sourceTree = "<group>";
		};
		9F2DCD6817ACDCCC0042547A /* RootViewController */ = {
			isa = PBXGroup;
			children = (
				9F2DCD6917ACDD4C0042547A /* Cell */,
				9F5D89A017ABF23D00546FBB /* AppDelegate.h */,
				9F5D89A117ABF23D00546FBB /* AppDelegate.m */,
				9F2DCD5D17AC99340042547A /* RootViewController.h */,
				9F2DCD5E17AC99340042547A /* RootViewController.m */,
				9F2DCD5F17AC99340042547A /* RootViewController.xib */,
			);
			name = RootViewController;
			sourceTree = "<group>";
		};
		9F2DCD6917ACDD4C0042547A /* Cell */ = {
			isa = PBXGroup;
			children = (
				9F2DCD7317ACFBB00042547A /* DashBoardCell.xib */,
				9F2DCE2217AD1A350042547A /* DashBoardCell.h */,
				9F2DCE2317AD1A350042547A /* DashBoardCell.m */,
			);
			name = Cell;
			sourceTree = "<group>";
		};
		9F2DCD7517ACFCC80042547A /* image */ = {
			isa = PBXGroup;
			children = (
				9F2DCD7617ACFCC80042547A /* add_tag.png */,
				9F2DCD7717ACFCC80042547A /* arrow_icon.png */,
				9F2DCD7817ACFCC80042547A /* arrow_with_circle.png */,
				9F2DCD7917ACFCC80042547A /* audio_on_icon.png */,
				9F2DCD7A17ACFCC80042547A /* audioplaylist_icon.png */,
				9F2DCD7B17ACFCC80042547A /* bckgd.png */,
				9F2DCD7C17ACFCC80042547A /* blueplayer.png */,
				9F2DCD7D17ACFCC80042547A /* camera_btn.png */,
				9F2DCD7E17ACFCC80042547A /* camera_btn_background.png */,
				9F2DCD7F17ACFCC80042547A /* camera_settings_btnbckgd.png */,
				9F2DCD8017ACFCC80042547A /* cancel_btn.png */,
				9F2DCD8117ACFCC80042547A /* cancel_btn_bckgd.png */,
				9F2DCD8217ACFCC80042547A /* clean_icon.png */,
				9F2DCD8317ACFCC80042547A /* clip_background.png */,
				9F2DCD8417ACFCC80042547A /* clip_sepector.png */,
				9F2DCD8517ACFCC80042547A /* dark_bckgd.png */,
				9F2DCD8617ACFCC80042547A /* dashboard_cell_bckgd.png */,
				9F2DCD8717ACFCC80042547A /* dashboard_gray_bckgd.png */,
				9F2DCD8817ACFCC80042547A /* Default-568h@2x.png */,
				9F2DCD8917ACFCC80042547A /* Default.png */,
				9F2DCD8A17ACFCC80042547A /* Default@2x.png */,
				9F2DCD8B17ACFCC80042547A /* delete_icon.png */,
				9F2DCD8C17ACFCC80042547A /* edit_btn.png */,
				9F2DCD8D17ACFCC80042547A /* folder_background.png */,
				9F2DCD8E17ACFCC80042547A /* folder_icon.png */,
				9F2DCD8F17ACFCC80042547A /* forward_btn.png */,
				9F2DCD9017ACFCC80042547A /* green_light.png */,
				9F2DCD9117ACFCC80042547A /* green_play_btn.png */,
				9F2DCD9217ACFCC80042547A /* ligne.png */,
				9F2DCD9317ACFCC80042547A /* list_btn.png */,
				9F2DCD9417ACFCC80042547A /* loupe_icon.png */,
				9F2DCD9517ACFCC80042547A /* navigation_bar_background.png */,
				9F2DCD9617ACFCC80042547A /* number_bckgd.png */,
				9F2DCD9717ACFCC80042547A /* pause_btn.png */,
				9F2DCD9817ACFCC80042547A /* pause_btn_background.png */,
				9F2DCD9917ACFCC80042547A /* pause_btn_background2.png */,
				9F2DCD9A17ACFCC80042547A /* picture_cirle_counter.png */,
				9F2DCD9B17ACFCC80042547A /* play_btn_bckgd.png */,
				9F2DCD9C17ACFCC80042547A /* playlist_roundicon.png */,
				9F2DCD9D17ACFCC80042547A /* plus_btn.png */,
				9F2DCD9E17ACFCC80042547A /* progressbar_bluebar.png */,
				9F2DCD9F17ACFCC80042547A /* progressbar_btn.png */,
				9F2DCDA017ACFCC80042547A /* progressbar_graybar.png */,
				9F2DCDA117ACFCC80042547A /* recording_background.png */,
				9F2DCDA217ACFCC80042547A /* recording_btn.png */,
				9F2DCDA317ACFCC80042547A /* recording_btn_background.png */,
				9F2DCDA417ACFCC80042547A /* recording_icon.png */,
				9F2DCDA517ACFCC80042547A /* recording_mark.png */,
				9F2DCDA617ACFCC80042547A /* red_light.png */,
				9F2DCDA717ACFCC80042547A /* refresh_icon.png */,
				9F2DCDA817ACFCC80042547A /* rewind_btn.png */,
				9F2DCDA917ACFCC80042547A /* settings_icon.png */,
				9F2DCDAA17ACFCC80042547A /* slideshow_bckgd.png */,
				9F2DCDAB17ACFCC80042547A /* sound_icon.png */,
				9F2DCDAC17ACFCC80042547A /* spectrum_bckgd.png */,
				9F2DCDAD17ACFCC80042547A /* stop_btn.png */,
				9F2DCDAE17ACFCC80042547A /* stop_btn_background.png */,
				9F2DCDAF17ACFCC80042547A /* tag_bckgd.png */,
				9F2DCDB017ACFCC80042547A /* tag_box.png */,
				9F2DCDB117ACFCC80042547A /* tag_cell_bckgd.png */,
				9F2DCDB217ACFCC80042547A /* tag_edit_bckgd.png */,
				9F2DCDB317ACFCC80042547A /* tag_icon.png */,
				9F2DCDB417ACFCC80042547A /* thumb_bckgd.png */,
				9F2DCDB517ACFCC80042547A /* thumbnail_background.png */,
				9F2DCDB617ACFCC80042547A /* thumbnail_bckgd.png */,
				9F2DCDB717ACFCC80042547A /* thumbnail_linearbckgd.png */,
				9F2DCDB817ACFCC80042547A /* toolset_background.png */,
				9F2DCDB917ACFCC90042547A /* toolset_folder.png */,
				9F2DCDBA17ACFCC90042547A /* toolset_note.png */,
				9F2DCDBB17ACFCC90042547A /* toolset_picture.png */,
				9F2DCDBC17ACFCC90042547A /* toolset_settings.png */,
				9F2DCDBD17ACFCC90042547A /* toolset_share.png */,
				9F2DCDBE17ACFCC90042547A /* toolset_slideshow.png */,
				9F2DCDBF17ACFCC90042547A /* toolset_tag.png */,
				9F2DCDC017ACFCC90042547A /* toolset_tag_medium.png */,
				9F2DCDC117ACFCC90042547A /* toolset_trim.png */,
				9F2DCDC217ACFCC90042547A /* Trim.png */,
				9F2DCDC317ACFCC90042547A /* Trim_btn_bckgd.png */,
				9F2DCDC417ACFCC90042547A /* trim_drag_left.png */,
				9F2DCDC517ACFCC90042547A /* trim_drag_right.png */,
				9F2DCDC617ACFCC90042547A /* Trim_orange_btn.png */,
				9F2DCDC717ACFCC90042547A /* voice_main_ctl_background.png */,
				9F2DCDC817ACFCC90042547A /* white_arrow.png */,
				9F2DCDC917ACFCC90042547A /* whitearrow_bckg_icon.png */,
				9F2DCDCA17ACFCC90042547A /* whitearrow_icon.png */,
				9F2DCDCB17ACFCC90042547A /* yellow_light.png */,
			);
			path = image;
			sourceTree = "<group>";
		};
		9F5D898517ABF23D00546FBB = {
			isa = PBXGroup;
			children = (
				9F5D899717ABF23D00546FBB /* DashBoard */,
				9F5D899017ABF23D00546FBB /* Frameworks */,
				9F5D898F17ABF23D00546FBB /* Products */,
			);
			sourceTree = "<group>";
		};
		9F5D898F17ABF23D00546FBB /* Products */ = {
			isa = PBXGroup;
			children = (
				9F5D898E17ABF23D00546FBB /* DashBoard.app */,
			);
			name = Products;
			sourceTree = "<group>";
		};
		9F5D899017ABF23D00546FBB /* Frameworks */ = {
			isa = PBXGroup;
			children = (
				1C32B92A17AF5B09005EE345 /* AVFoundation.framework */,
				9F2082AB17AE361E009BF64E /* QuartzCore.framework */,
				9F5D899117ABF23D00546FBB /* UIKit.framework */,
				9F5D899317ABF23D00546FBB /* Foundation.framework */,
				9F5D899517ABF23D00546FBB /* CoreGraphics.framework */,
			);
			name = Frameworks;
			sourceTree = "<group>";
		};
		9F5D899717ABF23D00546FBB /* DashBoard */ = {
			isa = PBXGroup;
			children = (
				1C32B92617AF4440005EE345 /* Global */,
				9F2DCD6817ACDCCC0042547A /* RootViewController */,
				9F2DCD6717ACDCB40042547A /* Recording */,
				9F2082A517ADE1E8009BF64E /* Folders */,
				9F5D899817ABF23D00546FBB /* Supporting Files */,
			);
			path = DashBoard;
			sourceTree = "<group>";
		};
		9F5D899817ABF23D00546FBB /* Supporting Files */ = {
			isa = PBXGroup;
			children = (
				9F2DCD7517ACFCC80042547A /* image */,
				9F5D899917ABF23D00546FBB /* DashBoard-Info.plist */,
				9F5D899A17ABF23D00546FBB /* InfoPlist.strings */,
				9F5D899D17ABF23D00546FBB /* main.m */,
				9F5D899F17ABF23D00546FBB /* DashBoard-Prefix.pch */,
				9F5D89A317ABF23D00546FBB /* Default.png */,
				9F5D89A517ABF23D00546FBB /* Default@2x.png */,
				9F5D89A717ABF23D00546FBB /* Default-568h@2x.png */,
			);
			name = "Supporting Files";
			sourceTree = "<group>";
		};
/* End PBXGroup section */

/* Begin PBXNativeTarget section */
		9F5D898D17ABF23D00546FBB /* DashBoard */ = {
			isa = PBXNativeTarget;
			buildConfigurationList = 9F5D89AB17ABF23D00546FBB /* Build configuration list for PBXNativeTarget "DashBoard" */;
			buildPhases = (
				9F5D898A17ABF23D00546FBB /* Sources */,
				9F5D898B17ABF23D00546FBB /* Frameworks */,
				9F5D898C17ABF23D00546FBB /* Resources */,
			);
			buildRules = (
			);
			dependencies = (
			);
			name = DashBoard;
			productName = DashBoard;
			productReference = 9F5D898E17ABF23D00546FBB /* DashBoard.app */;
			productType = "com.apple.product-type.application";
		};
/* End PBXNativeTarget section */

/* Begin PBXProject section */
		9F5D898617ABF23D00546FBB /* Project object */ = {
			isa = PBXProject;
			attributes = {
				LastUpgradeCheck = 0460;
				ORGANIZATIONNAME = DiLunTech;
			};
			buildConfigurationList = 9F5D898917ABF23D00546FBB /* Build configuration list for PBXProject "DashBoard" */;
			compatibilityVersion = "Xcode 3.2";
			developmentRegion = English;
			hasScannedForEncodings = 0;
			knownRegions = (
				en,
			);
			mainGroup = 9F5D898517ABF23D00546FBB;
			productRefGroup = 9F5D898F17ABF23D00546FBB /* Products */;
			projectDirPath = "";
			projectRoot = "";
			targets = (
				9F5D898D17ABF23D00546FBB /* DashBoard */,
			);
		};
/* End PBXProject section */

/* Begin PBXResourcesBuildPhase section */
		9F5D898C17ABF23D00546FBB /* Resources */ = {
			isa = PBXResourcesBuildPhase;
			buildActionMask = 2147483647;
			files = (
				9F5D899C17ABF23D00546FBB /* InfoPlist.strings in Resources */,
				9F5D89A417ABF23D00546FBB /* Default.png in Resources */,
				9F5D89A617ABF23D00546FBB /* Default@2x.png in Resources */,
				9F5D89A817ABF23D00546FBB /* Default-568h@2x.png in Resources */,
				9F2DCD6117AC99340042547A /* RootViewController.xib in Resources */,
				9F2DCD6617ACDCA80042547A /* RecordingViewController.xib in Resources */,
				9F2DCD7417ACFBB00042547A /* DashBoardCell.xib in Resources */,
				9F2DCDCC17ACFCC90042547A /* add_tag.png in Resources */,
				9F2DCDCD17ACFCC90042547A /* arrow_icon.png in Resources */,
				9F2DCDCE17ACFCC90042547A /* arrow_with_circle.png in Resources */,
				9F2DCDCF17ACFCC90042547A /* audio_on_icon.png in Resources */,
				9F2DCDD017ACFCC90042547A /* audioplaylist_icon.png in Resources */,
				9F2DCDD117ACFCC90042547A /* bckgd.png in Resources */,
				9F2DCDD217ACFCC90042547A /* blueplayer.png in Resources */,
				9F2DCDD317ACFCC90042547A /* camera_btn.png in Resources */,
				9F2DCDD417ACFCC90042547A /* camera_btn_background.png in Resources */,
				9F2DCDD517ACFCC90042547A /* camera_settings_btnbckgd.png in Resources */,
				9F2DCDD617ACFCC90042547A /* cancel_btn.png in Resources */,
				9F2DCDD717ACFCC90042547A /* cancel_btn_bckgd.png in Resources */,
				9F2DCDD817ACFCC90042547A /* clean_icon.png in Resources */,
				9F2DCDD917ACFCC90042547A /* clip_background.png in Resources */,
				9F2DCDDA17ACFCC90042547A /* clip_sepector.png in Resources */,
				9F2DCDDB17ACFCC90042547A /* dark_bckgd.png in Resources */,
				9F2DCDDC17ACFCC90042547A /* dashboard_cell_bckgd.png in Resources */,
				9F2DCDDD17ACFCC90042547A /* dashboard_gray_bckgd.png in Resources */,
				9F2DCDDE17ACFCC90042547A /* Default-568h@2x.png in Resources */,
				9F2DCDDF17ACFCC90042547A /* Default.png in Resources */,
				9F2DCDE017ACFCC90042547A /* Default@2x.png in Resources */,
				9F2DCDE117ACFCC90042547A /* delete_icon.png in Resources */,
				9F2DCDE217ACFCC90042547A /* edit_btn.png in Resources */,
				9F2DCDE317ACFCC90042547A /* folder_background.png in Resources */,
				9F2DCDE417ACFCC90042547A /* folder_icon.png in Resources */,
				9F2DCDE517ACFCC90042547A /* forward_btn.png in Resources */,
				9F2DCDE617ACFCC90042547A /* green_light.png in Resources */,
				9F2DCDE717ACFCC90042547A /* green_play_btn.png in Resources */,
				9F2DCDE817ACFCC90042547A /* ligne.png in Resources */,
				9F2DCDE917ACFCC90042547A /* list_btn.png in Resources */,
				9F2DCDEA17ACFCC90042547A /* loupe_icon.png in Resources */,
				9F2DCDEB17ACFCC90042547A /* navigation_bar_background.png in Resources */,
				9F2DCDEC17ACFCC90042547A /* number_bckgd.png in Resources */,
				9F2DCDED17ACFCC90042547A /* pause_btn.png in Resources */,
				9F2DCDEE17ACFCC90042547A /* pause_btn_background.png in Resources */,
				9F2DCDEF17ACFCC90042547A /* pause_btn_background2.png in Resources */,
				9F2DCDF017ACFCC90042547A /* picture_cirle_counter.png in Resources */,
				9F2DCDF117ACFCC90042547A /* play_btn_bckgd.png in Resources */,
				9F2DCDF217ACFCC90042547A /* playlist_roundicon.png in Resources */,
				9F2DCDF317ACFCC90042547A /* plus_btn.png in Resources */,
				9F2DCDF417ACFCC90042547A /* progressbar_bluebar.png in Resources */,
				9F2DCDF517ACFCC90042547A /* progressbar_btn.png in Resources */,
				9F2DCDF617ACFCC90042547A /* progressbar_graybar.png in Resources */,
				9F2DCDF717ACFCC90042547A /* recording_background.png in Resources */,
				9F2DCDF817ACFCC90042547A /* recording_btn.png in Resources */,
				9F2DCDF917ACFCC90042547A /* recording_btn_background.png in Resources */,
				9F2DCDFA17ACFCC90042547A /* recording_icon.png in Resources */,
				9F2DCDFB17ACFCC90042547A /* recording_mark.png in Resources */,
				9F2DCDFC17ACFCC90042547A /* red_light.png in Resources */,
				9F2DCDFD17ACFCC90042547A /* refresh_icon.png in Resources */,
				9F2DCDFE17ACFCC90042547A /* rewind_btn.png in Resources */,
				9F2DCDFF17ACFCC90042547A /* settings_icon.png in Resources */,
				9F2DCE0017ACFCC90042547A /* slideshow_bckgd.png in Resources */,
				9F2DCE0117ACFCC90042547A /* sound_icon.png in Resources */,
				9F2DCE0217ACFCC90042547A /* spectrum_bckgd.png in Resources */,
				9F2DCE0317ACFCC90042547A /* stop_btn.png in Resources */,
				9F2DCE0417ACFCC90042547A /* stop_btn_background.png in Resources */,
				9F2DCE0517ACFCC90042547A /* tag_bckgd.png in Resources */,
				9F2DCE0617ACFCC90042547A /* tag_box.png in Resources */,
				9F2DCE0717ACFCC90042547A /* tag_cell_bckgd.png in Resources */,
				9F2DCE0817ACFCC90042547A /* tag_edit_bckgd.png in Resources */,
				9F2DCE0917ACFCC90042547A /* tag_icon.png in Resources */,
				9F2DCE0A17ACFCC90042547A /* thumb_bckgd.png in Resources */,
				9F2DCE0B17ACFCC90042547A /* thumbnail_background.png in Resources */,
				9F2DCE0C17ACFCC90042547A /* thumbnail_bckgd.png in Resources */,
				9F2DCE0D17ACFCC90042547A /* thumbnail_linearbckgd.png in Resources */,
				9F2DCE0E17ACFCC90042547A /* toolset_background.png in Resources */,
				9F2DCE0F17ACFCC90042547A /* toolset_folder.png in Resources */,
				9F2DCE1017ACFCC90042547A /* toolset_note.png in Resources */,
				9F2DCE1117ACFCC90042547A /* toolset_picture.png in Resources */,
				9F2DCE1217ACFCC90042547A /* toolset_settings.png in Resources */,
				9F2DCE1317ACFCC90042547A /* toolset_share.png in Resources */,
				9F2DCE1417ACFCC90042547A /* toolset_slideshow.png in Resources */,
				9F2DCE1517ACFCC90042547A /* toolset_tag.png in Resources */,
				9F2DCE1617ACFCC90042547A /* toolset_tag_medium.png in Resources */,
				9F2DCE1717ACFCC90042547A /* toolset_trim.png in Resources */,
				9F2DCE1817ACFCC90042547A /* Trim.png in Resources */,
				9F2DCE1917ACFCC90042547A /* Trim_btn_bckgd.png in Resources */,
				9F2DCE1A17ACFCC90042547A /* trim_drag_left.png in Resources */,
				9F2DCE1B17ACFCC90042547A /* trim_drag_right.png in Resources */,
				9F2DCE1C17ACFCC90042547A /* Trim_orange_btn.png in Resources */,
				9F2DCE1D17ACFCC90042547A /* voice_main_ctl_background.png in Resources */,
				9F2DCE1E17ACFCC90042547A /* white_arrow.png in Resources */,
				9F2DCE1F17ACFCC90042547A /* whitearrow_bckg_icon.png in Resources */,
				9F2DCE2017ACFCC90042547A /* whitearrow_icon.png in Resources */,
				9F2DCE2117ACFCC90042547A /* yellow_light.png in Resources */,
				9F2082AA17ADE239009BF64E /* FoldersViewController.xib in Resources */,
				9F2082AF17AE5823009BF64E /* FolderCell.xib in Resources */,
				1C51CDC917AF710400E451C2 /* SliderCell.xib in Resources */,
			);
			runOnlyForDeploymentPostprocessing = 0;
		};
/* End PBXResourcesBuildPhase section */

/* Begin PBXSourcesBuildPhase section */
		9F5D898A17ABF23D00546FBB /* Sources */ = {
			isa = PBXSourcesBuildPhase;
			buildActionMask = 2147483647;
			files = (
				9F5D899E17ABF23D00546FBB /* main.m in Sources */,
				9F5D89A217ABF23D00546FBB /* AppDelegate.m in Sources */,
				9F2DCD6017AC99340042547A /* RootViewController.m in Sources */,
				9F2DCD6517ACDCA80042547A /* RecordingViewController.m in Sources */,
				9F2DCE2417AD1A360042547A /* DashBoardCell.m in Sources */,
				9F2082A917ADE239009BF64E /* FoldersViewController.m in Sources */,
				9F2082B217AE761C009BF64E /* FolderCell.m in Sources */,
				1C0D533717B0E00000581747 /* Persistence.m in Sources */,
				1C1896EC17B1D769006402CF /* RecordInfo.m in Sources */,
			);
			runOnlyForDeploymentPostprocessing = 0;
		};
/* End PBXSourcesBuildPhase section */

/* Begin PBXVariantGroup section */
		9F5D899A17ABF23D00546FBB /* InfoPlist.strings */ = {
			isa = PBXVariantGroup;
			children = (
				9F5D899B17ABF23D00546FBB /* en */,
			);
			name = InfoPlist.strings;
			sourceTree = "<group>";
		};
/* End PBXVariantGroup section */

/* Begin XCBuildConfiguration section */
		9F5D89A917ABF23D00546FBB /* Debug */ = {
			isa = XCBuildConfiguration;
			buildSettings = {
				ALWAYS_SEARCH_USER_PATHS = NO;
				CLANG_CXX_LANGUAGE_STANDARD = "gnu++0x";
				CLANG_CXX_LIBRARY = "libc++";
				CLANG_ENABLE_OBJC_ARC = YES;
				CLANG_WARN_CONSTANT_CONVERSION = YES;
				CLANG_WARN_EMPTY_BODY = YES;
				CLANG_WARN_ENUM_CONVERSION = YES;
				CLANG_WARN_INT_CONVERSION = YES;
				CLANG_WARN__DUPLICATE_METHOD_MATCH = YES;
				"CODE_SIGN_IDENTITY[sdk=iphoneos*]" = "iPhone Developer";
				COPY_PHASE_STRIP = NO;
				GCC_C_LANGUAGE_STANDARD = gnu99;
				GCC_DYNAMIC_NO_PIC = NO;
				GCC_OPTIMIZATION_LEVEL = 0;
				GCC_PREPROCESSOR_DEFINITIONS = (
					"DEBUG=1",
					"$(inherited)",
				);
				GCC_SYMBOLS_PRIVATE_EXTERN = NO;
				GCC_WARN_ABOUT_RETURN_TYPE = YES;
				GCC_WARN_UNINITIALIZED_AUTOS = YES;
				GCC_WARN_UNUSED_VARIABLE = YES;
				IPHONEOS_DEPLOYMENT_TARGET = 6.1;
				ONLY_ACTIVE_ARCH = YES;
				SDKROOT = iphoneos;
			};
			name = Debug;
		};
		9F5D89AA17ABF23D00546FBB /* Release */ = {
			isa = XCBuildConfiguration;
			buildSettings = {
				ALWAYS_SEARCH_USER_PATHS = NO;
				CLANG_CXX_LANGUAGE_STANDARD = "gnu++0x";
				CLANG_CXX_LIBRARY = "libc++";
				CLANG_ENABLE_OBJC_ARC = YES;
				CLANG_WARN_CONSTANT_CONVERSION = YES;
				CLANG_WARN_EMPTY_BODY = YES;
				CLANG_WARN_ENUM_CONVERSION = YES;
				CLANG_WARN_INT_CONVERSION = YES;
				CLANG_WARN__DUPLICATE_METHOD_MATCH = YES;
				"CODE_SIGN_IDENTITY[sdk=iphoneos*]" = "iPhone Developer";
				COPY_PHASE_STRIP = YES;
				GCC_C_LANGUAGE_STANDARD = gnu99;
				GCC_WARN_ABOUT_RETURN_TYPE = YES;
				GCC_WARN_UNINITIALIZED_AUTOS = YES;
				GCC_WARN_UNUSED_VARIABLE = YES;
				IPHONEOS_DEPLOYMENT_TARGET = 6.1;
				OTHER_CFLAGS = "-DNS_BLOCK_ASSERTIONS=1";
				SDKROOT = iphoneos;
				VALIDATE_PRODUCT = YES;
			};
			name = Release;
		};
		9F5D89AC17ABF23D00546FBB /* Debug */ = {
			isa = XCBuildConfiguration;
			buildSettings = {
				GCC_PRECOMPILE_PREFIX_HEADER = YES;
				GCC_PREFIX_HEADER = "DashBoard/DashBoard-Prefix.pch";
				INFOPLIST_FILE = "DashBoard/DashBoard-Info.plist";
				PRODUCT_NAME = "$(TARGET_NAME)";
				WRAPPER_EXTENSION = app;
			};
			name = Debug;
		};
		9F5D89AD17ABF23D00546FBB /* Release */ = {
			isa = XCBuildConfiguration;
			buildSettings = {
				GCC_PRECOMPILE_PREFIX_HEADER = YES;
				GCC_PREFIX_HEADER = "DashBoard/DashBoard-Prefix.pch";
				INFOPLIST_FILE = "DashBoard/DashBoard-Info.plist";
				PRODUCT_NAME = "$(TARGET_NAME)";
				WRAPPER_EXTENSION = app;
			};
			name = Release;
		};
/* End XCBuildConfiguration section */

/* Begin XCConfigurationList section */
		9F5D898917ABF23D00546FBB /* Build configuration list for PBXProject "DashBoard" */ = {
			isa = XCConfigurationList;
			buildConfigurations = (
				9F5D89A917ABF23D00546FBB /* Debug */,
				9F5D89AA17ABF23D00546FBB /* Release */,
			);
			defaultConfigurationIsVisible = 0;
			defaultConfigurationName = Release;
		};
		9F5D89AB17ABF23D00546FBB /* Build configuration list for PBXNativeTarget "DashBoard" */ = {
			isa = XCConfigurationList;
			buildConfigurations = (
				9F5D89AC17ABF23D00546FBB /* Debug */,
				9F5D89AD17ABF23D00546FBB /* Release */,
			);
			defaultConfigurationIsVisible = 0;
			defaultConfigurationName = Release;
		};
/* End XCConfigurationList section */
	};
	rootObject = 9F5D898617ABF23D00546FBB /* Project object */;
}
