// !$*UTF8*$!
{
	archiveVersion = 1;
	classes = {
	};
	objectVersion = 46;
	objects = {

/* Begin PBXBuildFile section */
		110081D117B3393B0050E7DF /* TagEditCell.m in Sources */ = {isa = PBXBuildFile; fileRef = 110081D017B3393B0050E7DF /* TagEditCell.m */; };
		11042766179E1CFD004801D5 /* add_picture_btn.png in Resources */ = {isa = PBXBuildFile; fileRef = 11042765179E1CFD004801D5 /* add_picture_btn.png */; };
		1104276B179E239C004801D5 /* AddPicView.m in Sources */ = {isa = PBXBuildFile; fileRef = 11042769179E239C004801D5 /* AddPicView.m */; settings = {COMPILER_FLAGS = "-fno-objc-arc"; }; };
		1104276C179E239C004801D5 /* AddPicView.xib in Resources */ = {isa = PBXBuildFile; fileRef = 1104276A179E239C004801D5 /* AddPicView.xib */; };
		110F0F8F17D579500062CF78 /* RenameView.m in Sources */ = {isa = PBXBuildFile; fileRef = 110F0F8D17D579500062CF78 /* RenameView.m */; };
		110F0F9017D579500062CF78 /* RenameView.xib in Resources */ = {isa = PBXBuildFile; fileRef = 110F0F8E17D579500062CF78 /* RenameView.xib */; };
		1115191B17AB773E00E15959 /* FolderEditView.m in Sources */ = {isa = PBXBuildFile; fileRef = 1115191917AB773E00E15959 /* FolderEditView.m */; };
		1115191C17AB773E00E15959 /* FolderEditView.xib in Resources */ = {isa = PBXBuildFile; fileRef = 1115191A17AB773E00E15959 /* FolderEditView.xib */; };
		1115191E17AB79DC00E15959 /* FolderEditCell.xib in Resources */ = {isa = PBXBuildFile; fileRef = 1115191D17AB79DC00E15959 /* FolderEditCell.xib */; };
		1121C2D817B1EBDD0061B77D /* play_slideshow_btn.png in Resources */ = {isa = PBXBuildFile; fileRef = 1121C2D717B1EBDD0061B77D /* play_slideshow_btn.png */; };
		11240D8D179640D2005A9483 /* nav_bar.png in Resources */ = {isa = PBXBuildFile; fileRef = 11240D8C179640D2005A9483 /* nav_bar.png */; };
		112F83831794E1E000E8B79F /* stop_slideshow_btn.png in Resources */ = {isa = PBXBuildFile; fileRef = 112F83821794E1E000E8B79F /* stop_slideshow_btn.png */; };
		112F83851794E21600E8B79F /* pause_slideshow_btn.png in Resources */ = {isa = PBXBuildFile; fileRef = 112F83841794E21600E8B79F /* pause_slideshow_btn.png */; };
		112F83871794E3C400E8B79F /* thumbnail_bckgd_large.png in Resources */ = {isa = PBXBuildFile; fileRef = 112F83861794E3C400E8B79F /* thumbnail_bckgd_large.png */; };
		112F83891794E47300E8B79F /* delete_btn.png in Resources */ = {isa = PBXBuildFile; fileRef = 112F83881794E47300E8B79F /* delete_btn.png */; };
		112F838C1794E4D900E8B79F /* move_btn.png in Resources */ = {isa = PBXBuildFile; fileRef = 112F838A1794E4D900E8B79F /* move_btn.png */; };
		112F838D1794E4D900E8B79F /* share_btn.png in Resources */ = {isa = PBXBuildFile; fileRef = 112F838B1794E4D900E8B79F /* share_btn.png */; };
		112F8BDE17B87BDA00FE2E9C /* MessageUI.framework in Frameworks */ = {isa = PBXBuildFile; fileRef = 112F8BDD17B87BDA00FE2E9C /* MessageUI.framework */; };
		1131998F17AA42E1006C39E9 /* MoveView.m in Sources */ = {isa = PBXBuildFile; fileRef = 1131998D17AA42E1006C39E9 /* MoveView.m */; };
		1131999017AA42E1006C39E9 /* MoveView.xib in Resources */ = {isa = PBXBuildFile; fileRef = 1131998E17AA42E1006C39E9 /* MoveView.xib */; };
		1131999217AA52AA006C39E9 /* FolderListCell.xib in Resources */ = {isa = PBXBuildFile; fileRef = 1131999117AA52AA006C39E9 /* FolderListCell.xib */; };
		1144F17C17A7719A00EEAB63 /* CameraViewR.xib in Resources */ = {isa = PBXBuildFile; fileRef = 1144F17B17A7719900EEAB63 /* CameraViewR.xib */; };
		1144F17E17A773AC00EEAB63 /* AddPicViewR.xib in Resources */ = {isa = PBXBuildFile; fileRef = 1144F17D17A773AC00EEAB63 /* AddPicViewR.xib */; };
		1150E1451741DD6F0096A12D /* trim_drag_right.png in Resources */ = {isa = PBXBuildFile; fileRef = 1150E1441741DD6F0096A12D /* trim_drag_right.png */; };
		1150E1471741E44F0096A12D /* trim_drag_left.png in Resources */ = {isa = PBXBuildFile; fileRef = 1150E1461741E44F0096A12D /* trim_drag_left.png */; };
		11673B25173C9A3000A65BA5 /* slideshow_bckgd.png in Resources */ = {isa = PBXBuildFile; fileRef = 11673B24173C9A3000A65BA5 /* slideshow_bckgd.png */; };
		11673B27173CD76B00A65BA5 /* audio_on_icon.png in Resources */ = {isa = PBXBuildFile; fileRef = 11673B26173CD76B00A65BA5 /* audio_on_icon.png */; };
		11673B29173CD7E700A65BA5 /* delete_icon.png in Resources */ = {isa = PBXBuildFile; fileRef = 11673B28173CD7E700A65BA5 /* delete_icon.png */; };
		11673B2B173CE0A500A65BA5 /* thumb_bckgd.png in Resources */ = {isa = PBXBuildFile; fileRef = 11673B2A173CE0A500A65BA5 /* thumb_bckgd.png */; };
		11A641E817AF3BCB006E967E /* FolderNew.m in Sources */ = {isa = PBXBuildFile; fileRef = 11A641E617AF3BCB006E967E /* FolderNew.m */; };
		11A641E917AF3BCB006E967E /* FolderNew.xib in Resources */ = {isa = PBXBuildFile; fileRef = 11A641E717AF3BCB006E967E /* FolderNew.xib */; };
		11A641EE17AF6148006E967E /* TagView.m in Sources */ = {isa = PBXBuildFile; fileRef = 11A641EC17AF6148006E967E /* TagView.m */; };
		11A641EF17AF6148006E967E /* TagView.xib in Resources */ = {isa = PBXBuildFile; fileRef = 11A641ED17AF6148006E967E /* TagView.xib */; };
		11A641F117AF6218006E967E /* TagCell.xib in Resources */ = {isa = PBXBuildFile; fileRef = 11A641F017AF6218006E967E /* TagCell.xib */; };
		11A641F617AF6AD9006E967E /* TagNew.m in Sources */ = {isa = PBXBuildFile; fileRef = 11A641F417AF6AD9006E967E /* TagNew.m */; };
		11A641F717AF6AD9006E967E /* TagNew.xib in Resources */ = {isa = PBXBuildFile; fileRef = 11A641F517AF6AD9006E967E /* TagNew.xib */; };
		11A641FC17AF6F32006E967E /* VoiceTag.m in Sources */ = {isa = PBXBuildFile; fileRef = 11A641FA17AF6F32006E967E /* VoiceTag.m */; };
		11A641FD17AF6F32006E967E /* VoiceTag.xib in Resources */ = {isa = PBXBuildFile; fileRef = 11A641FB17AF6F32006E967E /* VoiceTag.xib */; };
		11A641FF17AF6F78006E967E /* TagListCell.xib in Resources */ = {isa = PBXBuildFile; fileRef = 11A641FE17AF6F78006E967E /* TagListCell.xib */; };
		11B186D1175346BB0009613C /* tag_cell_bckgd.png in Resources */ = {isa = PBXBuildFile; fileRef = 11B186D0175346BB0009613C /* tag_cell_bckgd.png */; };
		11B186DB17534C390009613C /* tag_box.png in Resources */ = {isa = PBXBuildFile; fileRef = 11B186DA17534C390009613C /* tag_box.png */; };
		11B186DD17534EE50009613C /* number_bckgd.png in Resources */ = {isa = PBXBuildFile; fileRef = 11B186DC17534EE50009613C /* number_bckgd.png */; };
		11C4E935175DB04F002EB4DE /* dashboard_cell_bckgd.png in Resources */ = {isa = PBXBuildFile; fileRef = 11C4E934175DB04F002EB4DE /* dashboard_cell_bckgd.png */; };
		11C4E942175DDC26002EB4DE /* add_tag.png in Resources */ = {isa = PBXBuildFile; fileRef = 11C4E941175DDC26002EB4DE /* add_tag.png */; };
		11C943AA17B0D10E005CE810 /* TagLabel.xib in Resources */ = {isa = PBXBuildFile; fileRef = 11C943A917B0D10E005CE810 /* TagLabel.xib */; };
		11C943AD17B0E944005CE810 /* pause_recording_txt.png in Resources */ = {isa = PBXBuildFile; fileRef = 11C943AB17B0E944005CE810 /* pause_recording_txt.png */; };
		11D699631745E26400CE7F8D /* tag_icon.png in Resources */ = {isa = PBXBuildFile; fileRef = 11D699621745E26400CE7F8D /* tag_icon.png */; };
		11D699701745F05200CE7F8D /* ligne.png in Resources */ = {isa = PBXBuildFile; fileRef = 11D6996F1745F05200CE7F8D /* ligne.png */; };
		11D699721745F0F900CE7F8D /* tag_bckgd.png in Resources */ = {isa = PBXBuildFile; fileRef = 11D699711745F0F900CE7F8D /* tag_bckgd.png */; };
		11D69978174611F100CE7F8D /* edit_btn.png in Resources */ = {isa = PBXBuildFile; fileRef = 11D69977174611F100CE7F8D /* edit_btn.png */; };
		11E1DD74174F037600BAC410 /* DLPlayer.m in Sources */ = {isa = PBXBuildFile; fileRef = 11E1DD73174F037600BAC410 /* DLPlayer.m */; };
		11E297D8174616FD00F536BD /* arrow_icon.png in Resources */ = {isa = PBXBuildFile; fileRef = 11E297D7174616FD00F536BD /* arrow_icon.png */; };
		11F07D8F174B0B8300A6E50A /* clean_icon.png in Resources */ = {isa = PBXBuildFile; fileRef = 11F07D8E174B0B8300A6E50A /* clean_icon.png */; };
		11F07D91174B0C9900A6E50A /* tag_edit_bckgd.png in Resources */ = {isa = PBXBuildFile; fileRef = 11F07D90174B0C9900A6E50A /* tag_edit_bckgd.png */; };
		11F42BC21797C17600B73985 /* trash_icon.png in Resources */ = {isa = PBXBuildFile; fileRef = 11F42BC11797C17600B73985 /* trash_icon.png */; };
		CA186BBF16F1AB3F00100A45 /* CameraCav.m in Sources */ = {isa = PBXBuildFile; fileRef = CA186BBE16F1AB3F00100A45 /* CameraCav.m */; };
		CA219DDA16DDAD9100639A3F /* camera_btn_background.png in Resources */ = {isa = PBXBuildFile; fileRef = CA219DD916DDAD9100639A3F /* camera_btn_background.png */; };
		CA219DDC16DDADBF00639A3F /* camera_btn.png in Resources */ = {isa = PBXBuildFile; fileRef = CA219DDB16DDADBF00639A3F /* camera_btn.png */; };
		CA219DE016DDAF5300639A3F /* recording_btn_background.png in Resources */ = {isa = PBXBuildFile; fileRef = CA219DDF16DDAF5300639A3F /* recording_btn_background.png */; };
		CA219DE216DDAFB600639A3F /* recording_btn.png in Resources */ = {isa = PBXBuildFile; fileRef = CA219DE116DDAFB600639A3F /* recording_btn.png */; };
		CA219DE616DDD6DE00639A3F /* VoiceInfo.m in Sources */ = {isa = PBXBuildFile; fileRef = CA219DE516DDD6DE00639A3F /* VoiceInfo.m */; };
		CA219DF216DDDD0600639A3F /* DirInfo.m in Sources */ = {isa = PBXBuildFile; fileRef = CA219DF116DDDD0600639A3F /* DirInfo.m */; };
		CA219DF916DDF3BE00639A3F /* SharedObj.m in Sources */ = {isa = PBXBuildFile; fileRef = CA219DF816DDF3BE00639A3F /* SharedObj.m */; };
		CA238EF416DC4F9800891120 /* VoiceListViewController.m in Sources */ = {isa = PBXBuildFile; fileRef = CA238EF216DC4F9800891120 /* VoiceListViewController.m */; };
		CA238EF516DC4F9800891120 /* VoiceListViewController.xib in Resources */ = {isa = PBXBuildFile; fileRef = CA238EF316DC4F9800891120 /* VoiceListViewController.xib */; };
		CA2D4F3517125D7E00AB93CC /* playlist_roundicon.png in Resources */ = {isa = PBXBuildFile; fileRef = CA2D4F3417125D7D00AB93CC /* playlist_roundicon.png */; };
		CA2D4F3817126AC500AB93CC /* whitearrow_bckg_icon.png in Resources */ = {isa = PBXBuildFile; fileRef = CA2D4F3617126AC500AB93CC /* whitearrow_bckg_icon.png */; };
		CA2D4F3917126AC500AB93CC /* whitearrow_icon.png in Resources */ = {isa = PBXBuildFile; fileRef = CA2D4F3717126AC500AB93CC /* whitearrow_icon.png */; };
		CA2D4F441713C94700AB93CC /* audioplaylist_icon.png in Resources */ = {isa = PBXBuildFile; fileRef = CA2D4F431713C94700AB93CC /* audioplaylist_icon.png */; };
		CA2D4F4A1713CB5800AB93CC /* dashboard_gray_bckgd.png in Resources */ = {isa = PBXBuildFile; fileRef = CA2D4F491713CB5800AB93CC /* dashboard_gray_bckgd.png */; };
		CA2D4F501713CDED00AB93CC /* dark_bckgd.png in Resources */ = {isa = PBXBuildFile; fileRef = CA2D4F4F1713CDED00AB93CC /* dark_bckgd.png */; };
		CA2D4F521714052400AB93CC /* loupe_icon.png in Resources */ = {isa = PBXBuildFile; fileRef = CA2D4F511714052400AB93CC /* loupe_icon.png */; };
		CA2D4F591714100600AB93CC /* DLRecorder.m in Sources */ = {isa = PBXBuildFile; fileRef = CA2D4F581714100600AB93CC /* DLRecorder.m */; };
		CA2D4F5C1714103E00AB93CC /* AudioToolbox.framework in Frameworks */ = {isa = PBXBuildFile; fileRef = CA2D4F5B1714103E00AB93CC /* AudioToolbox.framework */; };
		CA2D4F611714124300AB93CC /* GlobalObj.m in Sources */ = {isa = PBXBuildFile; fileRef = CA2D4F601714124300AB93CC /* GlobalObj.m */; };
		CA49A41E16EECB8A00EE423C /* VoiceMainView.m in Sources */ = {isa = PBXBuildFile; fileRef = CA49A41C16EECB8A00EE423C /* VoiceMainView.m */; settings = {COMPILER_FLAGS = "-fno-objc-arc"; }; };
		CA49A41F16EECB8A00EE423C /* VoiceMainView.xib in Resources */ = {isa = PBXBuildFile; fileRef = CA49A41D16EECB8A00EE423C /* VoiceMainView.xib */; };
		CA49A42716EF0ACF00EE423C /* pause_btn_background2.png in Resources */ = {isa = PBXBuildFile; fileRef = CA49A42616EF0ACE00EE423C /* pause_btn_background2.png */; };
		CA49A42D16EF246200EE423C /* toolset_background.png in Resources */ = {isa = PBXBuildFile; fileRef = CA49A42C16EF246200EE423C /* toolset_background.png */; };
		CA650FF816FFF66800E7CAA0 /* SideshowView.m in Sources */ = {isa = PBXBuildFile; fileRef = CA650FF616FFF66800E7CAA0 /* SideshowView.m */; settings = {COMPILER_FLAGS = "-fno-objc-arc"; }; };
		CA650FF916FFF66800E7CAA0 /* SideshowView.xib in Resources */ = {isa = PBXBuildFile; fileRef = CA650FF716FFF66800E7CAA0 /* SideshowView.xib */; };
		CA794FC8171D2C8600604992 /* cancel_btn_bckgd.png in Resources */ = {isa = PBXBuildFile; fileRef = CA794FC6171D2C8600604992 /* cancel_btn_bckgd.png */; };
		CA794FC9171D2C8600604992 /* cancel_btn.png in Resources */ = {isa = PBXBuildFile; fileRef = CA794FC7171D2C8600604992 /* cancel_btn.png */; };
		CA794FCB171D2C9F00604992 /* bckgd.png in Resources */ = {isa = PBXBuildFile; fileRef = CA794FCA171D2C9F00604992 /* bckgd.png */; };
		CA794FCD171D2D1000604992 /* green_play_btn.png in Resources */ = {isa = PBXBuildFile; fileRef = CA794FCC171D2D1000604992 /* green_play_btn.png */; };
		CA794FCF171D2D8300604992 /* play_btn_bckgd.png in Resources */ = {isa = PBXBuildFile; fileRef = CA794FCE171D2D8300604992 /* play_btn_bckgd.png */; };
		CA794FD2171D2DD300604992 /* Trim_btn_bckgd.png in Resources */ = {isa = PBXBuildFile; fileRef = CA794FD0171D2DD200604992 /* Trim_btn_bckgd.png */; };
		CA794FD3171D2DD300604992 /* Trim_orange_btn.png in Resources */ = {isa = PBXBuildFile; fileRef = CA794FD1171D2DD300604992 /* Trim_orange_btn.png */; };
		CA794FD5171D2E2200604992 /* Trim.png in Resources */ = {isa = PBXBuildFile; fileRef = CA794FD4171D2E2200604992 /* Trim.png */; };
		CA82AB55171BDF6D00AA6499 /* TrimViewConroller.m in Sources */ = {isa = PBXBuildFile; fileRef = CA82AB53171BDF6D00AA6499 /* TrimViewConroller.m */; };
		CA82AB56171BDF6D00AA6499 /* TrimViewConroller.xib in Resources */ = {isa = PBXBuildFile; fileRef = CA82AB54171BDF6D00AA6499 /* TrimViewConroller.xib */; };
		CA89582616DB27AF005F56C5 /* UIKit.framework in Frameworks */ = {isa = PBXBuildFile; fileRef = CA89582516DB27AF005F56C5 /* UIKit.framework */; };
		CA89582816DB27AF005F56C5 /* Foundation.framework in Frameworks */ = {isa = PBXBuildFile; fileRef = CA89582716DB27AF005F56C5 /* Foundation.framework */; };
		CA89582A16DB27AF005F56C5 /* CoreGraphics.framework in Frameworks */ = {isa = PBXBuildFile; fileRef = CA89582916DB27AF005F56C5 /* CoreGraphics.framework */; };
		CA89583016DB27AF005F56C5 /* InfoPlist.strings in Resources */ = {isa = PBXBuildFile; fileRef = CA89582E16DB27AF005F56C5 /* InfoPlist.strings */; };
		CA89583216DB27AF005F56C5 /* main.m in Sources */ = {isa = PBXBuildFile; fileRef = CA89583116DB27AF005F56C5 /* main.m */; };
		CA89583616DB27B0005F56C5 /* AppDelegate.m in Sources */ = {isa = PBXBuildFile; fileRef = CA89583516DB27B0005F56C5 /* AppDelegate.m */; };
		CA89583816DB27B0005F56C5 /* Default.png in Resources */ = {isa = PBXBuildFile; fileRef = CA89583716DB27B0005F56C5 /* Default.png */; };
		CA89583A16DB27B0005F56C5 /* Default@2x.png in Resources */ = {isa = PBXBuildFile; fileRef = CA89583916DB27B0005F56C5 /* Default@2x.png */; };
		CA89583C16DB27B0005F56C5 /* Default-568h@2x.png in Resources */ = {isa = PBXBuildFile; fileRef = CA89583B16DB27B0005F56C5 /* Default-568h@2x.png */; };
		CA89584816DB283D005F56C5 /* DashBoardViewController.m in Sources */ = {isa = PBXBuildFile; fileRef = CA89584616DB283D005F56C5 /* DashBoardViewController.m */; };
		CA89584916DB283D005F56C5 /* DashBoardViewController.xib in Resources */ = {isa = PBXBuildFile; fileRef = CA89584716DB283D005F56C5 /* DashBoardViewController.xib */; };
		CA89585016DB2F87005F56C5 /* navigation_bar_background.png in Resources */ = {isa = PBXBuildFile; fileRef = CA89584F16DB2F87005F56C5 /* navigation_bar_background.png */; };
		CA9C551C16DF5F6700F6C6EA /* recording_mark.png in Resources */ = {isa = PBXBuildFile; fileRef = CA9C551B16DF5F6700F6C6EA /* recording_mark.png */; };
		CA9C552316E0541500F6C6EA /* QuartzCore.framework in Frameworks */ = {isa = PBXBuildFile; fileRef = CA9C552216E0541500F6C6EA /* QuartzCore.framework */; };
		CAA5CB5116F992BF0014B713 /* blueplayer.png in Resources */ = {isa = PBXBuildFile; fileRef = CAA5CB5016F992BF0014B713 /* blueplayer.png */; };
		CAA933E616F6A9D300CA51C1 /* voice_main_ctl_background.png in Resources */ = {isa = PBXBuildFile; fileRef = CAA933E516F6A9D300CA51C1 /* voice_main_ctl_background.png */; };
		CAA933E916F6AA8300CA51C1 /* FolderCell.xib in Resources */ = {isa = PBXBuildFile; fileRef = CAA933E816F6AA8300CA51C1 /* FolderCell.xib */; };
		CAA933EF16F6BBAA00CA51C1 /* VoiceCell.xib in Resources */ = {isa = PBXBuildFile; fileRef = CAA933EE16F6BBAA00CA51C1 /* VoiceCell.xib */; };
		CAA933F116F6D66300CA51C1 /* clip_sepector.png in Resources */ = {isa = PBXBuildFile; fileRef = CAA933F016F6D66200CA51C1 /* clip_sepector.png */; };
		CAA933F316F6D7F700CA51C1 /* PreviewCell.xib in Resources */ = {isa = PBXBuildFile; fileRef = CAA933F216F6D7F700CA51C1 /* PreviewCell.xib */; };
		CAA933F516F6E6CE00CA51C1 /* thumbnail_linearbckgd.png in Resources */ = {isa = PBXBuildFile; fileRef = CAA933F416F6E6CE00CA51C1 /* thumbnail_linearbckgd.png */; };
		CAA933F916F6EC3C00CA51C1 /* thumbnail_background.png in Resources */ = {isa = PBXBuildFile; fileRef = CAA933F816F6EC3B00CA51C1 /* thumbnail_background.png */; };
		CAA933FB16F6EC9800CA51C1 /* thumbnail_bckgd.png in Resources */ = {isa = PBXBuildFile; fileRef = CAA933FA16F6EC9800CA51C1 /* thumbnail_bckgd.png */; };
		CAA933FD16F703C300CA51C1 /* yellow_light.png in Resources */ = {isa = PBXBuildFile; fileRef = CAA933FC16F703C200CA51C1 /* yellow_light.png */; };
		CAB642E6171E4BC600FDEA76 /* spectrum_bckgd.png in Resources */ = {isa = PBXBuildFile; fileRef = CAB642E5171E4BC600FDEA76 /* spectrum_bckgd.png */; };
		CAC47BD616F018B600B53809 /* plus_btn.png in Resources */ = {isa = PBXBuildFile; fileRef = CAC47BD516F018B600B53809 /* plus_btn.png */; };
		CAC47BEF16F0594400B53809 /* camera_settings_btnbckgd.png in Resources */ = {isa = PBXBuildFile; fileRef = CAC47BE916F0594400B53809 /* camera_settings_btnbckgd.png */; };
		CAC47BF016F0594400B53809 /* green_light.png in Resources */ = {isa = PBXBuildFile; fileRef = CAC47BEA16F0594400B53809 /* green_light.png */; };
		CAC47BF116F0594400B53809 /* list_btn.png in Resources */ = {isa = PBXBuildFile; fileRef = CAC47BEB16F0594400B53809 /* list_btn.png */; };
		CAC47BF316F0594400B53809 /* picture_cirle_counter.png in Resources */ = {isa = PBXBuildFile; fileRef = CAC47BED16F0594400B53809 /* picture_cirle_counter.png */; };
		CAC47BF416F0594400B53809 /* settings_icon.png in Resources */ = {isa = PBXBuildFile; fileRef = CAC47BEE16F0594400B53809 /* settings_icon.png */; };
		CAC47BFC16F0739B00B53809 /* CameraView.m in Sources */ = {isa = PBXBuildFile; fileRef = CAC47BFA16F0739B00B53809 /* CameraView.m */; settings = {COMPILER_FLAGS = "-fno-objc-arc"; }; };
		CAC47BFD16F0739B00B53809 /* CameraView.xib in Resources */ = {isa = PBXBuildFile; fileRef = CAC47BFB16F0739B00B53809 /* CameraView.xib */; };
		CAC5084A16E83DDC000E5BCD /* folder_icon.png in Resources */ = {isa = PBXBuildFile; fileRef = CAC5084816E83DDC000E5BCD /* folder_icon.png */; };
		CAC5084B16E83DDC000E5BCD /* recording_icon.png in Resources */ = {isa = PBXBuildFile; fileRef = CAC5084916E83DDC000E5BCD /* recording_icon.png */; };
		CAC5084E16E83E95000E5BCD /* recording_background.png in Resources */ = {isa = PBXBuildFile; fileRef = CAC5084D16E83E95000E5BCD /* recording_background.png */; };
		CAC5085016E8416B000E5BCD /* folder_background.png in Resources */ = {isa = PBXBuildFile; fileRef = CAC5084F16E8416B000E5BCD /* folder_background.png */; };
		CAC5085416E86238000E5BCD /* white_arrow.png in Resources */ = {isa = PBXBuildFile; fileRef = CAC5085316E86238000E5BCD /* white_arrow.png */; };
		CAC5085816E8707A000E5BCD /* clip_background.png in Resources */ = {isa = PBXBuildFile; fileRef = CAC5085716E8707A000E5BCD /* clip_background.png */; };
		CAC5085A16E87339000E5BCD /* red_light.png in Resources */ = {isa = PBXBuildFile; fileRef = CAC5085916E87339000E5BCD /* red_light.png */; };
		CAC5085C16E87418000E5BCD /* arrow_with_circle.png in Resources */ = {isa = PBXBuildFile; fileRef = CAC5085B16E87418000E5BCD /* arrow_with_circle.png */; };
		CAE0594E16ED6E9D00F34605 /* pause_btn_background.png in Resources */ = {isa = PBXBuildFile; fileRef = CAE0594A16ED6E9D00F34605 /* pause_btn_background.png */; };
		CAE0594F16ED6E9D00F34605 /* pause_btn.png in Resources */ = {isa = PBXBuildFile; fileRef = CAE0594B16ED6E9D00F34605 /* pause_btn.png */; };
		CAE0595016ED6E9D00F34605 /* stop_btn_background.png in Resources */ = {isa = PBXBuildFile; fileRef = CAE0594C16ED6E9D00F34605 /* stop_btn_background.png */; };
		CAE0595116ED6E9D00F34605 /* stop_btn.png in Resources */ = {isa = PBXBuildFile; fileRef = CAE0594D16ED6E9D00F34605 /* stop_btn.png */; };
		CAE0596F16EDCDEC00F34605 /* sound_icon.png in Resources */ = {isa = PBXBuildFile; fileRef = CAE0596E16EDCDEC00F34605 /* sound_icon.png */; };
		CAE0597216EDD01400F34605 /* progressbar_graybar.png in Resources */ = {isa = PBXBuildFile; fileRef = CAE0597116EDD01400F34605 /* progressbar_graybar.png */; };
		CAE0597416EDD11E00F34605 /* progressbar_btn.png in Resources */ = {isa = PBXBuildFile; fileRef = CAE0597316EDD11E00F34605 /* progressbar_btn.png */; };
		CAE0597616EDD1A800F34605 /* progressbar_bluebar.png in Resources */ = {isa = PBXBuildFile; fileRef = CAE0597516EDD1A800F34605 /* progressbar_bluebar.png */; };
/* End PBXBuildFile section */

/* Begin PBXFileReference section */
		110081CF17B3393B0050E7DF /* TagEditCell.h */ = {isa = PBXFileReference; fileEncoding = 4; lastKnownFileType = sourcecode.c.h; path = TagEditCell.h; sourceTree = "<group>"; };
		110081D017B3393B0050E7DF /* TagEditCell.m */ = {isa = PBXFileReference; fileEncoding = 4; lastKnownFileType = sourcecode.c.objc; path = TagEditCell.m; sourceTree = "<group>"; };
		11042765179E1CFD004801D5 /* add_picture_btn.png */ = {isa = PBXFileReference; lastKnownFileType = image.png; path = add_picture_btn.png; sourceTree = "<group>"; };
		11042768179E239C004801D5 /* AddPicView.h */ = {isa = PBXFileReference; fileEncoding = 4; lastKnownFileType = sourcecode.c.h; path = AddPicView.h; sourceTree = "<group>"; };
		11042769179E239C004801D5 /* AddPicView.m */ = {isa = PBXFileReference; fileEncoding = 4; lastKnownFileType = sourcecode.c.objc; path = AddPicView.m; sourceTree = "<group>"; };
		1104276A179E239C004801D5 /* AddPicView.xib */ = {isa = PBXFileReference; fileEncoding = 4; lastKnownFileType = file.xib; path = AddPicView.xib; sourceTree = "<group>"; };
		110F0F8C17D579500062CF78 /* RenameView.h */ = {isa = PBXFileReference; fileEncoding = 4; lastKnownFileType = sourcecode.c.h; path = RenameView.h; sourceTree = "<group>"; };
		110F0F8D17D579500062CF78 /* RenameView.m */ = {isa = PBXFileReference; fileEncoding = 4; lastKnownFileType = sourcecode.c.objc; path = RenameView.m; sourceTree = "<group>"; };
		110F0F8E17D579500062CF78 /* RenameView.xib */ = {isa = PBXFileReference; fileEncoding = 4; lastKnownFileType = file.xib; path = RenameView.xib; sourceTree = "<group>"; };
		1115191817AB773E00E15959 /* FolderEditView.h */ = {isa = PBXFileReference; fileEncoding = 4; lastKnownFileType = sourcecode.c.h; path = FolderEditView.h; sourceTree = "<group>"; };
		1115191917AB773E00E15959 /* FolderEditView.m */ = {isa = PBXFileReference; fileEncoding = 4; lastKnownFileType = sourcecode.c.objc; path = FolderEditView.m; sourceTree = "<group>"; };
		1115191A17AB773E00E15959 /* FolderEditView.xib */ = {isa = PBXFileReference; fileEncoding = 4; lastKnownFileType = file.xib; path = FolderEditView.xib; sourceTree = "<group>"; };
		1115191D17AB79DC00E15959 /* FolderEditCell.xib */ = {isa = PBXFileReference; fileEncoding = 4; lastKnownFileType = file.xib; path = FolderEditCell.xib; sourceTree = "<group>"; };
		1121C2D717B1EBDD0061B77D /* play_slideshow_btn.png */ = {isa = PBXFileReference; lastKnownFileType = image.png; path = play_slideshow_btn.png; sourceTree = "<group>"; };
		11240D8C179640D2005A9483 /* nav_bar.png */ = {isa = PBXFileReference; lastKnownFileType = image.png; path = nav_bar.png; sourceTree = "<group>"; };
		112F83821794E1E000E8B79F /* stop_slideshow_btn.png */ = {isa = PBXFileReference; lastKnownFileType = image.png; path = stop_slideshow_btn.png; sourceTree = "<group>"; };
		112F83841794E21600E8B79F /* pause_slideshow_btn.png */ = {isa = PBXFileReference; lastKnownFileType = image.png; path = pause_slideshow_btn.png; sourceTree = "<group>"; };
		112F83861794E3C400E8B79F /* thumbnail_bckgd_large.png */ = {isa = PBXFileReference; lastKnownFileType = image.png; path = thumbnail_bckgd_large.png; sourceTree = "<group>"; };
		112F83881794E47300E8B79F /* delete_btn.png */ = {isa = PBXFileReference; lastKnownFileType = image.png; path = delete_btn.png; sourceTree = "<group>"; };
		112F838A1794E4D900E8B79F /* move_btn.png */ = {isa = PBXFileReference; lastKnownFileType = image.png; path = move_btn.png; sourceTree = "<group>"; };
		112F838B1794E4D900E8B79F /* share_btn.png */ = {isa = PBXFileReference; lastKnownFileType = image.png; path = share_btn.png; sourceTree = "<group>"; };
		112F8BDD17B87BDA00FE2E9C /* MessageUI.framework */ = {isa = PBXFileReference; lastKnownFileType = wrapper.framework; name = MessageUI.framework; path = System/Library/Frameworks/MessageUI.framework; sourceTree = SDKROOT; };
		1131998C17AA42E1006C39E9 /* MoveView.h */ = {isa = PBXFileReference; fileEncoding = 4; lastKnownFileType = sourcecode.c.h; path = MoveView.h; sourceTree = "<group>"; };
		1131998D17AA42E1006C39E9 /* MoveView.m */ = {isa = PBXFileReference; fileEncoding = 4; lastKnownFileType = sourcecode.c.objc; path = MoveView.m; sourceTree = "<group>"; };
		1131998E17AA42E1006C39E9 /* MoveView.xib */ = {isa = PBXFileReference; fileEncoding = 4; lastKnownFileType = file.xib; path = MoveView.xib; sourceTree = "<group>"; };
		1131999117AA52AA006C39E9 /* FolderListCell.xib */ = {isa = PBXFileReference; fileEncoding = 4; lastKnownFileType = file.xib; path = FolderListCell.xib; sourceTree = "<group>"; };
		1144F17B17A7719900EEAB63 /* CameraViewR.xib */ = {isa = PBXFileReference; fileEncoding = 4; lastKnownFileType = file.xib; path = CameraViewR.xib; sourceTree = "<group>"; };
		1144F17D17A773AC00EEAB63 /* AddPicViewR.xib */ = {isa = PBXFileReference; fileEncoding = 4; lastKnownFileType = file.xib; path = AddPicViewR.xib; sourceTree = "<group>"; };
		1150E1441741DD6F0096A12D /* trim_drag_right.png */ = {isa = PBXFileReference; lastKnownFileType = image.png; path = trim_drag_right.png; sourceTree = "<group>"; };
		1150E1461741E44F0096A12D /* trim_drag_left.png */ = {isa = PBXFileReference; lastKnownFileType = image.png; path = trim_drag_left.png; sourceTree = "<group>"; };
		11673B24173C9A3000A65BA5 /* slideshow_bckgd.png */ = {isa = PBXFileReference; lastKnownFileType = image.png; path = slideshow_bckgd.png; sourceTree = "<group>"; };
		11673B26173CD76B00A65BA5 /* audio_on_icon.png */ = {isa = PBXFileReference; lastKnownFileType = image.png; path = audio_on_icon.png; sourceTree = "<group>"; };
		11673B28173CD7E700A65BA5 /* delete_icon.png */ = {isa = PBXFileReference; lastKnownFileType = image.png; path = delete_icon.png; sourceTree = "<group>"; };
		11673B2A173CE0A500A65BA5 /* thumb_bckgd.png */ = {isa = PBXFileReference; lastKnownFileType = image.png; path = thumb_bckgd.png; sourceTree = "<group>"; };
		11A641E517AF3BCB006E967E /* FolderNew.h */ = {isa = PBXFileReference; fileEncoding = 4; lastKnownFileType = sourcecode.c.h; path = FolderNew.h; sourceTree = "<group>"; };
		11A641E617AF3BCB006E967E /* FolderNew.m */ = {isa = PBXFileReference; fileEncoding = 4; lastKnownFileType = sourcecode.c.objc; path = FolderNew.m; sourceTree = "<group>"; };
		11A641E717AF3BCB006E967E /* FolderNew.xib */ = {isa = PBXFileReference; fileEncoding = 4; lastKnownFileType = file.xib; path = FolderNew.xib; sourceTree = "<group>"; };
		11A641EB17AF6148006E967E /* TagView.h */ = {isa = PBXFileReference; fileEncoding = 4; lastKnownFileType = sourcecode.c.h; path = TagView.h; sourceTree = "<group>"; };
		11A641EC17AF6148006E967E /* TagView.m */ = {isa = PBXFileReference; fileEncoding = 4; lastKnownFileType = sourcecode.c.objc; path = TagView.m; sourceTree = "<group>"; };
		11A641ED17AF6148006E967E /* TagView.xib */ = {isa = PBXFileReference; fileEncoding = 4; lastKnownFileType = file.xib; path = TagView.xib; sourceTree = "<group>"; };
		11A641F017AF6218006E967E /* TagCell.xib */ = {isa = PBXFileReference; fileEncoding = 4; lastKnownFileType = file.xib; path = TagCell.xib; sourceTree = "<group>"; };
		11A641F317AF6AD9006E967E /* TagNew.h */ = {isa = PBXFileReference; fileEncoding = 4; lastKnownFileType = sourcecode.c.h; path = TagNew.h; sourceTree = "<group>"; };
		11A641F417AF6AD9006E967E /* TagNew.m */ = {isa = PBXFileReference; fileEncoding = 4; lastKnownFileType = sourcecode.c.objc; path = TagNew.m; sourceTree = "<group>"; };
		11A641F517AF6AD9006E967E /* TagNew.xib */ = {isa = PBXFileReference; fileEncoding = 4; lastKnownFileType = file.xib; path = TagNew.xib; sourceTree = "<group>"; };
		11A641F917AF6F32006E967E /* VoiceTag.h */ = {isa = PBXFileReference; fileEncoding = 4; lastKnownFileType = sourcecode.c.h; path = VoiceTag.h; sourceTree = "<group>"; };
		11A641FA17AF6F32006E967E /* VoiceTag.m */ = {isa = PBXFileReference; fileEncoding = 4; lastKnownFileType = sourcecode.c.objc; path = VoiceTag.m; sourceTree = "<group>"; };
		11A641FB17AF6F32006E967E /* VoiceTag.xib */ = {isa = PBXFileReference; fileEncoding = 4; lastKnownFileType = file.xib; path = VoiceTag.xib; sourceTree = "<group>"; };
		11A641FE17AF6F78006E967E /* TagListCell.xib */ = {isa = PBXFileReference; fileEncoding = 4; lastKnownFileType = file.xib; path = TagListCell.xib; sourceTree = "<group>"; };
		11B186D0175346BB0009613C /* tag_cell_bckgd.png */ = {isa = PBXFileReference; lastKnownFileType = image.png; path = tag_cell_bckgd.png; sourceTree = "<group>"; };
		11B186DA17534C390009613C /* tag_box.png */ = {isa = PBXFileReference; lastKnownFileType = image.png; path = tag_box.png; sourceTree = "<group>"; };
		11B186DC17534EE50009613C /* number_bckgd.png */ = {isa = PBXFileReference; lastKnownFileType = image.png; path = number_bckgd.png; sourceTree = "<group>"; };
		11C4E934175DB04F002EB4DE /* dashboard_cell_bckgd.png */ = {isa = PBXFileReference; lastKnownFileType = image.png; path = dashboard_cell_bckgd.png; sourceTree = "<group>"; };
		11C4E941175DDC26002EB4DE /* add_tag.png */ = {isa = PBXFileReference; lastKnownFileType = image.png; path = add_tag.png; sourceTree = "<group>"; };
		11C943A917B0D10E005CE810 /* TagLabel.xib */ = {isa = PBXFileReference; fileEncoding = 4; lastKnownFileType = file.xib; path = TagLabel.xib; sourceTree = "<group>"; };
		11C943AB17B0E944005CE810 /* pause_recording_txt.png */ = {isa = PBXFileReference; lastKnownFileType = image.png; path = pause_recording_txt.png; sourceTree = "<group>"; };
		11D699621745E26400CE7F8D /* tag_icon.png */ = {isa = PBXFileReference; lastKnownFileType = image.png; path = tag_icon.png; sourceTree = "<group>"; };
		11D6996F1745F05200CE7F8D /* ligne.png */ = {isa = PBXFileReference; lastKnownFileType = image.png; path = ligne.png; sourceTree = "<group>"; };
		11D699711745F0F900CE7F8D /* tag_bckgd.png */ = {isa = PBXFileReference; lastKnownFileType = image.png; path = tag_bckgd.png; sourceTree = "<group>"; };
		11D69977174611F100CE7F8D /* edit_btn.png */ = {isa = PBXFileReference; lastKnownFileType = image.png; path = edit_btn.png; sourceTree = "<group>"; };
		11E1DD72174F037600BAC410 /* DLPlayer.h */ = {isa = PBXFileReference; fileEncoding = 4; lastKnownFileType = sourcecode.c.h; path = DLPlayer.h; sourceTree = "<group>"; };
		11E1DD73174F037600BAC410 /* DLPlayer.m */ = {isa = PBXFileReference; fileEncoding = 4; lastKnownFileType = sourcecode.c.objc; path = DLPlayer.m; sourceTree = "<group>"; };
		11E297D7174616FD00F536BD /* arrow_icon.png */ = {isa = PBXFileReference; lastKnownFileType = image.png; path = arrow_icon.png; sourceTree = "<group>"; };
		11F07D8E174B0B8300A6E50A /* clean_icon.png */ = {isa = PBXFileReference; lastKnownFileType = image.png; path = clean_icon.png; sourceTree = "<group>"; };
		11F07D90174B0C9900A6E50A /* tag_edit_bckgd.png */ = {isa = PBXFileReference; lastKnownFileType = image.png; path = tag_edit_bckgd.png; sourceTree = "<group>"; };
		11F42BC11797C17600B73985 /* trash_icon.png */ = {isa = PBXFileReference; lastKnownFileType = image.png; path = trash_icon.png; sourceTree = "<group>"; };
		CA186BBD16F1AB3F00100A45 /* CameraCav.h */ = {isa = PBXFileReference; fileEncoding = 4; lastKnownFileType = sourcecode.c.h; path = CameraCav.h; sourceTree = "<group>"; };
		CA186BBE16F1AB3F00100A45 /* CameraCav.m */ = {isa = PBXFileReference; fileEncoding = 4; lastKnownFileType = sourcecode.c.objc; path = CameraCav.m; sourceTree = "<group>"; };
		CA219DD916DDAD9100639A3F /* camera_btn_background.png */ = {isa = PBXFileReference; lastKnownFileType = image.png; path = camera_btn_background.png; sourceTree = "<group>"; };
		CA219DDB16DDADBF00639A3F /* camera_btn.png */ = {isa = PBXFileReference; lastKnownFileType = image.png; path = camera_btn.png; sourceTree = "<group>"; };
		CA219DDF16DDAF5300639A3F /* recording_btn_background.png */ = {isa = PBXFileReference; lastKnownFileType = image.png; path = recording_btn_background.png; sourceTree = "<group>"; };
		CA219DE116DDAFB600639A3F /* recording_btn.png */ = {isa = PBXFileReference; lastKnownFileType = image.png; path = recording_btn.png; sourceTree = "<group>"; };
		CA219DE416DDD6DE00639A3F /* VoiceInfo.h */ = {isa = PBXFileReference; fileEncoding = 4; lastKnownFileType = sourcecode.c.h; path = VoiceInfo.h; sourceTree = "<group>"; };
		CA219DE516DDD6DE00639A3F /* VoiceInfo.m */ = {isa = PBXFileReference; fileEncoding = 4; lastKnownFileType = sourcecode.c.objc; path = VoiceInfo.m; sourceTree = "<group>"; };
		CA219DF016DDDD0600639A3F /* DirInfo.h */ = {isa = PBXFileReference; fileEncoding = 4; lastKnownFileType = sourcecode.c.h; path = DirInfo.h; sourceTree = "<group>"; };
		CA219DF116DDDD0600639A3F /* DirInfo.m */ = {isa = PBXFileReference; fileEncoding = 4; lastKnownFileType = sourcecode.c.objc; path = DirInfo.m; sourceTree = "<group>"; };
		CA219DF716DDF3BE00639A3F /* SharedObj.h */ = {isa = PBXFileReference; fileEncoding = 4; lastKnownFileType = sourcecode.c.h; path = SharedObj.h; sourceTree = "<group>"; };
		CA219DF816DDF3BE00639A3F /* SharedObj.m */ = {isa = PBXFileReference; fileEncoding = 4; lastKnownFileType = sourcecode.c.objc; path = SharedObj.m; sourceTree = "<group>"; };
		CA238EF116DC4F9800891120 /* VoiceListViewController.h */ = {isa = PBXFileReference; fileEncoding = 4; lastKnownFileType = sourcecode.c.h; path = VoiceListViewController.h; sourceTree = "<group>"; };
		CA238EF216DC4F9800891120 /* VoiceListViewController.m */ = {isa = PBXFileReference; fileEncoding = 4; lastKnownFileType = sourcecode.c.objc; path = VoiceListViewController.m; sourceTree = "<group>"; };
		CA238EF316DC4F9800891120 /* VoiceListViewController.xib */ = {isa = PBXFileReference; fileEncoding = 4; lastKnownFileType = file.xib; path = VoiceListViewController.xib; sourceTree = "<group>"; };
		CA2D4F3417125D7D00AB93CC /* playlist_roundicon.png */ = {isa = PBXFileReference; lastKnownFileType = image.png; path = playlist_roundicon.png; sourceTree = "<group>"; };
		CA2D4F3617126AC500AB93CC /* whitearrow_bckg_icon.png */ = {isa = PBXFileReference; lastKnownFileType = image.png; path = whitearrow_bckg_icon.png; sourceTree = "<group>"; };
		CA2D4F3717126AC500AB93CC /* whitearrow_icon.png */ = {isa = PBXFileReference; lastKnownFileType = image.png; path = whitearrow_icon.png; sourceTree = "<group>"; };
		CA2D4F431713C94700AB93CC /* audioplaylist_icon.png */ = {isa = PBXFileReference; lastKnownFileType = image.png; path = audioplaylist_icon.png; sourceTree = "<group>"; };
		CA2D4F491713CB5800AB93CC /* dashboard_gray_bckgd.png */ = {isa = PBXFileReference; lastKnownFileType = image.png; path = dashboard_gray_bckgd.png; sourceTree = "<group>"; };
		CA2D4F4F1713CDED00AB93CC /* dark_bckgd.png */ = {isa = PBXFileReference; lastKnownFileType = image.png; path = dark_bckgd.png; sourceTree = "<group>"; };
		CA2D4F511714052400AB93CC /* loupe_icon.png */ = {isa = PBXFileReference; lastKnownFileType = image.png; path = loupe_icon.png; sourceTree = "<group>"; };
		CA2D4F571714100500AB93CC /* DLRecorder.h */ = {isa = PBXFileReference; fileEncoding = 4; lastKnownFileType = sourcecode.c.h; path = DLRecorder.h; sourceTree = "<group>"; };
		CA2D4F581714100600AB93CC /* DLRecorder.m */ = {isa = PBXFileReference; fileEncoding = 4; lastKnownFileType = sourcecode.c.objc; path = DLRecorder.m; sourceTree = "<group>"; };
		CA2D4F5B1714103E00AB93CC /* AudioToolbox.framework */ = {isa = PBXFileReference; lastKnownFileType = wrapper.framework; name = AudioToolbox.framework; path = System/Library/Frameworks/AudioToolbox.framework; sourceTree = SDKROOT; };
		CA2D4F5F1714124300AB93CC /* GlobalObj.h */ = {isa = PBXFileReference; fileEncoding = 4; lastKnownFileType = sourcecode.c.h; path = GlobalObj.h; sourceTree = "<group>"; };
		CA2D4F601714124300AB93CC /* GlobalObj.m */ = {isa = PBXFileReference; fileEncoding = 4; lastKnownFileType = sourcecode.c.objc; path = GlobalObj.m; sourceTree = "<group>"; };
		CA49A41B16EECB8A00EE423C /* VoiceMainView.h */ = {isa = PBXFileReference; fileEncoding = 4; lastKnownFileType = sourcecode.c.h; path = VoiceMainView.h; sourceTree = "<group>"; };
		CA49A41C16EECB8A00EE423C /* VoiceMainView.m */ = {isa = PBXFileReference; fileEncoding = 4; lastKnownFileType = sourcecode.c.objc; path = VoiceMainView.m; sourceTree = "<group>"; };
		CA49A41D16EECB8A00EE423C /* VoiceMainView.xib */ = {isa = PBXFileReference; fileEncoding = 4; lastKnownFileType = file.xib; path = VoiceMainView.xib; sourceTree = "<group>"; };
		CA49A42616EF0ACE00EE423C /* pause_btn_background2.png */ = {isa = PBXFileReference; lastKnownFileType = image.png; path = pause_btn_background2.png; sourceTree = "<group>"; };
		CA49A42C16EF246200EE423C /* toolset_background.png */ = {isa = PBXFileReference; lastKnownFileType = image.png; path = toolset_background.png; sourceTree = "<group>"; };
		CA650FF516FFF66800E7CAA0 /* SideshowView.h */ = {isa = PBXFileReference; fileEncoding = 4; lastKnownFileType = sourcecode.c.h; path = SideshowView.h; sourceTree = "<group>"; };
		CA650FF616FFF66800E7CAA0 /* SideshowView.m */ = {isa = PBXFileReference; fileEncoding = 4; lastKnownFileType = sourcecode.c.objc; path = SideshowView.m; sourceTree = "<group>"; };
		CA650FF716FFF66800E7CAA0 /* SideshowView.xib */ = {isa = PBXFileReference; fileEncoding = 4; lastKnownFileType = file.xib; path = SideshowView.xib; sourceTree = "<group>"; };
		CA794FC6171D2C8600604992 /* cancel_btn_bckgd.png */ = {isa = PBXFileReference; lastKnownFileType = image.png; path = cancel_btn_bckgd.png; sourceTree = "<group>"; };
		CA794FC7171D2C8600604992 /* cancel_btn.png */ = {isa = PBXFileReference; lastKnownFileType = image.png; path = cancel_btn.png; sourceTree = "<group>"; };
		CA794FCA171D2C9F00604992 /* bckgd.png */ = {isa = PBXFileReference; lastKnownFileType = image.png; path = bckgd.png; sourceTree = "<group>"; };
		CA794FCC171D2D1000604992 /* green_play_btn.png */ = {isa = PBXFileReference; lastKnownFileType = image.png; path = green_play_btn.png; sourceTree = "<group>"; };
		CA794FCE171D2D8300604992 /* play_btn_bckgd.png */ = {isa = PBXFileReference; lastKnownFileType = image.png; path = play_btn_bckgd.png; sourceTree = "<group>"; };
		CA794FD0171D2DD200604992 /* Trim_btn_bckgd.png */ = {isa = PBXFileReference; lastKnownFileType = image.png; path = Trim_btn_bckgd.png; sourceTree = "<group>"; };
		CA794FD1171D2DD300604992 /* Trim_orange_btn.png */ = {isa = PBXFileReference; lastKnownFileType = image.png; path = Trim_orange_btn.png; sourceTree = "<group>"; };
		CA794FD4171D2E2200604992 /* Trim.png */ = {isa = PBXFileReference; lastKnownFileType = image.png; path = Trim.png; sourceTree = "<group>"; };
		CA82AB52171BDF6D00AA6499 /* TrimViewConroller.h */ = {isa = PBXFileReference; fileEncoding = 4; lastKnownFileType = sourcecode.c.h; path = TrimViewConroller.h; sourceTree = "<group>"; };
		CA82AB53171BDF6D00AA6499 /* TrimViewConroller.m */ = {isa = PBXFileReference; fileEncoding = 4; lastKnownFileType = sourcecode.c.objc; path = TrimViewConroller.m; sourceTree = "<group>"; };
		CA82AB54171BDF6D00AA6499 /* TrimViewConroller.xib */ = {isa = PBXFileReference; fileEncoding = 4; lastKnownFileType = file.xib; path = TrimViewConroller.xib; sourceTree = "<group>"; };
		CA89582116DB27AF005F56C5 /* VoiceOrgz.app */ = {isa = PBXFileReference; explicitFileType = wrapper.application; includeInIndex = 0; path = VoiceOrgz.app; sourceTree = BUILT_PRODUCTS_DIR; };
		CA89582516DB27AF005F56C5 /* UIKit.framework */ = {isa = PBXFileReference; lastKnownFileType = wrapper.framework; name = UIKit.framework; path = System/Library/Frameworks/UIKit.framework; sourceTree = SDKROOT; };
		CA89582716DB27AF005F56C5 /* Foundation.framework */ = {isa = PBXFileReference; lastKnownFileType = wrapper.framework; name = Foundation.framework; path = System/Library/Frameworks/Foundation.framework; sourceTree = SDKROOT; };
		CA89582916DB27AF005F56C5 /* CoreGraphics.framework */ = {isa = PBXFileReference; lastKnownFileType = wrapper.framework; name = CoreGraphics.framework; path = System/Library/Frameworks/CoreGraphics.framework; sourceTree = SDKROOT; };
		CA89582D16DB27AF005F56C5 /* VoiceOrgz-Info.plist */ = {isa = PBXFileReference; lastKnownFileType = text.plist.xml; path = "VoiceOrgz-Info.plist"; sourceTree = "<group>"; };
		CA89582F16DB27AF005F56C5 /* en */ = {isa = PBXFileReference; lastKnownFileType = text.plist.strings; name = en; path = en.lproj/InfoPlist.strings; sourceTree = "<group>"; };
		CA89583116DB27AF005F56C5 /* main.m */ = {isa = PBXFileReference; lastKnownFileType = sourcecode.c.objc; path = main.m; sourceTree = "<group>"; };
		CA89583316DB27B0005F56C5 /* VoiceOrgz-Prefix.pch */ = {isa = PBXFileReference; lastKnownFileType = sourcecode.c.h; path = "VoiceOrgz-Prefix.pch"; sourceTree = "<group>"; };
		CA89583416DB27B0005F56C5 /* AppDelegate.h */ = {isa = PBXFileReference; lastKnownFileType = sourcecode.c.h; path = AppDelegate.h; sourceTree = "<group>"; };
		CA89583516DB27B0005F56C5 /* AppDelegate.m */ = {isa = PBXFileReference; lastKnownFileType = sourcecode.c.objc; path = AppDelegate.m; sourceTree = "<group>"; };
		CA89583716DB27B0005F56C5 /* Default.png */ = {isa = PBXFileReference; lastKnownFileType = image.png; path = Default.png; sourceTree = "<group>"; };
		CA89583916DB27B0005F56C5 /* Default@2x.png */ = {isa = PBXFileReference; lastKnownFileType = image.png; path = "Default@2x.png"; sourceTree = "<group>"; };
		CA89583B16DB27B0005F56C5 /* Default-568h@2x.png */ = {isa = PBXFileReference; lastKnownFileType = image.png; path = "Default-568h@2x.png"; sourceTree = "<group>"; };
		CA89584516DB283D005F56C5 /* DashBoardViewController.h */ = {isa = PBXFileReference; fileEncoding = 4; lastKnownFileType = sourcecode.c.h; path = DashBoardViewController.h; sourceTree = "<group>"; };
		CA89584616DB283D005F56C5 /* DashBoardViewController.m */ = {isa = PBXFileReference; fileEncoding = 4; lastKnownFileType = sourcecode.c.objc; path = DashBoardViewController.m; sourceTree = "<group>"; };
		CA89584716DB283D005F56C5 /* DashBoardViewController.xib */ = {isa = PBXFileReference; fileEncoding = 4; lastKnownFileType = file.xib; path = DashBoardViewController.xib; sourceTree = "<group>"; };
		CA89584F16DB2F87005F56C5 /* navigation_bar_background.png */ = {isa = PBXFileReference; lastKnownFileType = image.png; path = navigation_bar_background.png; sourceTree = "<group>"; };
		CA9C551B16DF5F6700F6C6EA /* recording_mark.png */ = {isa = PBXFileReference; lastKnownFileType = image.png; path = recording_mark.png; sourceTree = "<group>"; };
		CA9C552216E0541500F6C6EA /* QuartzCore.framework */ = {isa = PBXFileReference; lastKnownFileType = wrapper.framework; name = QuartzCore.framework; path = System/Library/Frameworks/QuartzCore.framework; sourceTree = SDKROOT; };
		CAA5CB5016F992BF0014B713 /* blueplayer.png */ = {isa = PBXFileReference; lastKnownFileType = image.png; path = blueplayer.png; sourceTree = "<group>"; };
		CAA933E516F6A9D300CA51C1 /* voice_main_ctl_background.png */ = {isa = PBXFileReference; lastKnownFileType = image.png; path = voice_main_ctl_background.png; sourceTree = "<group>"; };
		CAA933E816F6AA8300CA51C1 /* FolderCell.xib */ = {isa = PBXFileReference; fileEncoding = 4; lastKnownFileType = file.xib; path = FolderCell.xib; sourceTree = "<group>"; };
		CAA933EE16F6BBAA00CA51C1 /* VoiceCell.xib */ = {isa = PBXFileReference; fileEncoding = 4; lastKnownFileType = file.xib; path = VoiceCell.xib; sourceTree = "<group>"; };
		CAA933F016F6D66200CA51C1 /* clip_sepector.png */ = {isa = PBXFileReference; lastKnownFileType = image.png; path = clip_sepector.png; sourceTree = "<group>"; };
		CAA933F216F6D7F700CA51C1 /* PreviewCell.xib */ = {isa = PBXFileReference; fileEncoding = 4; lastKnownFileType = file.xib; path = PreviewCell.xib; sourceTree = "<group>"; };
		CAA933F416F6E6CE00CA51C1 /* thumbnail_linearbckgd.png */ = {isa = PBXFileReference; lastKnownFileType = image.png; path = thumbnail_linearbckgd.png; sourceTree = "<group>"; };
		CAA933F816F6EC3B00CA51C1 /* thumbnail_background.png */ = {isa = PBXFileReference; lastKnownFileType = image.png; path = thumbnail_background.png; sourceTree = "<group>"; };
		CAA933FA16F6EC9800CA51C1 /* thumbnail_bckgd.png */ = {isa = PBXFileReference; lastKnownFileType = image.png; path = thumbnail_bckgd.png; sourceTree = "<group>"; };
		CAA933FC16F703C200CA51C1 /* yellow_light.png */ = {isa = PBXFileReference; lastKnownFileType = image.png; path = yellow_light.png; sourceTree = "<group>"; };
		CAB642E5171E4BC600FDEA76 /* spectrum_bckgd.png */ = {isa = PBXFileReference; lastKnownFileType = image.png; path = spectrum_bckgd.png; sourceTree = "<group>"; };
		CAC47BD516F018B600B53809 /* plus_btn.png */ = {isa = PBXFileReference; lastKnownFileType = image.png; path = plus_btn.png; sourceTree = "<group>"; };
		CAC47BE916F0594400B53809 /* camera_settings_btnbckgd.png */ = {isa = PBXFileReference; lastKnownFileType = image.png; path = camera_settings_btnbckgd.png; sourceTree = "<group>"; };
		CAC47BEA16F0594400B53809 /* green_light.png */ = {isa = PBXFileReference; lastKnownFileType = image.png; path = green_light.png; sourceTree = "<group>"; };
		CAC47BEB16F0594400B53809 /* list_btn.png */ = {isa = PBXFileReference; lastKnownFileType = image.png; path = list_btn.png; sourceTree = "<group>"; };
		CAC47BED16F0594400B53809 /* picture_cirle_counter.png */ = {isa = PBXFileReference; lastKnownFileType = image.png; path = picture_cirle_counter.png; sourceTree = "<group>"; };
		CAC47BEE16F0594400B53809 /* settings_icon.png */ = {isa = PBXFileReference; lastKnownFileType = image.png; path = settings_icon.png; sourceTree = "<group>"; };
		CAC47BF916F0739B00B53809 /* CameraView.h */ = {isa = PBXFileReference; fileEncoding = 4; lastKnownFileType = sourcecode.c.h; path = CameraView.h; sourceTree = "<group>"; };
		CAC47BFA16F0739B00B53809 /* CameraView.m */ = {isa = PBXFileReference; fileEncoding = 4; lastKnownFileType = sourcecode.c.objc; path = CameraView.m; sourceTree = "<group>"; };
		CAC47BFB16F0739B00B53809 /* CameraView.xib */ = {isa = PBXFileReference; fileEncoding = 4; lastKnownFileType = file.xib; path = CameraView.xib; sourceTree = "<group>"; };
		CAC5084816E83DDC000E5BCD /* folder_icon.png */ = {isa = PBXFileReference; lastKnownFileType = image.png; path = folder_icon.png; sourceTree = "<group>"; };
		CAC5084916E83DDC000E5BCD /* recording_icon.png */ = {isa = PBXFileReference; lastKnownFileType = image.png; path = recording_icon.png; sourceTree = "<group>"; };
		CAC5084D16E83E95000E5BCD /* recording_background.png */ = {isa = PBXFileReference; lastKnownFileType = image.png; path = recording_background.png; sourceTree = "<group>"; };
		CAC5084F16E8416B000E5BCD /* folder_background.png */ = {isa = PBXFileReference; lastKnownFileType = image.png; path = folder_background.png; sourceTree = "<group>"; };
		CAC5085316E86238000E5BCD /* white_arrow.png */ = {isa = PBXFileReference; lastKnownFileType = image.png; path = white_arrow.png; sourceTree = "<group>"; };
		CAC5085716E8707A000E5BCD /* clip_background.png */ = {isa = PBXFileReference; lastKnownFileType = image.png; path = clip_background.png; sourceTree = "<group>"; };
		CAC5085916E87339000E5BCD /* red_light.png */ = {isa = PBXFileReference; lastKnownFileType = image.png; path = red_light.png; sourceTree = "<group>"; };
		CAC5085B16E87418000E5BCD /* arrow_with_circle.png */ = {isa = PBXFileReference; lastKnownFileType = image.png; path = arrow_with_circle.png; sourceTree = "<group>"; };
		CAE0594A16ED6E9D00F34605 /* pause_btn_background.png */ = {isa = PBXFileReference; lastKnownFileType = image.png; path = pause_btn_background.png; sourceTree = "<group>"; };
		CAE0594B16ED6E9D00F34605 /* pause_btn.png */ = {isa = PBXFileReference; lastKnownFileType = image.png; path = pause_btn.png; sourceTree = "<group>"; };
		CAE0594C16ED6E9D00F34605 /* stop_btn_background.png */ = {isa = PBXFileReference; lastKnownFileType = image.png; path = stop_btn_background.png; sourceTree = "<group>"; };
		CAE0594D16ED6E9D00F34605 /* stop_btn.png */ = {isa = PBXFileReference; lastKnownFileType = image.png; path = stop_btn.png; sourceTree = "<group>"; };
		CAE0596E16EDCDEC00F34605 /* sound_icon.png */ = {isa = PBXFileReference; lastKnownFileType = image.png; path = sound_icon.png; sourceTree = "<group>"; };
		CAE0597116EDD01400F34605 /* progressbar_graybar.png */ = {isa = PBXFileReference; lastKnownFileType = image.png; path = progressbar_graybar.png; sourceTree = "<group>"; };
		CAE0597316EDD11E00F34605 /* progressbar_btn.png */ = {isa = PBXFileReference; lastKnownFileType = image.png; path = progressbar_btn.png; sourceTree = "<group>"; };
		CAE0597516EDD1A800F34605 /* progressbar_bluebar.png */ = {isa = PBXFileReference; lastKnownFileType = image.png; path = progressbar_bluebar.png; sourceTree = "<group>"; };
/* End PBXFileReference section */

/* Begin PBXFrameworksBuildPhase section */
		CA89581E16DB27AF005F56C5 /* Frameworks */ = {
			isa = PBXFrameworksBuildPhase;
			buildActionMask = 2147483647;
			files = (
				112F8BDE17B87BDA00FE2E9C /* MessageUI.framework in Frameworks */,
				CA2D4F5C1714103E00AB93CC /* AudioToolbox.framework in Frameworks */,
				CA9C552316E0541500F6C6EA /* QuartzCore.framework in Frameworks */,
				CA89582616DB27AF005F56C5 /* UIKit.framework in Frameworks */,
				CA89582816DB27AF005F56C5 /* Foundation.framework in Frameworks */,
				CA89582A16DB27AF005F56C5 /* CoreGraphics.framework in Frameworks */,
			);
			runOnlyForDeploymentPostprocessing = 0;
		};
/* End PBXFrameworksBuildPhase section */

/* Begin PBXGroup section */
		11042767179E2358004801D5 /* AddPicView */ = {
			isa = PBXGroup;
			children = (
				11042768179E239C004801D5 /* AddPicView.h */,
				11042769179E239C004801D5 /* AddPicView.m */,
				1104276A179E239C004801D5 /* AddPicView.xib */,
				1144F17D17A773AC00EEAB63 /* AddPicViewR.xib */,
			);
			name = AddPicView;
			sourceTree = "<group>";
		};
		110F0F8B17D579200062CF78 /* ReName */ = {
			isa = PBXGroup;
			children = (
				110F0F8C17D579500062CF78 /* RenameView.h */,
				110F0F8D17D579500062CF78 /* RenameView.m */,
				110F0F8E17D579500062CF78 /* RenameView.xib */,
			);
			name = ReName;
			sourceTree = "<group>";
		};
		1115191717AB771400E15959 /* FolderEdit */ = {
			isa = PBXGroup;
			children = (
				1115191817AB773E00E15959 /* FolderEditView.h */,
				1115191917AB773E00E15959 /* FolderEditView.m */,
				1115191A17AB773E00E15959 /* FolderEditView.xib */,
				1115191D17AB79DC00E15959 /* FolderEditCell.xib */,
			);
			name = FolderEdit;
			sourceTree = "<group>";
		};
		1131998B17AA429A006C39E9 /* MoveView */ = {
			isa = PBXGroup;
			children = (
				1131998C17AA42E1006C39E9 /* MoveView.h */,
				1131998D17AA42E1006C39E9 /* MoveView.m */,
				1131998E17AA42E1006C39E9 /* MoveView.xib */,
				1131999117AA52AA006C39E9 /* FolderListCell.xib */,
			);
			name = MoveView;
			sourceTree = "<group>";
		};
		11A641E417AF3B9E006E967E /* FolderNew */ = {
			isa = PBXGroup;
			children = (
				11A641E517AF3BCB006E967E /* FolderNew.h */,
				11A641E617AF3BCB006E967E /* FolderNew.m */,
				11A641E717AF3BCB006E967E /* FolderNew.xib */,
			);
			name = FolderNew;
			sourceTree = "<group>";
		};
		11A641EA17AF6132006E967E /* TagEdit */ = {
			isa = PBXGroup;
			children = (
				11A641EB17AF6148006E967E /* TagView.h */,
				11A641EC17AF6148006E967E /* TagView.m */,
				11A641ED17AF6148006E967E /* TagView.xib */,
				11A641F017AF6218006E967E /* TagCell.xib */,
				110081CF17B3393B0050E7DF /* TagEditCell.h */,
				110081D017B3393B0050E7DF /* TagEditCell.m */,
			);
			name = TagEdit;
			sourceTree = "<group>";
		};
		11A641F217AF6851006E967E /* TagNew */ = {
			isa = PBXGroup;
			children = (
				11A641F317AF6AD9006E967E /* TagNew.h */,
				11A641F417AF6AD9006E967E /* TagNew.m */,
				11A641F517AF6AD9006E967E /* TagNew.xib */,
			);
			name = TagNew;
			sourceTree = "<group>";
		};
		11A641F817AF6F0D006E967E /* VoiceTag */ = {
			isa = PBXGroup;
			children = (
				11A641F917AF6F32006E967E /* VoiceTag.h */,
				11A641FA17AF6F32006E967E /* VoiceTag.m */,
				11A641FB17AF6F32006E967E /* VoiceTag.xib */,
				11A641FE17AF6F78006E967E /* TagListCell.xib */,
			);
			name = VoiceTag;
			sourceTree = "<group>";
		};
		11D6996C1745EEC200CE7F8D /* TagView */ = {
			isa = PBXGroup;
			children = (
				11F07D90174B0C9900A6E50A /* tag_edit_bckgd.png */,
				11B186DC17534EE50009613C /* number_bckgd.png */,
				11F07D8E174B0B8300A6E50A /* clean_icon.png */,
				11C4E941175DDC26002EB4DE /* add_tag.png */,
				11E297D7174616FD00F536BD /* arrow_icon.png */,
				11B186DA17534C390009613C /* tag_box.png */,
				11D69977174611F100CE7F8D /* edit_btn.png */,
				11D699711745F0F900CE7F8D /* tag_bckgd.png */,
				11D6996F1745F05200CE7F8D /* ligne.png */,
			);
			name = TagView;
			sourceTree = "<group>";
		};
		CA219DE316DDD69E00639A3F /* VoiceInfo */ = {
			isa = PBXGroup;
			children = (
				CA219DE416DDD6DE00639A3F /* VoiceInfo.h */,
				CA219DE516DDD6DE00639A3F /* VoiceInfo.m */,
			);
			name = VoiceInfo;
			sourceTree = "<group>";
		};
		CA219DEF16DDDCE000639A3F /* DirInfo */ = {
			isa = PBXGroup;
			children = (
				CA219DF016DDDD0600639A3F /* DirInfo.h */,
				CA219DF116DDDD0600639A3F /* DirInfo.m */,
			);
			name = DirInfo;
			sourceTree = "<group>";
		};
		CA219DF616DDF37A00639A3F /* SharedObj */ = {
			isa = PBXGroup;
			children = (
				CA219DF716DDF3BE00639A3F /* SharedObj.h */,
				CA219DF816DDF3BE00639A3F /* SharedObj.m */,
			);
			name = SharedObj;
			sourceTree = "<group>";
		};
		CA238EEF16DC4F3600891120 /* VoiceList */ = {
			isa = PBXGroup;
			children = (
				CA238EF116DC4F9800891120 /* VoiceListViewController.h */,
				CA238EF216DC4F9800891120 /* VoiceListViewController.m */,
				CA238EF316DC4F9800891120 /* VoiceListViewController.xib */,
				CAA933EE16F6BBAA00CA51C1 /* VoiceCell.xib */,
				CAA933F216F6D7F700CA51C1 /* PreviewCell.xib */,
			);
			name = VoiceList;
			sourceTree = "<group>";
		};
		CA2D4F4B1713CBD300AB93CC /* DashBoard */ = {
			isa = PBXGroup;
			children = (
				11B186D0175346BB0009613C /* tag_cell_bckgd.png */,
				11C4E934175DB04F002EB4DE /* dashboard_cell_bckgd.png */,
				11D699621745E26400CE7F8D /* tag_icon.png */,
				CA89584F16DB2F87005F56C5 /* navigation_bar_background.png */,
				CAC5085716E8707A000E5BCD /* clip_background.png */,
				CAC5085316E86238000E5BCD /* white_arrow.png */,
				CAC5084F16E8416B000E5BCD /* folder_background.png */,
				CAC5084816E83DDC000E5BCD /* folder_icon.png */,
				CAC5084916E83DDC000E5BCD /* recording_icon.png */,
				CAC5084D16E83E95000E5BCD /* recording_background.png */,
				CA2D4F491713CB5800AB93CC /* dashboard_gray_bckgd.png */,
			);
			name = DashBoard;
			sourceTree = "<group>";
		};
		CA2D4F4C1713CBE300AB93CC /* VoiceList */ = {
			isa = PBXGroup;
			children = (
				11C943AB17B0E944005CE810 /* pause_recording_txt.png */,
				CA2D4F511714052400AB93CC /* loupe_icon.png */,
				CA2D4F4F1713CDED00AB93CC /* dark_bckgd.png */,
				CA219DD916DDAD9100639A3F /* camera_btn_background.png */,
				CA219DDB16DDADBF00639A3F /* camera_btn.png */,
				CA219DDF16DDAF5300639A3F /* recording_btn_background.png */,
				CA219DE116DDAFB600639A3F /* recording_btn.png */,
				CA9C551B16DF5F6700F6C6EA /* recording_mark.png */,
				CAC5085916E87339000E5BCD /* red_light.png */,
				CAE0594A16ED6E9D00F34605 /* pause_btn_background.png */,
				CAE0596E16EDCDEC00F34605 /* sound_icon.png */,
				CAE0597116EDD01400F34605 /* progressbar_graybar.png */,
				CAE0597516EDD1A800F34605 /* progressbar_bluebar.png */,
				CAA933F016F6D66200CA51C1 /* clip_sepector.png */,
				CAE0597316EDD11E00F34605 /* progressbar_btn.png */,
				CAA5CB5016F992BF0014B713 /* blueplayer.png */,
				CAE0594C16ED6E9D00F34605 /* stop_btn_background.png */,
				CAE0594D16ED6E9D00F34605 /* stop_btn.png */,
				CAC5085B16E87418000E5BCD /* arrow_with_circle.png */,
				CAE0594B16ED6E9D00F34605 /* pause_btn.png */,
				CA2D4F3417125D7D00AB93CC /* playlist_roundicon.png */,
				CA2D4F431713C94700AB93CC /* audioplaylist_icon.png */,
			);
			name = VoiceList;
			sourceTree = "<group>";
		};
		CA2D4F4D1713CC0300AB93CC /* VoiceMain */ = {
			isa = PBXGroup;
			children = (
				1121C2D717B1EBDD0061B77D /* play_slideshow_btn.png */,
				11042765179E1CFD004801D5 /* add_picture_btn.png */,
				11F42BC11797C17600B73985 /* trash_icon.png */,
				11240D8C179640D2005A9483 /* nav_bar.png */,
				112F838A1794E4D900E8B79F /* move_btn.png */,
				112F838B1794E4D900E8B79F /* share_btn.png */,
				112F83881794E47300E8B79F /* delete_btn.png */,
				112F83861794E3C400E8B79F /* thumbnail_bckgd_large.png */,
				112F83841794E21600E8B79F /* pause_slideshow_btn.png */,
				112F83821794E1E000E8B79F /* stop_slideshow_btn.png */,
				1150E1461741E44F0096A12D /* trim_drag_left.png */,
				1150E1441741DD6F0096A12D /* trim_drag_right.png */,
				11673B2A173CE0A500A65BA5 /* thumb_bckgd.png */,
				11673B28173CD7E700A65BA5 /* delete_icon.png */,
				11673B26173CD76B00A65BA5 /* audio_on_icon.png */,
				11673B24173C9A3000A65BA5 /* slideshow_bckgd.png */,
				CAB642E5171E4BC600FDEA76 /* spectrum_bckgd.png */,
				CA794FD4171D2E2200604992 /* Trim.png */,
				CA794FD0171D2DD200604992 /* Trim_btn_bckgd.png */,
				CA794FD1171D2DD300604992 /* Trim_orange_btn.png */,
				CA794FCE171D2D8300604992 /* play_btn_bckgd.png */,
				CA794FCC171D2D1000604992 /* green_play_btn.png */,
				CA794FCA171D2C9F00604992 /* bckgd.png */,
				CA794FC6171D2C8600604992 /* cancel_btn_bckgd.png */,
				CA794FC7171D2C8600604992 /* cancel_btn.png */,
				CA49A42616EF0ACE00EE423C /* pause_btn_background2.png */,
				CA49A42C16EF246200EE423C /* toolset_background.png */,
				CAC47BD516F018B600B53809 /* plus_btn.png */,
				CAA933E516F6A9D300CA51C1 /* voice_main_ctl_background.png */,
				CAA933F816F6EC3B00CA51C1 /* thumbnail_background.png */,
				CAA933F416F6E6CE00CA51C1 /* thumbnail_linearbckgd.png */,
				CAA933FA16F6EC9800CA51C1 /* thumbnail_bckgd.png */,
				CA2D4F3717126AC500AB93CC /* whitearrow_icon.png */,
				CA2D4F3617126AC500AB93CC /* whitearrow_bckg_icon.png */,
			);
			name = VoiceMain;
			sourceTree = "<group>";
		};
		CA2D4F4E1713CC2700AB93CC /* CameraCav */ = {
			isa = PBXGroup;
			children = (
				CAC47BEE16F0594400B53809 /* settings_icon.png */,
				CAC47BED16F0594400B53809 /* picture_cirle_counter.png */,
				CAC47BEB16F0594400B53809 /* list_btn.png */,
				CAC47BEA16F0594400B53809 /* green_light.png */,
				CAC47BE916F0594400B53809 /* camera_settings_btnbckgd.png */,
				CAA933FC16F703C200CA51C1 /* yellow_light.png */,
			);
			name = CameraCav;
			sourceTree = "<group>";
		};
		CA2D4F5A1714101300AB93CC /* DLRecorder */ = {
			isa = PBXGroup;
			children = (
				CA2D4F581714100600AB93CC /* DLRecorder.m */,
				CA2D4F571714100500AB93CC /* DLRecorder.h */,
			);
			name = DLRecorder;
			sourceTree = "<group>";
		};
		CA2D4F5D1714109200AB93CC /* GlobalObj */ = {
			isa = PBXGroup;
			children = (
				CA2D4F5F1714124300AB93CC /* GlobalObj.h */,
				CA2D4F601714124300AB93CC /* GlobalObj.m */,
			);
			name = GlobalObj;
			sourceTree = "<group>";
		};
		CA49A41A16EECB5D00EE423C /* VoiceMainView */ = {
			isa = PBXGroup;
			children = (
				110F0F8B17D579200062CF78 /* ReName */,
				11A641F817AF6F0D006E967E /* VoiceTag */,
				1131998B17AA429A006C39E9 /* MoveView */,
				11042767179E2358004801D5 /* AddPicView */,
				CA82AB51171BDF2D00AA6499 /* TrimView */,
				CA650FF116FFF63400E7CAA0 /* SideshowView */,
				CA49A41B16EECB8A00EE423C /* VoiceMainView.h */,
				CA49A41C16EECB8A00EE423C /* VoiceMainView.m */,
				11C943A917B0D10E005CE810 /* TagLabel.xib */,
				CA49A41D16EECB8A00EE423C /* VoiceMainView.xib */,
			);
			name = VoiceMainView;
			sourceTree = "<group>";
		};
		CA650FF116FFF63400E7CAA0 /* SideshowView */ = {
			isa = PBXGroup;
			children = (
				CA650FF516FFF66800E7CAA0 /* SideshowView.h */,
				CA650FF616FFF66800E7CAA0 /* SideshowView.m */,
				CA650FF716FFF66800E7CAA0 /* SideshowView.xib */,
			);
			name = SideshowView;
			sourceTree = "<group>";
		};
		CA82AB51171BDF2D00AA6499 /* TrimView */ = {
			isa = PBXGroup;
			children = (
				CA82AB52171BDF6D00AA6499 /* TrimViewConroller.h */,
				CA82AB53171BDF6D00AA6499 /* TrimViewConroller.m */,
				CA82AB54171BDF6D00AA6499 /* TrimViewConroller.xib */,
			);
			name = TrimView;
			sourceTree = "<group>";
		};
		CA89581616DB27AF005F56C5 = {
			isa = PBXGroup;
			children = (
				CA89582B16DB27AF005F56C5 /* VoiceOrgz */,
				CA89582416DB27AF005F56C5 /* Frameworks */,
				CA89582216DB27AF005F56C5 /* Products */,
			);
			sourceTree = "<group>";
		};
		CA89582216DB27AF005F56C5 /* Products */ = {
			isa = PBXGroup;
			children = (
				CA89582116DB27AF005F56C5 /* VoiceOrgz.app */,
			);
			name = Products;
			sourceTree = "<group>";
		};
		CA89582416DB27AF005F56C5 /* Frameworks */ = {
			isa = PBXGroup;
			children = (
				112F8BDD17B87BDA00FE2E9C /* MessageUI.framework */,
				CA2D4F5B1714103E00AB93CC /* AudioToolbox.framework */,
				CA9C552216E0541500F6C6EA /* QuartzCore.framework */,
				CA89582516DB27AF005F56C5 /* UIKit.framework */,
				CA89582716DB27AF005F56C5 /* Foundation.framework */,
				CA89582916DB27AF005F56C5 /* CoreGraphics.framework */,
			);
			name = Frameworks;
			sourceTree = "<group>";
		};
		CA89582B16DB27AF005F56C5 /* VoiceOrgz */ = {
			isa = PBXGroup;
			children = (
				CAC7E00A171513A300FE707B /* DLPlayer */,
				CA2D4F5D1714109200AB93CC /* GlobalObj */,
				CA2D4F5A1714101300AB93CC /* DLRecorder */,
				CAC47BF816F0737500B53809 /* CameraView */,
				CA49A41A16EECB5D00EE423C /* VoiceMainView */,
				CA219DF616DDF37A00639A3F /* SharedObj */,
				CA219DEF16DDDCE000639A3F /* DirInfo */,
				CA219DE316DDD69E00639A3F /* VoiceInfo */,
				CA238EEF16DC4F3600891120 /* VoiceList */,
				CA89584416DB27FB005F56C5 /* DashBoard */,
				CA89584216DB27DA005F56C5 /* AppDelegate */,
				CA89582C16DB27AF005F56C5 /* Supporting Files */,
			);
			path = VoiceOrgz;
			sourceTree = "<group>";
		};
		CA89582C16DB27AF005F56C5 /* Supporting Files */ = {
			isa = PBXGroup;
			children = (
				11D6996C1745EEC200CE7F8D /* TagView */,
				CA2D4F4E1713CC2700AB93CC /* CameraCav */,
				CA2D4F4D1713CC0300AB93CC /* VoiceMain */,
				CA2D4F4C1713CBE300AB93CC /* VoiceList */,
				CA2D4F4B1713CBD300AB93CC /* DashBoard */,
				CA89582D16DB27AF005F56C5 /* VoiceOrgz-Info.plist */,
				CA89582E16DB27AF005F56C5 /* InfoPlist.strings */,
				CA89583116DB27AF005F56C5 /* main.m */,
				CA89583316DB27B0005F56C5 /* VoiceOrgz-Prefix.pch */,
				CA89583716DB27B0005F56C5 /* Default.png */,
				CA89583916DB27B0005F56C5 /* Default@2x.png */,
				CA89583B16DB27B0005F56C5 /* Default-568h@2x.png */,
			);
			name = "Supporting Files";
			sourceTree = "<group>";
		};
		CA89584216DB27DA005F56C5 /* AppDelegate */ = {
			isa = PBXGroup;
			children = (
				CA89583516DB27B0005F56C5 /* AppDelegate.m */,
				CA89583416DB27B0005F56C5 /* AppDelegate.h */,
			);
			name = AppDelegate;
			sourceTree = "<group>";
		};
		CA89584416DB27FB005F56C5 /* DashBoard */ = {
			isa = PBXGroup;
			children = (
				11A641F217AF6851006E967E /* TagNew */,
				11A641EA17AF6132006E967E /* TagEdit */,
				11A641E417AF3B9E006E967E /* FolderNew */,
				1115191717AB771400E15959 /* FolderEdit */,
				CA89584516DB283D005F56C5 /* DashBoardViewController.h */,
				CA89584616DB283D005F56C5 /* DashBoardViewController.m */,
				CA89584716DB283D005F56C5 /* DashBoardViewController.xib */,
				CAA933E816F6AA8300CA51C1 /* FolderCell.xib */,
			);
			name = DashBoard;
			sourceTree = "<group>";
		};
		CAC47BF816F0737500B53809 /* CameraView */ = {
			isa = PBXGroup;
			children = (
				CAC47BF916F0739B00B53809 /* CameraView.h */,
				CAC47BFA16F0739B00B53809 /* CameraView.m */,
				CAC47BFB16F0739B00B53809 /* CameraView.xib */,
				CA186BBD16F1AB3F00100A45 /* CameraCav.h */,
				CA186BBE16F1AB3F00100A45 /* CameraCav.m */,
				1144F17B17A7719900EEAB63 /* CameraViewR.xib */,
			);
			name = CameraView;
			sourceTree = "<group>";
		};
		CAC7E00A171513A300FE707B /* DLPlayer */ = {
			isa = PBXGroup;
			children = (
				11E1DD72174F037600BAC410 /* DLPlayer.h */,
				11E1DD73174F037600BAC410 /* DLPlayer.m */,
			);
			name = DLPlayer;
			sourceTree = "<group>";
		};
/* End PBXGroup section */

/* Begin PBXNativeTarget section */
		CA89582016DB27AF005F56C5 /* VoiceOrgz */ = {
			isa = PBXNativeTarget;
			buildConfigurationList = CA89583F16DB27B0005F56C5 /* Build configuration list for PBXNativeTarget "VoiceOrgz" */;
			buildPhases = (
				CA89581D16DB27AF005F56C5 /* Sources */,
				CA89581E16DB27AF005F56C5 /* Frameworks */,
				CA89581F16DB27AF005F56C5 /* Resources */,
			);
			buildRules = (
			);
			dependencies = (
			);
			name = VoiceOrgz;
			productName = VoiceOrgz1;
			productReference = CA89582116DB27AF005F56C5 /* VoiceOrgz.app */;
			productType = "com.apple.product-type.application";
		};
/* End PBXNativeTarget section */

/* Begin PBXProject section */
		CA89581816DB27AF005F56C5 /* Project object */ = {
			isa = PBXProject;
			attributes = {
				LastUpgradeCheck = 0450;
				ORGANIZATIONNAME = diluntech;
			};
			buildConfigurationList = CA89581B16DB27AF005F56C5 /* Build configuration list for PBXProject "VoiceOrgz" */;
			compatibilityVersion = "Xcode 3.2";
			developmentRegion = English;
			hasScannedForEncodings = 0;
			knownRegions = (
				en,
			);
			mainGroup = CA89581616DB27AF005F56C5;
			productRefGroup = CA89582216DB27AF005F56C5 /* Products */;
			projectDirPath = "";
			projectRoot = "";
			targets = (
				CA89582016DB27AF005F56C5 /* VoiceOrgz */,
			);
		};
/* End PBXProject section */

/* Begin PBXResourcesBuildPhase section */
		CA89581F16DB27AF005F56C5 /* Resources */ = {
			isa = PBXResourcesBuildPhase;
			buildActionMask = 2147483647;
			files = (
				CA89583016DB27AF005F56C5 /* InfoPlist.strings in Resources */,
				CA89583816DB27B0005F56C5 /* Default.png in Resources */,
				CA89583A16DB27B0005F56C5 /* Default@2x.png in Resources */,
				CA89583C16DB27B0005F56C5 /* Default-568h@2x.png in Resources */,
				CA89584916DB283D005F56C5 /* DashBoardViewController.xib in Resources */,
				CA89585016DB2F87005F56C5 /* navigation_bar_background.png in Resources */,
				CA238EF516DC4F9800891120 /* VoiceListViewController.xib in Resources */,
				CA219DDA16DDAD9100639A3F /* camera_btn_background.png in Resources */,
				CA219DDC16DDADBF00639A3F /* camera_btn.png in Resources */,
				CA219DE016DDAF5300639A3F /* recording_btn_background.png in Resources */,
				CA219DE216DDAFB600639A3F /* recording_btn.png in Resources */,
				CA9C551C16DF5F6700F6C6EA /* recording_mark.png in Resources */,
				CAC5084A16E83DDC000E5BCD /* folder_icon.png in Resources */,
				CAC5084B16E83DDC000E5BCD /* recording_icon.png in Resources */,
				CAC5084E16E83E95000E5BCD /* recording_background.png in Resources */,
				CAC5085016E8416B000E5BCD /* folder_background.png in Resources */,
				CAC5085416E86238000E5BCD /* white_arrow.png in Resources */,
				CAC5085816E8707A000E5BCD /* clip_background.png in Resources */,
				CAC5085A16E87339000E5BCD /* red_light.png in Resources */,
				CAC5085C16E87418000E5BCD /* arrow_with_circle.png in Resources */,
				CAE0594E16ED6E9D00F34605 /* pause_btn_background.png in Resources */,
				CAE0594F16ED6E9D00F34605 /* pause_btn.png in Resources */,
				CAE0595016ED6E9D00F34605 /* stop_btn_background.png in Resources */,
				CAE0595116ED6E9D00F34605 /* stop_btn.png in Resources */,
				CAE0596F16EDCDEC00F34605 /* sound_icon.png in Resources */,
				CAE0597216EDD01400F34605 /* progressbar_graybar.png in Resources */,
				CAE0597416EDD11E00F34605 /* progressbar_btn.png in Resources */,
				CAE0597616EDD1A800F34605 /* progressbar_bluebar.png in Resources */,
				CA49A41F16EECB8A00EE423C /* VoiceMainView.xib in Resources */,
				CA49A42716EF0ACF00EE423C /* pause_btn_background2.png in Resources */,
				CA49A42D16EF246200EE423C /* toolset_background.png in Resources */,
				CAC47BD616F018B600B53809 /* plus_btn.png in Resources */,
				CAC47BEF16F0594400B53809 /* camera_settings_btnbckgd.png in Resources */,
				CAC47BF016F0594400B53809 /* green_light.png in Resources */,
				CAC47BF116F0594400B53809 /* list_btn.png in Resources */,
				CAC47BF316F0594400B53809 /* picture_cirle_counter.png in Resources */,
				CAC47BF416F0594400B53809 /* settings_icon.png in Resources */,
				CAC47BFD16F0739B00B53809 /* CameraView.xib in Resources */,
				CAA933E616F6A9D300CA51C1 /* voice_main_ctl_background.png in Resources */,
				CAA933E916F6AA8300CA51C1 /* FolderCell.xib in Resources */,
				CAA933EF16F6BBAA00CA51C1 /* VoiceCell.xib in Resources */,
				CAA933F116F6D66300CA51C1 /* clip_sepector.png in Resources */,
				CAA933F316F6D7F700CA51C1 /* PreviewCell.xib in Resources */,
				CAA933F516F6E6CE00CA51C1 /* thumbnail_linearbckgd.png in Resources */,
				CAA933F916F6EC3C00CA51C1 /* thumbnail_background.png in Resources */,
				CAA933FB16F6EC9800CA51C1 /* thumbnail_bckgd.png in Resources */,
				CAA933FD16F703C300CA51C1 /* yellow_light.png in Resources */,
				CAA5CB5116F992BF0014B713 /* blueplayer.png in Resources */,
				CA650FF916FFF66800E7CAA0 /* SideshowView.xib in Resources */,
				CA2D4F3517125D7E00AB93CC /* playlist_roundicon.png in Resources */,
				CA2D4F3817126AC500AB93CC /* whitearrow_bckg_icon.png in Resources */,
				CA2D4F3917126AC500AB93CC /* whitearrow_icon.png in Resources */,
				CA2D4F441713C94700AB93CC /* audioplaylist_icon.png in Resources */,
				CA2D4F4A1713CB5800AB93CC /* dashboard_gray_bckgd.png in Resources */,
				CA2D4F501713CDED00AB93CC /* dark_bckgd.png in Resources */,
				CA2D4F521714052400AB93CC /* loupe_icon.png in Resources */,
				CA82AB56171BDF6D00AA6499 /* TrimViewConroller.xib in Resources */,
				CA794FC8171D2C8600604992 /* cancel_btn_bckgd.png in Resources */,
				CA794FC9171D2C8600604992 /* cancel_btn.png in Resources */,
				CA794FCB171D2C9F00604992 /* bckgd.png in Resources */,
				CA794FCD171D2D1000604992 /* green_play_btn.png in Resources */,
				CA794FCF171D2D8300604992 /* play_btn_bckgd.png in Resources */,
				CA794FD2171D2DD300604992 /* Trim_btn_bckgd.png in Resources */,
				CA794FD3171D2DD300604992 /* Trim_orange_btn.png in Resources */,
				CA794FD5171D2E2200604992 /* Trim.png in Resources */,
				CAB642E6171E4BC600FDEA76 /* spectrum_bckgd.png in Resources */,
				11673B25173C9A3000A65BA5 /* slideshow_bckgd.png in Resources */,
				11673B27173CD76B00A65BA5 /* audio_on_icon.png in Resources */,
				11673B29173CD7E700A65BA5 /* delete_icon.png in Resources */,
				11673B2B173CE0A500A65BA5 /* thumb_bckgd.png in Resources */,
				1150E1451741DD6F0096A12D /* trim_drag_right.png in Resources */,
				1150E1471741E44F0096A12D /* trim_drag_left.png in Resources */,
				11D699631745E26400CE7F8D /* tag_icon.png in Resources */,
				11D699701745F05200CE7F8D /* ligne.png in Resources */,
				11D699721745F0F900CE7F8D /* tag_bckgd.png in Resources */,
				11D69978174611F100CE7F8D /* edit_btn.png in Resources */,
				11E297D8174616FD00F536BD /* arrow_icon.png in Resources */,
				11F07D8F174B0B8300A6E50A /* clean_icon.png in Resources */,
				11F07D91174B0C9900A6E50A /* tag_edit_bckgd.png in Resources */,
				11B186D1175346BB0009613C /* tag_cell_bckgd.png in Resources */,
				11B186DB17534C390009613C /* tag_box.png in Resources */,
				11B186DD17534EE50009613C /* number_bckgd.png in Resources */,
				11C4E935175DB04F002EB4DE /* dashboard_cell_bckgd.png in Resources */,
				11C4E942175DDC26002EB4DE /* add_tag.png in Resources */,
				112F83831794E1E000E8B79F /* stop_slideshow_btn.png in Resources */,
				112F83851794E21600E8B79F /* pause_slideshow_btn.png in Resources */,
				112F83871794E3C400E8B79F /* thumbnail_bckgd_large.png in Resources */,
				112F83891794E47300E8B79F /* delete_btn.png in Resources */,
				112F838C1794E4D900E8B79F /* move_btn.png in Resources */,
				112F838D1794E4D900E8B79F /* share_btn.png in Resources */,
				11240D8D179640D2005A9483 /* nav_bar.png in Resources */,
				11F42BC21797C17600B73985 /* trash_icon.png in Resources */,
				11042766179E1CFD004801D5 /* add_picture_btn.png in Resources */,
				1104276C179E239C004801D5 /* AddPicView.xib in Resources */,
				1144F17C17A7719A00EEAB63 /* CameraViewR.xib in Resources */,
				1144F17E17A773AC00EEAB63 /* AddPicViewR.xib in Resources */,
				1131999017AA42E1006C39E9 /* MoveView.xib in Resources */,
				1131999217AA52AA006C39E9 /* FolderListCell.xib in Resources */,
				1115191C17AB773E00E15959 /* FolderEditView.xib in Resources */,
				1115191E17AB79DC00E15959 /* FolderEditCell.xib in Resources */,
				11A641E917AF3BCB006E967E /* FolderNew.xib in Resources */,
				11A641EF17AF6148006E967E /* TagView.xib in Resources */,
				11A641F117AF6218006E967E /* TagCell.xib in Resources */,
				11A641F717AF6AD9006E967E /* TagNew.xib in Resources */,
				11A641FD17AF6F32006E967E /* VoiceTag.xib in Resources */,
				11A641FF17AF6F78006E967E /* TagListCell.xib in Resources */,
				11C943AA17B0D10E005CE810 /* TagLabel.xib in Resources */,
				11C943AD17B0E944005CE810 /* pause_recording_txt.png in Resources */,
				1121C2D817B1EBDD0061B77D /* play_slideshow_btn.png in Resources */,
				110F0F9017D579500062CF78 /* RenameView.xib in Resources */,
			);
			runOnlyForDeploymentPostprocessing = 0;
		};
/* End PBXResourcesBuildPhase section */

/* Begin PBXSourcesBuildPhase section */
		CA89581D16DB27AF005F56C5 /* Sources */ = {
			isa = PBXSourcesBuildPhase;
			buildActionMask = 2147483647;
			files = (
				CA89583216DB27AF005F56C5 /* main.m in Sources */,
				CA89583616DB27B0005F56C5 /* AppDelegate.m in Sources */,
				CA89584816DB283D005F56C5 /* DashBoardViewController.m in Sources */,
				CA238EF416DC4F9800891120 /* VoiceListViewController.m in Sources */,
				CA219DE616DDD6DE00639A3F /* VoiceInfo.m in Sources */,
				CA219DF216DDDD0600639A3F /* DirInfo.m in Sources */,
				CA219DF916DDF3BE00639A3F /* SharedObj.m in Sources */,
				CA49A41E16EECB8A00EE423C /* VoiceMainView.m in Sources */,
				CAC47BFC16F0739B00B53809 /* CameraView.m in Sources */,
				CA186BBF16F1AB3F00100A45 /* CameraCav.m in Sources */,
				CA650FF816FFF66800E7CAA0 /* SideshowView.m in Sources */,
				CA2D4F591714100600AB93CC /* DLRecorder.m in Sources */,
				CA2D4F611714124300AB93CC /* GlobalObj.m in Sources */,
				CA82AB55171BDF6D00AA6499 /* TrimViewConroller.m in Sources */,
				11E1DD74174F037600BAC410 /* DLPlayer.m in Sources */,
				1104276B179E239C004801D5 /* AddPicView.m in Sources */,
				1131998F17AA42E1006C39E9 /* MoveView.m in Sources */,
				1115191B17AB773E00E15959 /* FolderEditView.m in Sources */,
				11A641E817AF3BCB006E967E /* FolderNew.m in Sources */,
				11A641EE17AF6148006E967E /* TagView.m in Sources */,
				11A641F617AF6AD9006E967E /* TagNew.m in Sources */,
				11A641FC17AF6F32006E967E /* VoiceTag.m in Sources */,
				110081D117B3393B0050E7DF /* TagEditCell.m in Sources */,
				110F0F8F17D579500062CF78 /* RenameView.m in Sources */,
			);
			runOnlyForDeploymentPostprocessing = 0;
		};
/* End PBXSourcesBuildPhase section */

/* Begin PBXVariantGroup section */
		CA89582E16DB27AF005F56C5 /* InfoPlist.strings */ = {
			isa = PBXVariantGroup;
			children = (
				CA89582F16DB27AF005F56C5 /* en */,
			);
			name = InfoPlist.strings;
			sourceTree = "<group>";
		};
/* End PBXVariantGroup section */

/* Begin XCBuildConfiguration section */
		CA89583D16DB27B0005F56C5 /* Debug */ = {
			isa = XCBuildConfiguration;
			buildSettings = {
				ALWAYS_SEARCH_USER_PATHS = NO;
				CLANG_CXX_LANGUAGE_STANDARD = "gnu++0x";
				CLANG_CXX_LIBRARY = "libc++";
				CLANG_ENABLE_OBJC_ARC = YES;
				CLANG_WARN_EMPTY_BODY = YES;
				CLANG_WARN__DUPLICATE_METHOD_MATCH = YES;
				"CODE_SIGN_IDENTITY[sdk=iphoneos*]" = "iPhone Developer";
				COPY_PHASE_STRIP = NO;
				GCC_C_LANGUAGE_STANDARD = gnu99;
				GCC_DYNAMIC_NO_PIC = NO;
				GCC_OPTIMIZATION_LEVEL = 0;
				GCC_PREPROCESSOR_DEFINITIONS = (
					"DEBUG=1",
					"$(inherited)",
				);
				GCC_SYMBOLS_PRIVATE_EXTERN = NO;
				GCC_WARN_ABOUT_RETURN_TYPE = YES;
				GCC_WARN_UNINITIALIZED_AUTOS = YES;
				GCC_WARN_UNUSED_VARIABLE = YES;
				IPHONEOS_DEPLOYMENT_TARGET = 6.0;
				ONLY_ACTIVE_ARCH = YES;
				SDKROOT = iphoneos;
			};
			name = Debug;
		};
		CA89583E16DB27B0005F56C5 /* Release */ = {
			isa = XCBuildConfiguration;
			buildSettings = {
				ALWAYS_SEARCH_USER_PATHS = NO;
				CLANG_CXX_LANGUAGE_STANDARD = "gnu++0x";
				CLANG_CXX_LIBRARY = "libc++";
				CLANG_ENABLE_OBJC_ARC = YES;
				CLANG_WARN_EMPTY_BODY = YES;
				CLANG_WARN__DUPLICATE_METHOD_MATCH = YES;
				"CODE_SIGN_IDENTITY[sdk=iphoneos*]" = "iPhone Developer";
				COPY_PHASE_STRIP = YES;
				GCC_C_LANGUAGE_STANDARD = gnu99;
				GCC_WARN_ABOUT_RETURN_TYPE = YES;
				GCC_WARN_UNINITIALIZED_AUTOS = YES;
				GCC_WARN_UNUSED_VARIABLE = YES;
				IPHONEOS_DEPLOYMENT_TARGET = 6.0;
				OTHER_CFLAGS = "-DNS_BLOCK_ASSERTIONS=1";
				SDKROOT = iphoneos;
				VALIDATE_PRODUCT = YES;
			};
			name = Release;
		};
		CA89584016DB27B0005F56C5 /* Debug */ = {
			isa = XCBuildConfiguration;
			buildSettings = {
				CLANG_ENABLE_OBJC_ARC = YES;
				CODE_SIGN_IDENTITY = "iPhone Distribution";
				"CODE_SIGN_IDENTITY[sdk=iphoneos*]" = "iPhone Developer";
				GCC_PRECOMPILE_PREFIX_HEADER = YES;
				GCC_PREFIX_HEADER = "VoiceOrgz/VoiceOrgz-Prefix.pch";
				INFOPLIST_FILE = "VoiceOrgz/VoiceOrgz-Info.plist";
				IPHONEOS_DEPLOYMENT_TARGET = 5.1;
				PRODUCT_NAME = VoiceOrgz;
				PROVISIONING_PROFILE = "";
				"PROVISIONING_PROFILE[sdk=iphoneos*]" = "";
				TARGETED_DEVICE_FAMILY = 1;
				WRAPPER_EXTENSION = app;
			};
			name = Debug;
		};
		CA89584116DB27B0005F56C5 /* Release */ = {
			isa = XCBuildConfiguration;
			buildSettings = {
				CLANG_ENABLE_OBJC_ARC = YES;
				CODE_SIGN_IDENTITY = "iPhone Distribution";
				"CODE_SIGN_IDENTITY[sdk=iphoneos*]" = "iPhone Developer";
				GCC_PRECOMPILE_PREFIX_HEADER = YES;
				GCC_PREFIX_HEADER = "VoiceOrgz/VoiceOrgz-Prefix.pch";
				INFOPLIST_FILE = "VoiceOrgz/VoiceOrgz-Info.plist";
				IPHONEOS_DEPLOYMENT_TARGET = 5.1;
				PRODUCT_NAME = VoiceOrgz;
				PROVISIONING_PROFILE = "";
				"PROVISIONING_PROFILE[sdk=iphoneos*]" = "";
				TARGETED_DEVICE_FAMILY = 1;
				WRAPPER_EXTENSION = app;
			};
			name = Release;
		};
/* End XCBuildConfiguration section */

/* Begin XCConfigurationList section */
		CA89581B16DB27AF005F56C5 /* Build configuration list for PBXProject "VoiceOrgz" */ = {
			isa = XCConfigurationList;
			buildConfigurations = (
				CA89583D16DB27B0005F56C5 /* Debug */,
				CA89583E16DB27B0005F56C5 /* Release */,
			);
			defaultConfigurationIsVisible = 0;
			defaultConfigurationName = Release;
		};
		CA89583F16DB27B0005F56C5 /* Build configuration list for PBXNativeTarget "VoiceOrgz" */ = {
			isa = XCConfigurationList;
			buildConfigurations = (
				CA89584016DB27B0005F56C5 /* Debug */,
				CA89584116DB27B0005F56C5 /* Release */,
			);
			defaultConfigurationIsVisible = 0;
			defaultConfigurationName = Release;
		};
/* End XCConfigurationList section */
	};
	rootObject = CA89581816DB27AF005F56C5 /* Project object */;
}
